// !$*UTF8*$!
{
	archiveVersion = 1;
	classes = {
	};
	objectVersion = 46;
	objects = {

/* Begin PBXBuildFile section */
		89DEA0F08A40F212B61505A8 /* libz.tbd in Frameworks */ = {isa = PBXBuildFile; fileRef = A04026F2B169C88AA0CDA1D3 /* libz.tbd */; };
		B934BC99DF9A9FBAC742DD6B /* libsqlite3.tbd in Frameworks */ = {isa = PBXBuildFile; fileRef = 3D3EE3A413778C23AA5467D4 /* libsqlite3.tbd */; };
		7C297A5C95273A72B310262B /* CoreServices.framework in Frameworks */ = {isa = PBXBuildFile; fileRef = CA9EE9B1931E7D82460D269E /* CoreServices.framework */; };
		C7ABA4FB01B07025B9931A56 /* libapp_simple_drawing.a in Frameworks */ = {isa = PBXBuildFile; fileRef = 330DE2F934EC0515522206CF /* libapp_simple_drawing.a */; };
		2F905B0AD10480DAD8BC6C7C /* ImageIO.framework in Frameworks */ = {isa = PBXBuildFile; fileRef = 67C4261632AB5BA6B0566D03 /* ImageIO.framework */; };
		E09501FFF63294E245CAC49D /* Foundation.framework in Frameworks */ = {isa = PBXBuildFile; fileRef = 0D8520A830CD3DA7E177BD82 /* Foundation.framework */; };
		A13F3A3E4CB90536FF985E0D /* InfoPlist.strings in Resources */ = {isa = PBXBuildFile; fileRef = 38D9FBE2AABA33EC2C2DAAD7 /* InfoPlist.strings */; };
		597C13BED1D46784943D4C53 /* Images.xcassets in Resources */ = {isa = PBXBuildFile; fileRef = AFF53ECE806AD3C490BFD15B /* Images.xcassets */; };
		2EF36863535D59CFCC55F2BB /* main.cpp in Sources */ = {isa = PBXBuildFile; fileRef = CC887B0DFA0126DE31D0455F /* main.cpp */; };
		6A64EB7A1257BE06A49148C6 /* libios_aura.a in Frameworks */ = {isa = PBXBuildFile; fileRef = 6FBC33087FAAB7999D38741F /* libios_aura.a */; };
		CBB415FF18D1CE365EE1C381 /* libios_coreimage_imaging.a in Frameworks */ = {isa = PBXBuildFile; fileRef = 3BA61B5C13C8A5B596140DDA /* libios_coreimage_imaging.a */; };
		92DB897361D93313C6037CDE /* libios_draw2d_quartz2d.a in Frameworks */ = {isa = PBXBuildFile; fileRef = C368B5A2679526A4C94B81DF /* libios_draw2d_quartz2d.a */; };
		14BDFBF56F35C799664E8A7B /* libios_idn.a in Frameworks */ = {isa = PBXBuildFile; fileRef = 3E6C0F21B69A5DFDB73AB4F4 /* libios_idn.a */; };
		61FFCAEB3A7B0091D7E6F7D0 /* libios_pcre.a in Frameworks */ = {isa = PBXBuildFile; fileRef = 16E91FCA935139191D6985CC /* libios_pcre.a */; };
		8F993332C0C8CE011CAC6629 /* libios_experience_lite.a in Frameworks */ = {isa = PBXBuildFile; fileRef = B7894AC270FFEAD737B84673 /* libios_experience_lite.a */; };
		03894AF902C69920A382F867 /* libcrypto.a in Frameworks */ = {isa = PBXBuildFile; fileRef = C2E179A43EB4788B638BFD29 /* libcrypto.a */; };
		419963F920EDA43445CB97C3 /* libssl.a in Frameworks */ = {isa = PBXBuildFile; fileRef = 922943EFEEB95061CB7B94DD /* libssl.a */; };
		1C8A4FA85FAB34501FB17112 /* libbz2.tbd in Frameworks */ = {isa = PBXBuildFile; fileRef = E0C38184AC1207400D5A2A9C /* libbz2.tbd */; };
		91C3F94B0628AAF4A4985625 /* libiconv.tbd in Frameworks */ = {isa = PBXBuildFile; fileRef = 609994A98A22F12FE1FAA64D /* libiconv.tbd */; };
		7D540E205AE84A33EC3711F1 /* CoreFoundation.framework in Frameworks */ = {isa = PBXBuildFile; fileRef = 3B1BD3CF4C75599A60D3826B /* CoreFoundation.framework */; };
		0A95C1DDB3AA926C3C22C9FD /* UIKit.framework in Frameworks */ = {isa = PBXBuildFile; fileRef = 37EAD3224B109607ECEA99E0 /* UIKit.framework */; };
		DAA095A5521F479DAD60CF54 /* CoreGraphics.framework in Frameworks */ = {isa = PBXBuildFile; fileRef = DE0DEB46EE68B8FAEFC05CB0 /* CoreGraphics.framework */; };
		5071030D4B7BA99CD2B054C6 /* CoreText.framework in Frameworks */ = {isa = PBXBuildFile; fileRef = 6EA0BD7AB593DB8C7EF66D0C /* CoreText.framework */; };
/* End PBXBuildFile section */

/* Begin PBXContainerItemProxy section */
		D0437F485DEC0AF77EE3A07B /* PBXContainerItemProxy */ = {
			isa = PBXContainerItemProxy;
			containerPortal = 65C65E9EE83634E2519163F0 /* Project object */;
			proxyType = 1;
			remoteGlobalIDString = 27843525A55CC272C76FC53B;
			remoteInfo = wiossimple_drawing_simple_drawing;
		};
		E0DCEE8DF2DB97E5CD37719B /* PBXContainerItemProxy */ = {
			isa = PBXContainerItemProxy;
			containerPortal = 1959328C2F30BCB19D837A96 /* aura.xcodeproj */;
			proxyType = 2;
			remoteGlobalIDString = E4417B3C048CFEB95EEAB513;
			remoteInfo = aura;
		};
		F6AB050175F99095D8291E15 /* PBXContainerItemProxy */ = {
			isa = PBXContainerItemProxy;
			containerPortal = 1959328C2F30BCB19D837A96 /* aura.xcodeproj */;
			proxyType = 2;
			remoteGlobalIDString = 077A080B1B4D7403001C85FF;
			remoteInfo = ios_aura;
		};
		CBBF7430E4F50C02D58A3CC9 /* PBXContainerItemProxy */ = {
			isa = PBXContainerItemProxy;
			containerPortal = 1959328C2F30BCB19D837A96 /* aura.xcodeproj */;
			proxyType = 2;
			remoteGlobalIDString = 430A724391C0109CE61F368C;
			remoteInfo = aura_iosTests;
		};
		24E07FF6A60D7079D6739423 /* PBXContainerItemProxy */ = {
			isa = PBXContainerItemProxy;
			containerPortal = F515891A71EAEA9306D06983 /* coreimage_imaging.xcodeproj */;
			proxyType = 2;
			remoteGlobalIDString = 9A574B9816AAB906000CC4EF;
			remoteInfo = coreimage_imaging;
		};
		5E245B18E9F165EF37D32A61 /* PBXContainerItemProxy */ = {
			isa = PBXContainerItemProxy;
			containerPortal = F515891A71EAEA9306D06983 /* coreimage_imaging.xcodeproj */;
			proxyType = 2;
			remoteGlobalIDString = 07B65764190F3CA2002DAADE;
			remoteInfo = ios_coreimage_imaging;
		};
		FFA0B4624A2EC8D3143290B1 /* PBXContainerItemProxy */ = {
			isa = PBXContainerItemProxy;
			containerPortal = F515891A71EAEA9306D06983 /* coreimage_imaging.xcodeproj */;
			proxyType = 2;
			remoteGlobalIDString = 07B65773190F3CA2002DAADE;
			remoteInfo = math_iosTests;
		};
		F4C4571BD71ECCCA9F9DCB34 /* PBXContainerItemProxy */ = {
			isa = PBXContainerItemProxy;
			containerPortal = 55B149B2F0DE39B998C60070 /* draw2d_quartz2d.xcodeproj */;
			proxyType = 2;
			remoteGlobalIDString = A1CFD778154F5EAA007447E2;
			remoteInfo = draw2d_quartz2d;
		};
		BB9B2EFB36B18EDFDEA4588B /* PBXContainerItemProxy */ = {
			isa = PBXContainerItemProxy;
			containerPortal = 55B149B2F0DE39B998C60070 /* draw2d_quartz2d.xcodeproj */;
			proxyType = 2;
			remoteGlobalIDString = 07E25F501B4FFC2100752DE1;
			remoteInfo = ios_draw2d_quartz2d;
		};
		82F4BA72DEFFA155B1E8B553 /* PBXContainerItemProxy */ = {
			isa = PBXContainerItemProxy;
			containerPortal = 55B149B2F0DE39B998C60070 /* draw2d_quartz2d.xcodeproj */;
			proxyType = 2;
			remoteGlobalIDString = 9AE24E151904CF99001AEFFB;
			remoteInfo = draw2d_quartz2d_iosTests;
		};
		E980FAFE411E432EC7196F6C /* PBXContainerItemProxy */ = {
			isa = PBXContainerItemProxy;
			containerPortal = 1959328C2F30BCB19D837A96 /* aura.xcodeproj */;
			proxyType = 1;
			remoteGlobalIDString = F280D3C1BCBF46CE8A770C4B;
			remoteInfo = ios_aura;
		};
		2EA585826C6BCFF0FC788FE3 /* PBXContainerItemProxy */ = {
			isa = PBXContainerItemProxy;
			containerPortal = F515891A71EAEA9306D06983 /* coreimage_imaging.xcodeproj */;
			proxyType = 1;
			remoteGlobalIDString = 07B65763190F3CA2002DAADE;
			remoteInfo = ios_coreimage_imaging;
		};
		10351540B40D8FD8198B4702 /* PBXContainerItemProxy */ = {
			isa = PBXContainerItemProxy;
			containerPortal = B1EA76CF2D7E8460EB6F236E /* app_simple_drawing.xcodeproj */;
			proxyType = 2;
			remoteGlobalIDString = 9AEB75A316F78DF10085103B;
			remoteInfo = app_simple_application;
		};
		98D45FD7A90D835E922D8BA9 /* PBXContainerItemProxy */ = {
			isa = PBXContainerItemProxy;
			containerPortal = B1EA76CF2D7E8460EB6F236E /* app_simple_drawing.xcodeproj */;
			proxyType = 2;
			remoteGlobalIDString = 9AE24E8A1904CFFD001AEFFB;
			remoteInfo = ios_app_simple_application;
		};
		8AB03BDB8EF929A0956F2256 /* PBXContainerItemProxy */ = {
			isa = PBXContainerItemProxy;
			containerPortal = B1EA76CF2D7E8460EB6F236E /* app_simple_drawing.xcodeproj */;
			proxyType = 2;
			remoteGlobalIDString = 9AE24E991904CFFD001AEFFB;
			remoteInfo = app_core_hellomultiverse_iosTests;
		};
		C0A88D50A3FE7C35A1182038 /* PBXContainerItemProxy */ = {
			isa = PBXContainerItemProxy;
			containerPortal = B1EA76CF2D7E8460EB6F236E /* app_simple_drawing.xcodeproj */;
			proxyType = 1;
			remoteGlobalIDString = 9AE24E891904CFFD001AEFFB;
			remoteInfo = ios_app_simple_drawing;
		};
		C639A5F9816C10B6C2EF08DE /* PBXContainerItemProxy */ = {
			isa = PBXContainerItemProxy;
			containerPortal = F765C3D8B34F4C64411B3E01 /* idn.xcodeproj */;
			proxyType = 2;
			remoteGlobalIDString = 9AA5E6D616F7C61B005C45CE;
			remoteInfo = idn;
		};
		48A65C522BF860FBACB933E7 /* PBXContainerItemProxy */ = {
			isa = PBXContainerItemProxy;
			containerPortal = F765C3D8B34F4C64411B3E01 /* idn.xcodeproj */;
			proxyType = 2;
			remoteGlobalIDString = 077A00AB1B4D4F9E001C85FF;
			remoteInfo = ios_idn;
		};
		F4797BD680A2481D99CDE7A6 /* PBXContainerItemProxy */ = {
			isa = PBXContainerItemProxy;
			containerPortal = 628BE861DEA84CB8999085CE /* pcre.xcodeproj */;
			proxyType = 2;
			remoteGlobalIDString = 9AA539B119B763C400B9F861;
			remoteInfo = pcre;
		};
		A1EC617637B50C9FD4AD7D5F /* PBXContainerItemProxy */ = {
			isa = PBXContainerItemProxy;
			containerPortal = 628BE861DEA84CB8999085CE /* pcre.xcodeproj */;
			proxyType = 2;
			remoteGlobalIDString = 07D6A8471B4CBB45004FEBC2;
			remoteInfo = ios_pcre;
		};
		693EF0903D0087CD9EAAE750 /* PBXContainerItemProxy */ = {
			isa = PBXContainerItemProxy;
			containerPortal = F765C3D8B34F4C64411B3E01 /* idn.xcodeproj */;
			proxyType = 1;
			remoteGlobalIDString = 077A00881B4D4F9E001C85FF;
			remoteInfo = ios_idn;
		};
		01BEFF790EFC869D7916CFE9 /* PBXContainerItemProxy */ = {
			isa = PBXContainerItemProxy;
			containerPortal = 628BE861DEA84CB8999085CE /* pcre.xcodeproj */;
			proxyType = 1;
			remoteGlobalIDString = 07D6A8271B4CBB45004FEBC2;
			remoteInfo = ios_pcre;
		};
		E4CA1C2FE2482E024DA1D44F /* PBXContainerItemProxy */ = {
			isa = PBXContainerItemProxy;
			containerPortal = 55B149B2F0DE39B998C60070 /* draw2d_quartz2d.xcodeproj */;
			proxyType = 1;
			remoteGlobalIDString = 07E25F291B4FFC2100752DE1;
			remoteInfo = ios_draw2d_quartz2d;
		};
		5081007ADD21F03314939897 /* PBXContainerItemProxy */ = {
			isa = PBXContainerItemProxy;
			containerPortal = 08CABC2CFF010699524A0801 /* experience_lite.xcodeproj */;
			proxyType = 2;
			remoteGlobalIDString = 69F500518D132226A7CE12CD;
			remoteInfo = experience_lite;
		};
		7BCF0953DB7E8DC5063D8216 /* PBXContainerItemProxy */ = {
			isa = PBXContainerItemProxy;
			containerPortal = 08CABC2CFF010699524A0801 /* experience_lite.xcodeproj */;
			proxyType = 2;
			remoteGlobalIDString = B5A40671F0BBA826C01C968C;
			remoteInfo = ios_experience_lite;
		};
		DFD210BC689F11EA3D684A5F /* PBXContainerItemProxy */ = {
			isa = PBXContainerItemProxy;
			containerPortal = 08CABC2CFF010699524A0801 /* experience_lite.xcodeproj */;
			proxyType = 2;
			remoteGlobalIDString = 7BCC551A0CC6D1403B8C1C6E;
			remoteInfo = experience_lite_iosTests;
		};
		443420A0153D730B8FD87975 /* PBXContainerItemProxy */ = {
			isa = PBXContainerItemProxy;
			containerPortal = 08CABC2CFF010699524A0801 /* experience_lite.xcodeproj */;
			proxyType = 1;
			remoteGlobalIDString = 6373DFE5D67439EECA4B9AA6;
			remoteInfo = ios_experience_lite;
		};
/* End PBXContainerItemProxy section */

/* Begin PBXCopyFilesBuildPhase section */
		579A567363C765121ECA18C6 /* CopyFiles */ = {
			isa = PBXCopyFilesBuildPhase;
			buildActionMask = 2147483647;
			dstPath = "";
			dstSubfolderSpec = 10;
			files = (
			);
			runOnlyForDeploymentPostprocessing = 0;
		};
/* End PBXCopyFilesBuildPhase section */

/* Begin PBXFileReference section */
		37EAD3224B109607ECEA99E0 /* UIKit.framework */ = {isa = PBXFileReference; lastKnownFileType = wrapper.framework; name = UIKit.framework; path = System/Library/Frameworks/UIKit.framework; sourceTree = SDKROOT; };
		FCD24B81B0E559158E51CAC9 /* simple_drawing.app */ = {isa = PBXFileReference; explicitFileType = wrapper.application; includeInIndex = 0; path = simple_drawing.app; sourceTree = BUILT_PRODUCTS_DIR; };
		C0A7F630ABD0CAC2933B549F /* ios_simple_drawing_simple_drawingTests.xctest */ = {isa = PBXFileReference; explicitFileType = wrapper.cfbundle; includeInIndex = 0; path = ios_simple_drawing_simple_drawingTests.xctest; sourceTree = BUILT_PRODUCTS_DIR; };
		3B1BD3CF4C75599A60D3826B /* CoreFoundation.framework */ = {isa = PBXFileReference; lastKnownFileType = wrapper.framework; name = CoreFoundation.framework; path = System/Library/Frameworks/CoreFoundation.framework; sourceTree = SDKROOT; };
		54D57EA336F3F193FCC96CAC /* libapp_simple_application.a */ = {isa = PBXFileReference; explicitFileType = archive.ar; path = libapp_simple_application.a; sourceTree = BUILT_PRODUCTS_DIR; };
		CF1241180C881B4A272FD369 /* libios_aura.a */ = {isa = PBXFileReference; explicitFileType = "compiled.mach-o.dylib"; path = libios_aura.a; sourceTree = BUILT_PRODUCTS_DIR; };
		C70A9F045C73A831D0200958 /* libios_idn.a */ = {isa = PBXFileReference; explicitFileType = "compiled.mach-o.dylib"; path = libios_idn.a; sourceTree = BUILT_PRODUCTS_DIR; };
		45606754407A535D976ED61E /* libios_pcre.a */ = {isa = PBXFileReference; explicitFileType = "compiled.mach-o.dylib"; path = libios_pcre.a; sourceTree = BUILT_PRODUCTS_DIR; };
		CA9EE9B1931E7D82460D269E /* CoreServices.framework */ = {isa = PBXFileReference; lastKnownFileType = wrapper.framework; name = CoreServices.framework; path = System/Library/Frameworks/CoreServices.framework; sourceTree = SDKROOT; };
		1959328C2F30BCB19D837A96 /* aura.xcodeproj */ = {isa = PBXFileReference; lastKnownFileType = "wrapper.pb-project"; name = aura.xcodeproj; path = ../../app/aura/aura.xcodeproj; sourceTree = SOURCE_ROOT; };
		F515891A71EAEA9306D06983 /* coreimage_imaging.xcodeproj */ = {isa = PBXFileReference; lastKnownFileType = "wrapper.pb-project"; name = coreimage_imaging.xcodeproj; path = ../../app/coreimage_imaging/coreimage_imaging.xcodeproj; sourceTree = SOURCE_ROOT; };
		55B149B2F0DE39B998C60070 /* draw2d_quartz2d.xcodeproj */ = {isa = PBXFileReference; lastKnownFileType = "wrapper.pb-project"; name = draw2d_quartz2d.xcodeproj; path = ../../app/draw2d_quartz2d/draw2d_quartz2d.xcodeproj; sourceTree = SOURCE_ROOT; };
		8471A1E02771468A74F1DB7F /* build-openssl-1.1.0f.log */ = {isa = PBXFileReference; lastKnownFileType = text; path = "build-openssl-1.1.0f.log"; sourceTree = "<group>"; };
		76B8556DC32FA9AE6D6FDC5A /* build-openssl-1.1.0g.log */ = {isa = PBXFileReference; lastKnownFileType = text; path = "build-openssl-1.1.0g.log"; sourceTree = "<group>"; };
		1A5812BCB71A9BFF8D0323B4 /* aes.h */ = {isa = PBXFileReference; lastKnownFileType = sourcecode.c.h; path = aes.h; sourceTree = "<group>"; };
		1EBFAE5DE08FE275B1433B94 /* asn1.h */ = {isa = PBXFileReference; lastKnownFileType = sourcecode.c.h; path = asn1.h; sourceTree = "<group>"; };
		793D87216EE8CB28525B2BC8 /* asn1_mac.h */ = {isa = PBXFileReference; lastKnownFileType = sourcecode.c.h; path = asn1_mac.h; sourceTree = "<group>"; };
		F727DFC82D75471448921BA6 /* asn1t.h */ = {isa = PBXFileReference; lastKnownFileType = sourcecode.c.h; path = asn1t.h; sourceTree = "<group>"; };
		32AA20B2FC9D2C5F44EAA729 /* async.h */ = {isa = PBXFileReference; lastKnownFileType = sourcecode.c.h; path = async.h; sourceTree = "<group>"; };
		2D04EAF50C2A65EA5CEE1AE2 /* bio.h */ = {isa = PBXFileReference; lastKnownFileType = sourcecode.c.h; path = bio.h; sourceTree = "<group>"; };
		E51CB410753E91D08B2DA0E6 /* blowfish.h */ = {isa = PBXFileReference; lastKnownFileType = sourcecode.c.h; path = blowfish.h; sourceTree = "<group>"; };
		C4D18A82A369C23947467777 /* bn.h */ = {isa = PBXFileReference; lastKnownFileType = sourcecode.c.h; path = bn.h; sourceTree = "<group>"; };
		B2A214B1B9E86667B5C1DF44 /* buffer.h */ = {isa = PBXFileReference; lastKnownFileType = sourcecode.c.h; path = buffer.h; sourceTree = "<group>"; };
		60F27400775E4215B1F95FFC /* camellia.h */ = {isa = PBXFileReference; lastKnownFileType = sourcecode.c.h; path = camellia.h; sourceTree = "<group>"; };
		BC70552BCE1993C48155438E /* cast.h */ = {isa = PBXFileReference; lastKnownFileType = sourcecode.c.h; path = cast.h; sourceTree = "<group>"; };
		B43CA4F0D3A949328088D814 /* cmac.h */ = {isa = PBXFileReference; lastKnownFileType = sourcecode.c.h; path = cmac.h; sourceTree = "<group>"; };
		AAAB0934D64EBBC307C1B412 /* cms.h */ = {isa = PBXFileReference; lastKnownFileType = sourcecode.c.h; path = cms.h; sourceTree = "<group>"; };
		80910B8B3F59928F0A71267A /* comp.h */ = {isa = PBXFileReference; lastKnownFileType = sourcecode.c.h; path = comp.h; sourceTree = "<group>"; };
		5C98888D6E74625FA480B732 /* conf.h */ = {isa = PBXFileReference; lastKnownFileType = sourcecode.c.h; path = conf.h; sourceTree = "<group>"; };
		4BB3BDA8A89827D7560F781C /* conf_api.h */ = {isa = PBXFileReference; lastKnownFileType = sourcecode.c.h; path = conf_api.h; sourceTree = "<group>"; };
		CC6071B4C78ABF1302617E4C /* crypto.h */ = {isa = PBXFileReference; lastKnownFileType = sourcecode.c.h; path = crypto.h; sourceTree = "<group>"; };
		C6D980BFA046E95063C5B258 /* ct.h */ = {isa = PBXFileReference; lastKnownFileType = sourcecode.c.h; path = ct.h; sourceTree = "<group>"; };
		AB105EF19E10CAF89AE14839 /* des.h */ = {isa = PBXFileReference; lastKnownFileType = sourcecode.c.h; path = des.h; sourceTree = "<group>"; };
		A3C02FED791EA07B59EF65AD /* dh.h */ = {isa = PBXFileReference; lastKnownFileType = sourcecode.c.h; path = dh.h; sourceTree = "<group>"; };
		CCC82256633F7FDAA8F66A32 /* dsa.h */ = {isa = PBXFileReference; lastKnownFileType = sourcecode.c.h; path = dsa.h; sourceTree = "<group>"; };
		2C443CF83DBC1BBC1104C646 /* dtls1.h */ = {isa = PBXFileReference; lastKnownFileType = sourcecode.c.h; path = dtls1.h; sourceTree = "<group>"; };
		5613F91CD51BB84C1FAFB7F4 /* e_os2.h */ = {isa = PBXFileReference; lastKnownFileType = sourcecode.c.h; path = e_os2.h; sourceTree = "<group>"; };
		F4DF95EA6CFC998427DD89CF /* ebcdic.h */ = {isa = PBXFileReference; lastKnownFileType = sourcecode.c.h; path = ebcdic.h; sourceTree = "<group>"; };
		722069F20220B6A1F7EC8EC4 /* ec.h */ = {isa = PBXFileReference; lastKnownFileType = sourcecode.c.h; path = ec.h; sourceTree = "<group>"; };
		3902F3A41554A4F0BD4A8CF4 /* ecdh.h */ = {isa = PBXFileReference; lastKnownFileType = sourcecode.c.h; path = ecdh.h; sourceTree = "<group>"; };
		4A18F7F2F48DEA7E69DBF3CF /* ecdsa.h */ = {isa = PBXFileReference; lastKnownFileType = sourcecode.c.h; path = ecdsa.h; sourceTree = "<group>"; };
		1DE963019DB63C742346A8B2 /* engine.h */ = {isa = PBXFileReference; lastKnownFileType = sourcecode.c.h; path = engine.h; sourceTree = "<group>"; };
		C5011A55AD40CB31977124CC /* err.h */ = {isa = PBXFileReference; lastKnownFileType = sourcecode.c.h; path = err.h; sourceTree = "<group>"; };
		F26F8F67B258CA85C4A101C3 /* evp.h */ = {isa = PBXFileReference; lastKnownFileType = sourcecode.c.h; path = evp.h; sourceTree = "<group>"; };
		193C60F850FBE60C88D80495 /* hmac.h */ = {isa = PBXFileReference; lastKnownFileType = sourcecode.c.h; path = hmac.h; sourceTree = "<group>"; };
		E0956AFA939B76F90B82D3B8 /* idea.h */ = {isa = PBXFileReference; lastKnownFileType = sourcecode.c.h; path = idea.h; sourceTree = "<group>"; };
		2B3DA36AC45B697F471558CA /* kdf.h */ = {isa = PBXFileReference; lastKnownFileType = sourcecode.c.h; path = kdf.h; sourceTree = "<group>"; };
		CF01F655A8432411DC8AB58D /* lhash.h */ = {isa = PBXFileReference; lastKnownFileType = sourcecode.c.h; path = lhash.h; sourceTree = "<group>"; };
		383A49807FCE7867C4B3486D /* md2.h */ = {isa = PBXFileReference; lastKnownFileType = sourcecode.c.h; path = md2.h; sourceTree = "<group>"; };
		4D8F39C3919D1FFEB2319234 /* md4.h */ = {isa = PBXFileReference; lastKnownFileType = sourcecode.c.h; path = md4.h; sourceTree = "<group>"; };
		842529C914A723C89F7391E9 /* md5.h */ = {isa = PBXFileReference; lastKnownFileType = sourcecode.c.h; path = md5.h; sourceTree = "<group>"; };
		10FFA348B7712E147719EC86 /* mdc2.h */ = {isa = PBXFileReference; lastKnownFileType = sourcecode.c.h; path = mdc2.h; sourceTree = "<group>"; };
		DF174A4481A7B6E7C9EF5552 /* modes.h */ = {isa = PBXFileReference; lastKnownFileType = sourcecode.c.h; path = modes.h; sourceTree = "<group>"; };
		BA4D977C99BE3BC48F4AFC53 /* obj_mac.h */ = {isa = PBXFileReference; lastKnownFileType = sourcecode.c.h; path = obj_mac.h; sourceTree = "<group>"; };
		2A4F989629BA0586C87A9830 /* objects.h */ = {isa = PBXFileReference; lastKnownFileType = sourcecode.c.h; path = objects.h; sourceTree = "<group>"; };
		92D7B3C977D31CEE9C4FA900 /* ocsp.h */ = {isa = PBXFileReference; lastKnownFileType = sourcecode.c.h; path = ocsp.h; sourceTree = "<group>"; };
		BD2E33BAE5C7FE3C407494EB /* opensslconf.h */ = {isa = PBXFileReference; lastKnownFileType = sourcecode.c.h; path = opensslconf.h; sourceTree = "<group>"; };
		812CE09BE3C6749C6134E2B6 /* opensslv.h */ = {isa = PBXFileReference; lastKnownFileType = sourcecode.c.h; path = opensslv.h; sourceTree = "<group>"; };
		60F1E0AA5CE66FFF2ADDDA72 /* ossl_typ.h */ = {isa = PBXFileReference; lastKnownFileType = sourcecode.c.h; path = ossl_typ.h; sourceTree = "<group>"; };
		CEDFDA3AE1C4B8C649DDE6AC /* pem.h */ = {isa = PBXFileReference; lastKnownFileType = sourcecode.c.h; path = pem.h; sourceTree = "<group>"; };
		8055EB95D5B8297BF4FBF5D8 /* pem2.h */ = {isa = PBXFileReference; lastKnownFileType = sourcecode.c.h; path = pem2.h; sourceTree = "<group>"; };
		46BE669F578C6C6E5CA6B378 /* pkcs12.h */ = {isa = PBXFileReference; lastKnownFileType = sourcecode.c.h; path = pkcs12.h; sourceTree = "<group>"; };
		E057DD6A56E99566972F450F /* pkcs7.h */ = {isa = PBXFileReference; lastKnownFileType = sourcecode.c.h; path = pkcs7.h; sourceTree = "<group>"; };
		9964F3A08318AAC112ABC375 /* rand.h */ = {isa = PBXFileReference; lastKnownFileType = sourcecode.c.h; path = rand.h; sourceTree = "<group>"; };
		84210E5FDCFA9742F0EA1B5D /* rc2.h */ = {isa = PBXFileReference; lastKnownFileType = sourcecode.c.h; path = rc2.h; sourceTree = "<group>"; };
		CEB934C895134AABA4642FB8 /* rc4.h */ = {isa = PBXFileReference; lastKnownFileType = sourcecode.c.h; path = rc4.h; sourceTree = "<group>"; };
		C8C6B4D25745185B1E4365F0 /* rc5.h */ = {isa = PBXFileReference; lastKnownFileType = sourcecode.c.h; path = rc5.h; sourceTree = "<group>"; };
		778DCE37F1EBA81DADDB34EA /* ripemd.h */ = {isa = PBXFileReference; lastKnownFileType = sourcecode.c.h; path = ripemd.h; sourceTree = "<group>"; };
		FC776EE07553399284A1CD33 /* rsa.h */ = {isa = PBXFileReference; lastKnownFileType = sourcecode.c.h; path = rsa.h; sourceTree = "<group>"; };
		39FC3639827CF6CC2EF97ADE /* safestack.h */ = {isa = PBXFileReference; lastKnownFileType = sourcecode.c.h; path = safestack.h; sourceTree = "<group>"; };
		9AD75498065347906A784B11 /* seed.h */ = {isa = PBXFileReference; lastKnownFileType = sourcecode.c.h; path = seed.h; sourceTree = "<group>"; };
		80E771C6082CC5E8F393612B /* sha.h */ = {isa = PBXFileReference; lastKnownFileType = sourcecode.c.h; path = sha.h; sourceTree = "<group>"; };
		3EB86B7A23B56C254C659C33 /* srp.h */ = {isa = PBXFileReference; lastKnownFileType = sourcecode.c.h; path = srp.h; sourceTree = "<group>"; };
		13854BD6B90C047B428AD593 /* srtp.h */ = {isa = PBXFileReference; lastKnownFileType = sourcecode.c.h; path = srtp.h; sourceTree = "<group>"; };
		9D6814D3F1848B22D82EBE67 /* ssl.h */ = {isa = PBXFileReference; lastKnownFileType = sourcecode.c.h; path = ssl.h; sourceTree = "<group>"; };
		58CA6FEDA1CA9098E2914137 /* ssl2.h */ = {isa = PBXFileReference; lastKnownFileType = sourcecode.c.h; path = ssl2.h; sourceTree = "<group>"; };
		9B34AF1E094DBFB0F584B72D /* ssl3.h */ = {isa = PBXFileReference; lastKnownFileType = sourcecode.c.h; path = ssl3.h; sourceTree = "<group>"; };
		3228538791C76101480D9BC6 /* stack.h */ = {isa = PBXFileReference; lastKnownFileType = sourcecode.c.h; path = stack.h; sourceTree = "<group>"; };
		23200401E581E40A1E8B39B3 /* symhacks.h */ = {isa = PBXFileReference; lastKnownFileType = sourcecode.c.h; path = symhacks.h; sourceTree = "<group>"; };
		94F8B18145A822593BD5A0BA /* tls1.h */ = {isa = PBXFileReference; lastKnownFileType = sourcecode.c.h; path = tls1.h; sourceTree = "<group>"; };
		D979306019EE2D3FFE3F0E62 /* ts.h */ = {isa = PBXFileReference; lastKnownFileType = sourcecode.c.h; path = ts.h; sourceTree = "<group>"; };
		6172B9759B68176C3E521A33 /* txt_db.h */ = {isa = PBXFileReference; lastKnownFileType = sourcecode.c.h; path = txt_db.h; sourceTree = "<group>"; };
		0D8E9A6FB08D5F7B81116A39 /* u.h */ = {isa = PBXFileReference; lastKnownFileType = sourcecode.c.h; path = u.h; sourceTree = "<group>"; };
		8D7E5D1FADE21CF0737B8EC5 /* whrlpool.h */ = {isa = PBXFileReference; lastKnownFileType = sourcecode.c.h; path = whrlpool.h; sourceTree = "<group>"; };
		4FF8C6C7AD74E0AB4E63B630 /* x509.h */ = {isa = PBXFileReference; lastKnownFileType = sourcecode.c.h; path = x509.h; sourceTree = "<group>"; };
		07348DA8446C84F40843175F /* x509_vfy.h */ = {isa = PBXFileReference; lastKnownFileType = sourcecode.c.h; path = x509_vfy.h; sourceTree = "<group>"; };
		DD15CB95D297D61B3A9BC244 /* x509v3.h */ = {isa = PBXFileReference; lastKnownFileType = sourcecode.c.h; path = x509v3.h; sourceTree = "<group>"; };
		857D587B98270BD00A109985 /* libcrypto.a */ = {isa = PBXFileReference; lastKnownFileType = archive.ar; path = libcrypto.a; sourceTree = "<group>"; };
		D89B5865351856EC9AAD7726 /* libssl.a */ = {isa = PBXFileReference; lastKnownFileType = archive.ar; path = libssl.a; sourceTree = "<group>"; };
		5D3C6C08AE43A7CFB9F1706B /* libcrypto.pc */ = {isa = PBXFileReference; lastKnownFileType = text; path = libcrypto.pc; sourceTree = "<group>"; };
		FC0D6FE5D6803E9A48E0D317 /* libssl.pc */ = {isa = PBXFileReference; lastKnownFileType = text; path = libssl.pc; sourceTree = "<group>"; };
		8D562B348ED46F0AEC23202E /* openssl.pc */ = {isa = PBXFileReference; lastKnownFileType = text; path = openssl.pc; sourceTree = "<group>"; };
		B1EA76CF2D7E8460EB6F236E /* app_simple_drawing.xcodeproj */ = {isa = PBXFileReference; lastKnownFileType = "wrapper.pb-project"; path = app_simple_drawing.xcodeproj; sourceTree = SOURCE_ROOT; };
		67C4261632AB5BA6B0566D03 /* ImageIO.framework */ = {isa = PBXFileReference; lastKnownFileType = wrapper.framework; name = ImageIO.framework; path = System/Library/Frameworks/ImageIO.framework; sourceTree = SDKROOT; };
		9A2C5DCCA1E61BAB767266C7 /* MobileCoreServices.framework */ = {isa = PBXFileReference; lastKnownFileType = wrapper.framework; name = MobileCoreServices.framework; path = System/Library/Frameworks/MobileCoreServices.framework; sourceTree = SDKROOT; };
		802EDD7BFF99EF5930FE1F86 /* simple_drawing.entitlements */ = {isa = PBXFileReference; lastKnownFileType = text.plist.entitlements; path = simple_drawing.entitlements; sourceTree = "<group>"; };
		BC8B6C0564221F50829895E1 /* AppKit.framework */ = {isa = PBXFileReference; lastKnownFileType = wrapper.framework; name = AppKit.framework; path = System/Library/Frameworks/AppKit.framework; sourceTree = SDKROOT; };
		4AA7772AE905A8E47356F594 /* CoreData.framework */ = {isa = PBXFileReference; lastKnownFileType = wrapper.framework; name = CoreData.framework; path = System/Library/Frameworks/CoreData.framework; sourceTree = SDKROOT; };
		0D8520A830CD3DA7E177BD82 /* Foundation.framework */ = {isa = PBXFileReference; lastKnownFileType = wrapper.framework; name = Foundation.framework; path = System/Library/Frameworks/Foundation.framework; sourceTree = SDKROOT; };
		E57D33D859594675A417C46E /* en */ = {isa = PBXFileReference; lastKnownFileType = text.plist.strings; name = en; path = en.lproj/InfoPlist.strings; sourceTree = "<group>"; };
		AFF53ECE806AD3C490BFD15B /* Images.xcassets */ = {isa = PBXFileReference; lastKnownFileType = folder.assetcatalog; path = Images.xcassets; sourceTree = "<group>"; };
		CC887B0DFA0126DE31D0455F /* main.cpp */ = {isa = PBXFileReference; fileEncoding = 4; lastKnownFileType = sourcecode.cpp.cpp; path = main.cpp; sourceTree = "<group>"; };
		6EA0BD7AB593DB8C7EF66D0C /* CoreText.framework */ = {isa = PBXFileReference; lastKnownFileType = wrapper.framework; name = CoreText.framework; path = System/Library/Frameworks/CoreText.framework; sourceTree = SDKROOT; };
		A04026F2B169C88AA0CDA1D3 /* libz.tbd */ = {isa = PBXFileReference; lastKnownFileType = "sourcecode.text-based-dylib-definition"; name = libz.tbd; path = usr/lib/libz.tbd; sourceTree = SDKROOT; };
		3D3EE3A413778C23AA5467D4 /* libsqlite3.tbd */ = {isa = PBXFileReference; lastKnownFileType = "sourcecode.text-based-dylib-definition"; name = libsqlite3.tbd; path = usr/lib/libsqlite3.tbd; sourceTree = SDKROOT; };
		3ACF2313C36FD2697100CE70 /* libios_sphere.a */ = {isa = PBXFileReference; lastKnownFileType = archive.ar; name = libios_sphere.a; path = "../../../../macos/app/sphere/build/Debug-iphoneos/libios_sphere.a"; sourceTree = "<group>"; };
		F765C3D8B34F4C64411B3E01 /* idn.xcodeproj */ = {isa = PBXFileReference; lastKnownFileType = "wrapper.pb-project"; name = idn.xcodeproj; path = ../../third/idn/idn.xcodeproj; sourceTree = SOURCE_ROOT; };
		628BE861DEA84CB8999085CE /* pcre.xcodeproj */ = {isa = PBXFileReference; lastKnownFileType = "wrapper.pb-project"; name = pcre.xcodeproj; path = ../../third/pcre/pcre.xcodeproj; sourceTree = SOURCE_ROOT; };
		08CABC2CFF010699524A0801 /* experience_lite.xcodeproj */ = {isa = PBXFileReference; lastKnownFileType = "wrapper.pb-project"; name = experience_lite.xcodeproj; path = ../../app/experience_lite/experience_lite.xcodeproj; sourceTree = SOURCE_ROOT; };
		C2E179A43EB4788B638BFD29 /* libcrypto.a */ = {isa = PBXFileReference; lastKnownFileType = archive.ar; name = libcrypto.a; path = "../../../operating_system/storage-ios/iPhoneSimulator13.4-x86_64.sdk/lib/libcrypto.a"; sourceTree = "<group>"; };
		922943EFEEB95061CB7B94DD /* libssl.a */ = {isa = PBXFileReference; lastKnownFileType = archive.ar; name = libssl.a; path = "../../../operating_system/storage-ios/iPhoneSimulator13.4-x86_64.sdk/lib/libssl.a"; sourceTree = "<group>"; };
		E0C38184AC1207400D5A2A9C /* libbz2.tbd */ = {isa = PBXFileReference; lastKnownFileType = "sourcecode.text-based-dylib-definition"; name = libbz2.tbd; path = usr/lib/libbz2.tbd; sourceTree = SDKROOT; };
		8BB7CA1753FD1709C7E912AB /* Info.plist */ = {isa = PBXFileReference; lastKnownFileType = text.plist.xml; path = Info.plist; sourceTree = "<group>"; };
		DE0DEB46EE68B8FAEFC05CB0 /* CoreGraphics.framework */ = {isa = PBXFileReference; lastKnownFileType = wrapper.framework; name = CoreGraphics.framework; path = System/Library/Frameworks/CoreGraphics.framework; sourceTree = SDKROOT; };
		609994A98A22F12FE1FAA64D /* libiconv.tbd */ = {isa = PBXFileReference; lastKnownFileType = "sourcecode.text-based-dylib-definition"; name = libiconv.tbd; path = usr/lib/libiconv.tbd; sourceTree = SDKROOT; };
/* End PBXFileReference section */

/* Begin PBXFrameworksBuildPhase section */
		54C5AABA07324BB88913B2A9 /* Frameworks */ = {
			isa = PBXFrameworksBuildPhase;
			buildActionMask = 2147483647;
			files = (
				91C3F94B0628AAF4A4985625 /* libiconv.tbd in Frameworks */,
				1C8A4FA85FAB34501FB17112 /* libbz2.tbd in Frameworks */,
				B934BC99DF9A9FBAC742DD6B /* libsqlite3.tbd in Frameworks */,
				89DEA0F08A40F212B61505A8 /* libz.tbd in Frameworks */,
				03894AF902C69920A382F867 /* libcrypto.a in Frameworks */,
				419963F920EDA43445CB97C3 /* libssl.a in Frameworks */,
				2F905B0AD10480DAD8BC6C7C /* ImageIO.framework in Frameworks */,
				E09501FFF63294E245CAC49D /* Foundation.framework in Frameworks */,
				0A95C1DDB3AA926C3C22C9FD /* UIKit.framework in Frameworks */,
				7D540E205AE84A33EC3711F1 /* CoreFoundation.framework in Frameworks */,
				5071030D4B7BA99CD2B054C6 /* CoreText.framework in Frameworks */,
				7C297A5C95273A72B310262B /* CoreServices.framework in Frameworks */,
				DAA095A5521F479DAD60CF54 /* CoreGraphics.framework in Frameworks */,
				61FFCAEB3A7B0091D7E6F7D0 /* libios_pcre.a in Frameworks */,
				14BDFBF56F35C799664E8A7B /* libios_idn.a in Frameworks */,
				6A64EB7A1257BE06A49148C6 /* libios_aura.a in Frameworks */,
				8F993332C0C8CE011CAC6629 /* libios_experience_lite.a in Frameworks */,
				CBB415FF18D1CE365EE1C381 /* libios_coreimage_imaging.a in Frameworks */,
				92DB897361D93313C6037CDE /* libios_draw2d_quartz2d.a in Frameworks */,
				C7ABA4FB01B07025B9931A56 /* libapp_simple_drawing.a in Frameworks */,
			);
			runOnlyForDeploymentPostprocessing = 0;
		};
		DA756590F4AE6612EA9EC60D /* Frameworks */ = {
			isa = PBXFrameworksBuildPhase;
			buildActionMask = 2147483647;
			files = (
			);
			runOnlyForDeploymentPostprocessing = 0;
		};
/* End PBXFrameworksBuildPhase section */

/* Begin PBXGroup section */
		65616CF0650A24E68DE0700E /* Products */ = {
			isa = PBXGroup;
			children = (
				AE9D2E74D8C4140A5B5E42B8 /* libaura.dylib */,
				6FBC33087FAAB7999D38741F /* libios_aura.a */,
				E577929D5FBF8A6A66803428 /* aura_iosTests.xctest */,
			);
			name = Products;
			sourceTree = "<group>";
		};
		8174EE7EED8C4CE8BBAF026A /* Products */ = {
			isa = PBXGroup;
			children = (
				8FAFA450D3F7C394BF9417C5 /* libcoreimage_imaging.dylib */,
				3BA61B5C13C8A5B596140DDA /* libios_coreimage_imaging.a */,
				AC61A74FDB9167110E31D29F /* math_iosTests.xctest */,
			);
			name = Products;
			sourceTree = "<group>";
		};
		B73F3C4E363A11FF7D99ACF3 /* Products */ = {
			isa = PBXGroup;
			children = (
				3799DFBFE02F25D3A6592C6D /* libdraw2d_quartz2d.dylib */,
				C368B5A2679526A4C94B81DF /* libios_draw2d_quartz2d.a */,
				4BBBF5E374D0385041BC26F3 /* draw2d_quartz2d_iosTests.xctest */,
			);
			name = Products;
			sourceTree = "<group>";
		};
		8FAAA4F4A691CFE20F46C017 /* iPhoneSimulator11.2-x86_64.sdk */ = {
			isa = PBXGroup;
			children = (
				8471A1E02771468A74F1DB7F /* build-openssl-1.1.0f.log */,
				76B8556DC32FA9AE6D6FDC5A /* build-openssl-1.1.0g.log */,
				6251CFD3F6E5C8ACBB712508 /* include */,
				C0BCD5516CD236A8EBA3B337 /* lib */,
			);
			name = "iPhoneSimulator11.2-x86_64.sdk";
			path = "../../../platform/openssl/iPhoneSimulator11.2-x86_64.sdk";
			sourceTree = "<group>";
		};
		6251CFD3F6E5C8ACBB712508 /* include */ = {
			isa = PBXGroup;
			children = (
				0813F636F3ABB86A589846BB /* openssl */,
			);
			path = include;
			sourceTree = "<group>";
		};
		0813F636F3ABB86A589846BB /* openssl */ = {
			isa = PBXGroup;
			children = (
				1A5812BCB71A9BFF8D0323B4 /* aes.h */,
				1EBFAE5DE08FE275B1433B94 /* asn1.h */,
				793D87216EE8CB28525B2BC8 /* asn1_mac.h */,
				F727DFC82D75471448921BA6 /* asn1t.h */,
				32AA20B2FC9D2C5F44EAA729 /* async.h */,
				2D04EAF50C2A65EA5CEE1AE2 /* bio.h */,
				E51CB410753E91D08B2DA0E6 /* blowfish.h */,
				C4D18A82A369C23947467777 /* bn.h */,
				B2A214B1B9E86667B5C1DF44 /* buffer.h */,
				60F27400775E4215B1F95FFC /* camellia.h */,
				BC70552BCE1993C48155438E /* cast.h */,
				B43CA4F0D3A949328088D814 /* cmac.h */,
				AAAB0934D64EBBC307C1B412 /* cms.h */,
				80910B8B3F59928F0A71267A /* comp.h */,
				5C98888D6E74625FA480B732 /* conf.h */,
				4BB3BDA8A89827D7560F781C /* conf_api.h */,
				CC6071B4C78ABF1302617E4C /* crypto.h */,
				C6D980BFA046E95063C5B258 /* ct.h */,
				AB105EF19E10CAF89AE14839 /* des.h */,
				A3C02FED791EA07B59EF65AD /* dh.h */,
				CCC82256633F7FDAA8F66A32 /* dsa.h */,
				2C443CF83DBC1BBC1104C646 /* dtls1.h */,
				5613F91CD51BB84C1FAFB7F4 /* e_os2.h */,
				F4DF95EA6CFC998427DD89CF /* ebcdic.h */,
				722069F20220B6A1F7EC8EC4 /* ec.h */,
				3902F3A41554A4F0BD4A8CF4 /* ecdh.h */,
				4A18F7F2F48DEA7E69DBF3CF /* ecdsa.h */,
				1DE963019DB63C742346A8B2 /* engine.h */,
				C5011A55AD40CB31977124CC /* err.h */,
				F26F8F67B258CA85C4A101C3 /* evp.h */,
				193C60F850FBE60C88D80495 /* hmac.h */,
				E0956AFA939B76F90B82D3B8 /* idea.h */,
				2B3DA36AC45B697F471558CA /* kdf.h */,
				CF01F655A8432411DC8AB58D /* lhash.h */,
				383A49807FCE7867C4B3486D /* md2.h */,
				4D8F39C3919D1FFEB2319234 /* md4.h */,
				842529C914A723C89F7391E9 /* md5.h */,
				10FFA348B7712E147719EC86 /* mdc2.h */,
				DF174A4481A7B6E7C9EF5552 /* modes.h */,
				BA4D977C99BE3BC48F4AFC53 /* obj_mac.h */,
				2A4F989629BA0586C87A9830 /* objects.h */,
				92D7B3C977D31CEE9C4FA900 /* ocsp.h */,
				BD2E33BAE5C7FE3C407494EB /* opensslconf.h */,
				812CE09BE3C6749C6134E2B6 /* opensslv.h */,
				60F1E0AA5CE66FFF2ADDDA72 /* ossl_typ.h */,
				CEDFDA3AE1C4B8C649DDE6AC /* pem.h */,
				8055EB95D5B8297BF4FBF5D8 /* pem2.h */,
				46BE669F578C6C6E5CA6B378 /* pkcs12.h */,
				E057DD6A56E99566972F450F /* pkcs7.h */,
				9964F3A08318AAC112ABC375 /* rand.h */,
				84210E5FDCFA9742F0EA1B5D /* rc2.h */,
				CEB934C895134AABA4642FB8 /* rc4.h */,
				C8C6B4D25745185B1E4365F0 /* rc5.h */,
				778DCE37F1EBA81DADDB34EA /* ripemd.h */,
				FC776EE07553399284A1CD33 /* rsa.h */,
				39FC3639827CF6CC2EF97ADE /* safestack.h */,
				9AD75498065347906A784B11 /* seed.h */,
				80E771C6082CC5E8F393612B /* sha.h */,
				3EB86B7A23B56C254C659C33 /* srp.h */,
				13854BD6B90C047B428AD593 /* srtp.h */,
				9D6814D3F1848B22D82EBE67 /* ssl.h */,
				58CA6FEDA1CA9098E2914137 /* ssl2.h */,
				9B34AF1E094DBFB0F584B72D /* ssl3.h */,
				3228538791C76101480D9BC6 /* stack.h */,
				23200401E581E40A1E8B39B3 /* symhacks.h */,
				94F8B18145A822593BD5A0BA /* tls1.h */,
				D979306019EE2D3FFE3F0E62 /* ts.h */,
				6172B9759B68176C3E521A33 /* txt_db.h */,
				0D8E9A6FB08D5F7B81116A39 /* u.h */,
				8D7E5D1FADE21CF0737B8EC5 /* whrlpool.h */,
				4FF8C6C7AD74E0AB4E63B630 /* x509.h */,
				07348DA8446C84F40843175F /* x509_vfy.h */,
				DD15CB95D297D61B3A9BC244 /* x509v3.h */,
			);
			path = openssl;
			sourceTree = "<group>";
		};
		C0BCD5516CD236A8EBA3B337 /* lib */ = {
			isa = PBXGroup;
			children = (
				857D587B98270BD00A109985 /* libcrypto.a */,
				D89B5865351856EC9AAD7726 /* libssl.a */,
				8D05A323BA99FC99A4425592 /* pkgconfig */,
			);
			path = lib;
			sourceTree = "<group>";
		};
		8D05A323BA99FC99A4425592 /* pkgconfig */ = {
			isa = PBXGroup;
			children = (
				5D3C6C08AE43A7CFB9F1706B /* libcrypto.pc */,
				FC0D6FE5D6803E9A48E0D317 /* libssl.pc */,
				8D562B348ED46F0AEC23202E /* openssl.pc */,
			);
			path = pkgconfig;
			sourceTree = "<group>";
		};
		F7CD89EAD73599A0C4C18512 /* Products */ = {
			isa = PBXGroup;
			children = (
				7CEDA66961F81492048F1A20 /* libapp_simple_drawing.dylib */,
				330DE2F934EC0515522206CF /* libapp_simple_drawing.a */,
				5B50B9AB1D2AACDB5E3B5E25 /* app_core_hellomultiverse_iosTests.xctest */,
			);
			name = Products;
			sourceTree = "<group>";
		};
		73338B33CD074C77FA5EC533 = {
			isa = PBXGroup;
			children = (
				802EDD7BFF99EF5930FE1F86 /* simple_drawing.entitlements */,
				B1EA76CF2D7E8460EB6F236E /* app_simple_drawing.xcodeproj */,
				1959328C2F30BCB19D837A96 /* aura.xcodeproj */,
				08CABC2CFF010699524A0801 /* experience_lite.xcodeproj */,
				F515891A71EAEA9306D06983 /* coreimage_imaging.xcodeproj */,
				55B149B2F0DE39B998C60070 /* draw2d_quartz2d.xcodeproj */,
				F765C3D8B34F4C64411B3E01 /* idn.xcodeproj */,
				628BE861DEA84CB8999085CE /* pcre.xcodeproj */,
				321190AB0D01C1C867276DE4 /* ios */,
				0F688DF4ADEE587E3CCD4353 /* Frameworks */,
				D438CBB7DEDC165C6D3EE8A9 /* Products */,
			);
			sourceTree = "<group>";
		};
		D438CBB7DEDC165C6D3EE8A9 /* Products */ = {
			isa = PBXGroup;
			children = (
				FCD24B81B0E559158E51CAC9 /* simple_drawing.app */,
				C0A7F630ABD0CAC2933B549F /* ios_simple_drawing_simple_drawingTests.xctest */,
			);
			name = Products;
			sourceTree = "<group>";
		};
		0F688DF4ADEE587E3CCD4353 /* Frameworks */ = {
			isa = PBXGroup;
			children = (
				E0C38184AC1207400D5A2A9C /* libbz2.tbd */,
				CA9EE9B1931E7D82460D269E /* CoreServices.framework */,
				54D57EA336F3F193FCC96CAC /* libapp_simple_application.a */,
				CF1241180C881B4A272FD369 /* libios_aura.a */,
				C70A9F045C73A831D0200958 /* libios_idn.a */,
				45606754407A535D976ED61E /* libios_pcre.a */,
				9A2C5DCCA1E61BAB767266C7 /* MobileCoreServices.framework */,
				67C4261632AB5BA6B0566D03 /* ImageIO.framework */,
				8FAAA4F4A691CFE20F46C017 /* iPhoneSimulator11.2-x86_64.sdk */,
				609994A98A22F12FE1FAA64D /* libiconv.tbd */,
				C2E179A43EB4788B638BFD29 /* libcrypto.a */,
				922943EFEEB95061CB7B94DD /* libssl.a */,
				3ACF2313C36FD2697100CE70 /* libios_sphere.a */,
				3D3EE3A413778C23AA5467D4 /* libsqlite3.tbd */,
				A04026F2B169C88AA0CDA1D3 /* libz.tbd */,
				6EA0BD7AB593DB8C7EF66D0C /* CoreText.framework */,
				37EAD3224B109607ECEA99E0 /* UIKit.framework */,
				3B1BD3CF4C75599A60D3826B /* CoreFoundation.framework */,
				DE0DEB46EE68B8FAEFC05CB0 /* CoreGraphics.framework */,
				75D97303D52752749051F99A /* Other Frameworks */,
			);
			name = Frameworks;
			sourceTree = "<group>";
		};
		75D97303D52752749051F99A /* Other Frameworks */ = {
			isa = PBXGroup;
			children = (
				BC8B6C0564221F50829895E1 /* AppKit.framework */,
				4AA7772AE905A8E47356F594 /* CoreData.framework */,
				0D8520A830CD3DA7E177BD82 /* Foundation.framework */,
			);
			name = "Other Frameworks";
			sourceTree = "<group>";
		};
		321190AB0D01C1C867276DE4 /* ios */ = {
			isa = PBXGroup;
			children = (
				38D9FBE2AABA33EC2C2DAAD7 /* InfoPlist.strings */,
				AFF53ECE806AD3C490BFD15B /* Images.xcassets */,
				CC887B0DFA0126DE31D0455F /* main.cpp */,
				8BB7CA1753FD1709C7E912AB /* Info.plist */,
			);
			path = ios;
			sourceTree = "<group>";
		};
		B8B2EADE3B456ADC8CEC2A39 /* Products */ = {
			isa = PBXGroup;
			children = (
				D732977C3B815A01FDEC6750 /* libidn.dylib */,
				3E6C0F21B69A5DFDB73AB4F4 /* libios_idn.a */,
			);
			name = Products;
			sourceTree = "<group>";
		};
		2E6F639AEB6820A127EFBF26 /* Products */ = {
			isa = PBXGroup;
			children = (
				A2907658350E94C0DE680341 /* libpcre.dylib */,
				16E91FCA935139191D6985CC /* libios_pcre.a */,
			);
			name = Products;
			sourceTree = "<group>";
		};
		EF61105B52A548F6B7F3E184 /* Products */ = {
			isa = PBXGroup;
			children = (
				3D9EF841A676EE52D88BDFAA /* libexperience_lite.dylib */,
				B7894AC270FFEAD737B84673 /* libios_experience_lite.a */,
				D7E2DE10B498A80D8F006368 /* experience_lite_iosTests.xctest */,
			);
			name = Products;
			sourceTree = "<group>";
		};
/* End PBXGroup section */

/* Begin PBXNativeTarget section */
		27843525A55CC272C76FC53B /* ios_simple_drawing */ = {
			isa = PBXNativeTarget;
			buildConfigurationList = 70443F92B360C83082DED99D /* Build configuration list for PBXNativeTarget "ios_simple_drawing" */;
			buildPhases = (
				3E1C70866E635B09459B9CE0 /* Sources */,
				54C5AABA07324BB88913B2A9 /* Frameworks */,
				28886429F7A03728EB92D400 /* Resources */,
				579A567363C765121ECA18C6 /* CopyFiles */,
			);
			buildRules = (
			);
			dependencies = (
				62C877FB21A87392B0902F16 /* PBXTargetDependency */,
				63DCCA212AC8ADB9E7C21C04 /* PBXTargetDependency */,
				76FF0CC72F1EB06008AE94EA /* PBXTargetDependency */,
				0923BB6DD4AA460E9569E688 /* PBXTargetDependency */,
				ACBCFC8DC46DE815BAC795B5 /* PBXTargetDependency */,
				E0288EA34191C4A929EE2307 /* PBXTargetDependency */,
				E7E8AC48E4F4F2B35613076D /* PBXTargetDependency */,
			);
			name = ios_simple_drawing;
			productName = wiossimple_drawing_simple_drawing;
			productReference = FCD24B81B0E559158E51CAC9 /* simple_drawing.app */;
			productType = "com.apple.product-type.application";
		};
		6349A3864F6010DF2B7D91DA /* ios_simple_drawing_simple_drawingTests */ = {
			isa = PBXNativeTarget;
			buildConfigurationList = CBF831853F07D67682F68868 /* Build configuration list for PBXNativeTarget "ios_simple_drawing_simple_drawingTests" */;
			buildPhases = (
				212CD674B7928759DDBA6276 /* Sources */,
				DA756590F4AE6612EA9EC60D /* Frameworks */,
				F6F8DA4607CC6EFF880C74EF /* Resources */,
			);
			buildRules = (
			);
			dependencies = (
				0EC72C719E97258DE9F5A8AC /* PBXTargetDependency */,
			);
			name = ios_simple_drawing_simple_drawingTests;
			productName = wiossimple_drawing_simple_drawingTests;
			productReference = C0A7F630ABD0CAC2933B549F /* ios_simple_drawing_simple_drawingTests.xctest */;
			productType = "com.apple.product-type.bundle.unit-test";
		};
/* End PBXNativeTarget section */

/* Begin PBXProject section */
		65C65E9EE83634E2519163F0 /* Project object */ = {
			isa = PBXProject;
			attributes = {
				CLASSPREFIX = ca2;
				LastUpgradeCheck = 1140;
				ORGANIZATIONNAME = "Camilo Sasuke Tsumanuma";
				TargetAttributes = {
					27843525A55CC272C76FC53B = {
						DevelopmentTeam = L8N5V6TZE5;
						ProvisioningStyle = Automatic;
						SystemCapabilities = {
							com.apple.BackgroundModes = {
								enabled = 0;
							};
							com.apple.iCloud = {
								enabled = 0;
							};
						};
					};
					6349A3864F6010DF2B7D91DA = {
						DevelopmentTeam = L8N5V6TZE5;
						TestTargetID = 27843525A55CC272C76FC53B;
					};
				};
			};
			buildConfigurationList = 75AF651AC5106FD0C2A39D6E /* Build configuration list for PBXProject "ios_drawing" */;
			compatibilityVersion = "Xcode 3.2";
			developmentRegion = en;
			hasScannedForEncodings = 0;
			knownRegions = (
				en,
				Base,
			);
			mainGroup = 73338B33CD074C77FA5EC533;
			productRefGroup = D438CBB7DEDC165C6D3EE8A9 /* Products */;
			projectDirPath = "";
			projectReferences = (
				{
					ProductGroup = F7CD89EAD73599A0C4C18512 /* Products */;
					ProjectRef = B1EA76CF2D7E8460EB6F236E /* app_simple_drawing.xcodeproj */;
				},
				{
					ProductGroup = 65616CF0650A24E68DE0700E /* Products */;
					ProjectRef = 1959328C2F30BCB19D837A96 /* aura.xcodeproj */;
				},
				{
					ProductGroup = 8174EE7EED8C4CE8BBAF026A /* Products */;
					ProjectRef = F515891A71EAEA9306D06983 /* coreimage_imaging.xcodeproj */;
				},
				{
					ProductGroup = B73F3C4E363A11FF7D99ACF3 /* Products */;
					ProjectRef = 55B149B2F0DE39B998C60070 /* draw2d_quartz2d.xcodeproj */;
				},
				{
					ProductGroup = EF61105B52A548F6B7F3E184 /* Products */;
					ProjectRef = 08CABC2CFF010699524A0801 /* experience_lite.xcodeproj */;
				},
				{
					ProductGroup = B8B2EADE3B456ADC8CEC2A39 /* Products */;
					ProjectRef = F765C3D8B34F4C64411B3E01 /* idn.xcodeproj */;
				},
				{
					ProductGroup = 2E6F639AEB6820A127EFBF26 /* Products */;
					ProjectRef = 628BE861DEA84CB8999085CE /* pcre.xcodeproj */;
				},
			);
			projectRoot = "";
			targets = (
				27843525A55CC272C76FC53B /* ios_simple_drawing */,
				6349A3864F6010DF2B7D91DA /* ios_simple_drawing_simple_drawingTests */,
			);
		};
/* End PBXProject section */

/* Begin PBXReferenceProxy section */
		AE9D2E74D8C4140A5B5E42B8 /* libaura.dylib */ = {
			isa = PBXReferenceProxy;
			fileType = "compiled.mach-o.dylib";
			path = libaura.dylib;
			remoteRef = E0DCEE8DF2DB97E5CD37719B /* PBXContainerItemProxy */;
			sourceTree = BUILT_PRODUCTS_DIR;
		};
		6FBC33087FAAB7999D38741F /* libios_aura.a */ = {
			isa = PBXReferenceProxy;
			fileType = archive.ar;
			path = libios_aura.a;
			remoteRef = F6AB050175F99095D8291E15 /* PBXContainerItemProxy */;
			sourceTree = BUILT_PRODUCTS_DIR;
		};
		E577929D5FBF8A6A66803428 /* aura_iosTests.xctest */ = {
			isa = PBXReferenceProxy;
			fileType = wrapper.cfbundle;
			path = aura_iosTests.xctest;
			remoteRef = CBBF7430E4F50C02D58A3CC9 /* PBXContainerItemProxy */;
			sourceTree = BUILT_PRODUCTS_DIR;
		};
		8FAFA450D3F7C394BF9417C5 /* libcoreimage_imaging.dylib */ = {
			isa = PBXReferenceProxy;
			fileType = "compiled.mach-o.dylib";
			path = libcoreimage_imaging.dylib;
			remoteRef = 24E07FF6A60D7079D6739423 /* PBXContainerItemProxy */;
			sourceTree = BUILT_PRODUCTS_DIR;
		};
		3BA61B5C13C8A5B596140DDA /* libios_coreimage_imaging.a */ = {
			isa = PBXReferenceProxy;
			fileType = archive.ar;
			path = libios_coreimage_imaging.a;
			remoteRef = 5E245B18E9F165EF37D32A61 /* PBXContainerItemProxy */;
			sourceTree = BUILT_PRODUCTS_DIR;
		};
		AC61A74FDB9167110E31D29F /* math_iosTests.xctest */ = {
			isa = PBXReferenceProxy;
			fileType = wrapper.cfbundle;
			path = math_iosTests.xctest;
			remoteRef = FFA0B4624A2EC8D3143290B1 /* PBXContainerItemProxy */;
			sourceTree = BUILT_PRODUCTS_DIR;
		};
		3799DFBFE02F25D3A6592C6D /* libdraw2d_quartz2d.dylib */ = {
			isa = PBXReferenceProxy;
			fileType = "compiled.mach-o.dylib";
			path = libdraw2d_quartz2d.dylib;
			remoteRef = F4C4571BD71ECCCA9F9DCB34 /* PBXContainerItemProxy */;
			sourceTree = BUILT_PRODUCTS_DIR;
		};
		C368B5A2679526A4C94B81DF /* libios_draw2d_quartz2d.a */ = {
			isa = PBXReferenceProxy;
			fileType = "compiled.mach-o.dylib";
			path = libios_draw2d_quartz2d.a;
			remoteRef = BB9B2EFB36B18EDFDEA4588B /* PBXContainerItemProxy */;
			sourceTree = BUILT_PRODUCTS_DIR;
		};
		4BBBF5E374D0385041BC26F3 /* draw2d_quartz2d_iosTests.xctest */ = {
			isa = PBXReferenceProxy;
			fileType = wrapper.cfbundle;
			path = draw2d_quartz2d_iosTests.xctest;
			remoteRef = 82F4BA72DEFFA155B1E8B553 /* PBXContainerItemProxy */;
			sourceTree = BUILT_PRODUCTS_DIR;
		};
		7CEDA66961F81492048F1A20 /* libapp_simple_drawing.dylib */ = {
			isa = PBXReferenceProxy;
			fileType = "compiled.mach-o.dylib";
			path = libapp_simple_drawing.dylib;
			remoteRef = 10351540B40D8FD8198B4702 /* PBXContainerItemProxy */;
			sourceTree = BUILT_PRODUCTS_DIR;
		};
		330DE2F934EC0515522206CF /* libapp_simple_drawing.a */ = {
			isa = PBXReferenceProxy;
			fileType = archive.ar;
			path = libapp_simple_drawing.a;
			remoteRef = 98D45FD7A90D835E922D8BA9 /* PBXContainerItemProxy */;
			sourceTree = BUILT_PRODUCTS_DIR;
		};
		5B50B9AB1D2AACDB5E3B5E25 /* app_core_hellomultiverse_iosTests.xctest */ = {
			isa = PBXReferenceProxy;
			fileType = wrapper.cfbundle;
			path = app_core_hellomultiverse_iosTests.xctest;
			remoteRef = 8AB03BDB8EF929A0956F2256 /* PBXContainerItemProxy */;
			sourceTree = BUILT_PRODUCTS_DIR;
		};
		D732977C3B815A01FDEC6750 /* libidn.dylib */ = {
			isa = PBXReferenceProxy;
			fileType = "compiled.mach-o.dylib";
			path = libidn.dylib;
			remoteRef = C639A5F9816C10B6C2EF08DE /* PBXContainerItemProxy */;
			sourceTree = BUILT_PRODUCTS_DIR;
		};
		3E6C0F21B69A5DFDB73AB4F4 /* libios_idn.a */ = {
			isa = PBXReferenceProxy;
			fileType = "compiled.mach-o.dylib";
			path = libios_idn.a;
			remoteRef = 48A65C522BF860FBACB933E7 /* PBXContainerItemProxy */;
			sourceTree = BUILT_PRODUCTS_DIR;
		};
		A2907658350E94C0DE680341 /* libpcre.dylib */ = {
			isa = PBXReferenceProxy;
			fileType = "compiled.mach-o.dylib";
			path = libpcre.dylib;
			remoteRef = F4797BD680A2481D99CDE7A6 /* PBXContainerItemProxy */;
			sourceTree = BUILT_PRODUCTS_DIR;
		};
		16E91FCA935139191D6985CC /* libios_pcre.a */ = {
			isa = PBXReferenceProxy;
			fileType = "compiled.mach-o.dylib";
			path = libios_pcre.a;
			remoteRef = A1EC617637B50C9FD4AD7D5F /* PBXContainerItemProxy */;
			sourceTree = BUILT_PRODUCTS_DIR;
		};
		3D9EF841A676EE52D88BDFAA /* libexperience_lite.dylib */ = {
			isa = PBXReferenceProxy;
			fileType = "compiled.mach-o.dylib";
			path = libexperience_lite.dylib;
			remoteRef = 5081007ADD21F03314939897 /* PBXContainerItemProxy */;
			sourceTree = BUILT_PRODUCTS_DIR;
		};
		B7894AC270FFEAD737B84673 /* libios_experience_lite.a */ = {
			isa = PBXReferenceProxy;
			fileType = archive.ar;
			path = libios_experience_lite.a;
			remoteRef = 7BCF0953DB7E8DC5063D8216 /* PBXContainerItemProxy */;
			sourceTree = BUILT_PRODUCTS_DIR;
		};
		D7E2DE10B498A80D8F006368 /* experience_lite_iosTests.xctest */ = {
			isa = PBXReferenceProxy;
			fileType = wrapper.cfbundle;
			path = experience_lite_iosTests.xctest;
			remoteRef = DFD210BC689F11EA3D684A5F /* PBXContainerItemProxy */;
			sourceTree = BUILT_PRODUCTS_DIR;
		};
/* End PBXReferenceProxy section */

/* Begin PBXResourcesBuildPhase section */
		28886429F7A03728EB92D400 /* Resources */ = {
			isa = PBXResourcesBuildPhase;
			buildActionMask = 2147483647;
			files = (
				A13F3A3E4CB90536FF985E0D /* InfoPlist.strings in Resources */,
				597C13BED1D46784943D4C53 /* Images.xcassets in Resources */,
			);
			runOnlyForDeploymentPostprocessing = 0;
		};
		F6F8DA4607CC6EFF880C74EF /* Resources */ = {
			isa = PBXResourcesBuildPhase;
			buildActionMask = 2147483647;
			files = (
			);
			runOnlyForDeploymentPostprocessing = 0;
		};
/* End PBXResourcesBuildPhase section */

/* Begin PBXSourcesBuildPhase section */
		3E1C70866E635B09459B9CE0 /* Sources */ = {
			isa = PBXSourcesBuildPhase;
			buildActionMask = 2147483647;
			files = (
				2EF36863535D59CFCC55F2BB /* main.cpp in Sources */,
			);
			runOnlyForDeploymentPostprocessing = 0;
		};
		212CD674B7928759DDBA6276 /* Sources */ = {
			isa = PBXSourcesBuildPhase;
			buildActionMask = 2147483647;
			files = (
			);
			runOnlyForDeploymentPostprocessing = 0;
		};
/* End PBXSourcesBuildPhase section */

/* Begin PBXTargetDependency section */
		0EC72C719E97258DE9F5A8AC /* PBXTargetDependency */ = {
			isa = PBXTargetDependency;
			target = 27843525A55CC272C76FC53B /* ios_simple_drawing */;
			targetProxy = D0437F485DEC0AF77EE3A07B /* PBXContainerItemProxy */;
		};
		63DCCA212AC8ADB9E7C21C04 /* PBXTargetDependency */ = {
			isa = PBXTargetDependency;
			name = ios_aura;
			targetProxy = E980FAFE411E432EC7196F6C /* PBXContainerItemProxy */;
		};
		76FF0CC72F1EB06008AE94EA /* PBXTargetDependency */ = {
			isa = PBXTargetDependency;
			name = ios_coreimage_imaging;
			targetProxy = 2EA585826C6BCFF0FC788FE3 /* PBXContainerItemProxy */;
		};
		62C877FB21A87392B0902F16 /* PBXTargetDependency */ = {
			isa = PBXTargetDependency;
			name = ios_app_simple_drawing;
			targetProxy = C0A88D50A3FE7C35A1182038 /* PBXContainerItemProxy */;
		};
		E7E8AC48E4F4F2B35613076D /* PBXTargetDependency */ = {
			isa = PBXTargetDependency;
			name = ios_idn;
			targetProxy = 693EF0903D0087CD9EAAE750 /* PBXContainerItemProxy */;
		};
		E0288EA34191C4A929EE2307 /* PBXTargetDependency */ = {
			isa = PBXTargetDependency;
			name = ios_pcre;
			targetProxy = 01BEFF790EFC869D7916CFE9 /* PBXContainerItemProxy */;
		};
		ACBCFC8DC46DE815BAC795B5 /* PBXTargetDependency */ = {
			isa = PBXTargetDependency;
			name = ios_draw2d_quartz2d;
			targetProxy = E4CA1C2FE2482E024DA1D44F /* PBXContainerItemProxy */;
		};
		0923BB6DD4AA460E9569E688 /* PBXTargetDependency */ = {
			isa = PBXTargetDependency;
			name = ios_experience_lite;
			targetProxy = 443420A0153D730B8FD87975 /* PBXContainerItemProxy */;
		};
/* End PBXTargetDependency section */

/* Begin PBXVariantGroup section */
		38D9FBE2AABA33EC2C2DAAD7 /* InfoPlist.strings */ = {
			isa = PBXVariantGroup;
			children = (
				E57D33D859594675A417C46E /* en */,
			);
			name = InfoPlist.strings;
			sourceTree = "<group>";
		};
/* End PBXVariantGroup section */

/* Begin XCBuildConfiguration section */
		76802E47BBAF8005FF9EB584 /* Debug */ = {
			isa = XCBuildConfiguration;
			buildSettings = {
				ASSETCATALOG_COMPILER_APPICON_NAME = AppIcon;
				ASSETCATALOG_COMPILER_LAUNCHIMAGE_NAME = LaunchImage;
				BUILD_LIBRARY_FOR_DISTRIBUTION = YES;
				CLANG_CXX_LANGUAGE_STANDARD = "c++17";
				CODE_SIGN_ENTITLEMENTS = simple_drawing.entitlements;
				CODE_SIGN_IDENTITY = "iPhone Developer: Camilo Tsumanuma (665TC58ZA4)";
				"CODE_SIGN_IDENTITY[sdk=iphoneos*]" = "iPhone Developer";
				DEPLOYMENT_POSTPROCESSING = YES;
				ENABLE_HARDENED_RUNTIME = YES;
				GCC_C_LANGUAGE_STANDARD = gnu99;
				GCC_PRECOMPILE_PREFIX_HEADER = NO;
				GCC_PREPROCESSOR_DEFINITIONS = (
					"DEBUG=1",
					"$(inherited)",
				);
				INFOPLIST_FILE = ios/Info.plist;
				LIBRARY_SEARCH_PATHS = "";
				"LIBRARY_SEARCH_PATHS[sdk=iphonesimulator*]" = (
					"$(inherited)",
					"\"$(TARGET_BUILD_DIR)\"",
					"$(WorkspaceDir)/operating_system $(WorkspaceDir)/operating_system/operating_system-$(PLATFORM_MODIFIER)/storage-ios/iPhoneSimulator13.4-x86_64.sdk/lib",
				);
				OTHER_LDFLAGS = "-all_load";
				PLATFORM_MODIFIER = ios;
				PRODUCT_BUNDLE_IDENTIFIER = "app-simple.drawing";
				PRODUCT_NAME = simple_drawing;
				PROVISIONING_PROFILE = "";
				PROVISIONING_PROFILE_SPECIFIER = "";
				SEPARATE_STRIP = YES;
				STRIP_STYLE = debugging;
				USER_HEADER_SEARCH_PATHS = "$(WorkspaceDir)/source $(WorkspaceDir)/source/include $(WorkspaceDir)/source/app $(WorkspaceDir)/source/app/include $(WorkspaceDir)/operating_system $(WorkspaceDir)/operating_system/operating_system-$(PLATFORM_MODIFIER)/include . ..  $(WorkspaceDir)/../.. $(WorkspaceDir)/source/app $(WorkspaceDir)/source/app/include $(WorkspaceDir)/operating_system $(WorkspaceDir)/operating_system/operating_system-$(PLATFORM_MODIFIER) $(WorkspaceDir)/.. $(WorkspaceDir) $(WorkspaceDir)/source/app $(WorkspaceDir)/source/app/include $(WorkspaceDir)/operating_system $(WorkspaceDir)/operating_system/operating_system-$(PLATFORM_MODIFIER) $(WorkspaceDir)/operating_system-$(PLATFORM_MODIFIER)";
				WRAPPER_EXTENSION = app;
			};
			name = Debug;
		};
		3DE17A83BDD2E2A4AB82E907 /* Release */ = {
			isa = XCBuildConfiguration;
			buildSettings = {
				ASSETCATALOG_COMPILER_APPICON_NAME = AppIcon;
				ASSETCATALOG_COMPILER_LAUNCHIMAGE_NAME = LaunchImage;
				BUILD_LIBRARY_FOR_DISTRIBUTION = YES;
				CLANG_CXX_LANGUAGE_STANDARD = "c++17";
				CODE_SIGN_ENTITLEMENTS = simple_drawing.entitlements;
				CODE_SIGN_IDENTITY = "iPhone Developer: Camilo Tsumanuma (665TC58ZA4)";
				"CODE_SIGN_IDENTITY[sdk=iphoneos*]" = "iPhone Developer";
				DEPLOYMENT_POSTPROCESSING = YES;
				ENABLE_HARDENED_RUNTIME = YES;
				ENABLE_NS_ASSERTIONS = NO;
				GCC_C_LANGUAGE_STANDARD = gnu99;
				GCC_PRECOMPILE_PREFIX_HEADER = NO;
				INFOPLIST_FILE = ios/Info.plist;
				LIBRARY_SEARCH_PATHS = "";
				"LIBRARY_SEARCH_PATHS[sdk=*]" = (
					"$(inherited)",
					"\"$(TARGET_BUILD_DIR)\"",
				);
				OTHER_LDFLAGS = "-all_load";
				PLATFORM_MODIFIER = ios;
				PRODUCT_BUNDLE_IDENTIFIER = "app-simple.drawing";
				PRODUCT_NAME = simple_drawing;
				PROVISIONING_PROFILE = "";
				PROVISIONING_PROFILE_SPECIFIER = "";
				SEPARATE_STRIP = YES;
				STRIP_STYLE = debugging;
				USER_HEADER_SEARCH_PATHS = "$(WorkspaceDir)/source $(WorkspaceDir)/source/include $(WorkspaceDir)/source/app $(WorkspaceDir)/source/app/include $(WorkspaceDir)/operating_system $(WorkspaceDir)/operating_system/operating_system-$(PLATFORM_MODIFIER)/include . ..  $(WorkspaceDir)/../.. $(WorkspaceDir)/source/app $(WorkspaceDir)/source/app/include $(WorkspaceDir)/operating_system $(WorkspaceDir)/operating_system/operating_system-$(PLATFORM_MODIFIER) $(WorkspaceDir)/.. $(WorkspaceDir) $(WorkspaceDir)/source/app $(WorkspaceDir)/source/app/include $(WorkspaceDir)/operating_system $(WorkspaceDir)/operating_system/operating_system-$(PLATFORM_MODIFIER) $(WorkspaceDir)/operating_system-$(PLATFORM_MODIFIER)";
				WRAPPER_EXTENSION = app;
			};
			name = Release;
		};
		57356E59CCBC43E09BD7498F /* Debug */ = {
			isa = XCBuildConfiguration;
			buildSettings = {
				ALWAYS_SEARCH_USER_PATHS = NO;
				BUNDLE_LOADER = "$(BUILT_PRODUCTS_DIR)/wiossimple_drawing_simple_drawing.app/wiossimple_drawing_simple_drawing";
				CLANG_CXX_LANGUAGE_STANDARD = "gnu++0x";
				CLANG_ENABLE_OBJC_ARC = YES;
				FRAMEWORK_SEARCH_PATHS = (
					"$(inherited)",
					"$(DEVELOPER_FRAMEWORKS_DIR)",
					"$(WorkspaceDir)/../operating_system/storage-$(PLATFORM_MODIFIER)/$(CONFIGURATION)/framework",
				);
				GCC_C_LANGUAGE_STANDARD = gnu99;
				GCC_PRECOMPILE_PREFIX_HEADER = NO;
				GCC_PREPROCESSOR_DEFINITIONS = (
					"DEBUG=1",
					"$(inherited)",
				);
				INFOPLIST_FILE = "wiossimple_drawing_simple_drawingTests/wiossimple_drawing_simple_drawingTests-Info.plist";
				IPHONEOS_DEPLOYMENT_TARGET = 8.0;
				PRODUCT_BUNDLE_IDENTIFIER = "ca2.${PRODUCT_NAME:rfc1034identifier}";
				PRODUCT_NAME = "$(TARGET_NAME)";
				TEST_HOST = "$(BUNDLE_LOADER)";
				WRAPPER_EXTENSION = xctest;
			};
			name = Debug;
		};
		890F1CE7917DC466B8861444 /* Release */ = {
			isa = XCBuildConfiguration;
			buildSettings = {
				ALWAYS_SEARCH_USER_PATHS = NO;
				BUNDLE_LOADER = "$(BUILT_PRODUCTS_DIR)/wiossimple_drawing_simple_drawing.app/wiossimple_drawing_simple_drawing";
				CLANG_CXX_LANGUAGE_STANDARD = "gnu++0x";
				CLANG_ENABLE_OBJC_ARC = YES;
				ENABLE_NS_ASSERTIONS = NO;
				FRAMEWORK_SEARCH_PATHS = (
					"$(inherited)",
					"$(DEVELOPER_FRAMEWORKS_DIR)",
					"$(WorkspaceDir)/../operating_system/storage-$(PLATFORM_MODIFIER)/$(CONFIGURATION)/framework",
				);
				GCC_C_LANGUAGE_STANDARD = gnu99;
				GCC_PRECOMPILE_PREFIX_HEADER = NO;
				INFOPLIST_FILE = "wiossimple_drawing_simple_drawingTests/wiossimple_drawing_simple_drawingTests-Info.plist";
				IPHONEOS_DEPLOYMENT_TARGET = 8.0;
				PRODUCT_BUNDLE_IDENTIFIER = "ca2.${PRODUCT_NAME:rfc1034identifier}";
				PRODUCT_NAME = "$(TARGET_NAME)";
				TEST_HOST = "$(BUNDLE_LOADER)";
				WRAPPER_EXTENSION = xctest;
			};
			name = Release;
		};
		A6F8821C8DC68EFAC8B7AE23 /* Debug */ = {
			isa = XCBuildConfiguration;
			buildSettings = {
				CLANG_ANALYZER_DEADCODE_DEADSTORES = NO;
				CLANG_ANALYZER_LOCALIZABILITY_NONLOCALIZED = YES;
				CLANG_ANALYZER_MEMORY_MANAGEMENT = YES;
				CLANG_CXX_LANGUAGE_STANDARD = "c++14";
				CLANG_CXX_LIBRARY = "libc++";
				CLANG_ENABLE_OBJC_ARC = YES;
				CLANG_WARN_BLOCK_CAPTURE_AUTORELEASING = YES;
				CLANG_WARN_BOOL_CONVERSION = YES;
				CLANG_WARN_COMMA = YES;
				CLANG_WARN_CONSTANT_CONVERSION = YES;
				CLANG_WARN_DEPRECATED_OBJC_IMPLEMENTATIONS = YES;
				CLANG_WARN_DIRECT_OBJC_ISA_USAGE = YES_ERROR;
				CLANG_WARN_EMPTY_BODY = YES;
				CLANG_WARN_ENUM_CONVERSION = YES;
				CLANG_WARN_INFINITE_RECURSION = YES;
				CLANG_WARN_INT_CONVERSION = YES;
				CLANG_WARN_NON_LITERAL_NULL_CONVERSION = YES;
				CLANG_WARN_OBJC_IMPLICIT_RETAIN_SELF = YES;
				CLANG_WARN_OBJC_LITERAL_CONVERSION = YES;
				CLANG_WARN_OBJC_ROOT_CLASS = YES_ERROR;
				CLANG_WARN_RANGE_LOOP_ANALYSIS = YES;
				CLANG_WARN_STRICT_PROTOTYPES = YES;
				CLANG_WARN_SUSPICIOUS_MOVE = YES;
				CLANG_WARN_UNREACHABLE_CODE = YES;
				CLANG_WARN__DUPLICATE_METHOD_MATCH = YES;
				CODE_SIGN_IDENTITY = "iPhone Developer";
				COPY_PHASE_STRIP = NO;
				DEAD_CODE_STRIPPING = NO;
				ENABLE_STRICT_OBJC_MSGSEND = YES;
				ENABLE_TESTABILITY = YES;
				GCC_C_LANGUAGE_STANDARD = c99;
				GCC_ENABLE_OBJC_EXCEPTIONS = YES;
				GCC_NO_COMMON_BLOCKS = YES;
				GCC_OPTIMIZATION_LEVEL = 0;
				GCC_PREPROCESSOR_DEFINITIONS = (
					"DEBUG=1",
					"$(inherited)",
				);
				GCC_SYMBOLS_PRIVATE_EXTERN = NO;
				GCC_WARN_64_TO_32_BIT_CONVERSION = YES;
				GCC_WARN_ABOUT_RETURN_TYPE = YES_ERROR;
				GCC_WARN_UNDECLARED_SELECTOR = YES;
				GCC_WARN_UNINITIALIZED_AUTOS = YES_AGGRESSIVE;
				GCC_WARN_UNUSED_FUNCTION = YES;
				GCC_WARN_UNUSED_VARIABLE = YES;
				IPHONEOS_DEPLOYMENT_TARGET = 9.0;
				LIBRARY_SEARCH_PATHS = "$(WorkspaceDir)/operating_system $(WorkspaceDir)/operating_system/operating_system-$(PLATFORM_MODIFIER)/storage-ios/iPhoneSimulator11.2-x86_64.sdk/lib";
				ONLY_ACTIVE_ARCH = YES;
				PRODUCT_NAME = "$(TARGET_NAME)";
				SDKROOT = iphoneos;
				STRIP_INSTALLED_PRODUCT = NO;
				SUPPORTED_PLATFORMS = "iphonesimulator iphoneos";
				TARGETED_DEVICE_FAMILY = "1,2";
				USER_HEADER_SEARCH_PATHS = "$(WorkspaceDir)/source $(WorkspaceDir)/source/include $(WorkspaceDir)/source/app $(WorkspaceDir)/source/app/include $(WorkspaceDir)/operating_system $(WorkspaceDir)/operating_system/operating_system-$(PLATFORM_MODIFIER)/include . ..  $(WorkspaceDir)/../.. $(WorkspaceDir)/source/app $(WorkspaceDir)/source/app/include $(WorkspaceDir)/operating_system $(WorkspaceDir)/operating_system/operating_system-$(PLATFORM_MODIFIER) $(WorkspaceDir)/.. $(WorkspaceDir) $(WorkspaceDir)/source/app $(WorkspaceDir)/source/app/include $(WorkspaceDir)/operating_system $(WorkspaceDir)/operating_system/operating_system-$(PLATFORM_MODIFIER)/base aura/ $(WorkspaceDir)/source/app $(WorkspaceDir)/source/app/include $(WorkspaceDir)/operating_system $(WorkspaceDir)/operating_system/operating_system-$(PLATFORM_MODIFIER) $(WorkspaceDir)/operating_system-$(PLATFORM_MODIFIER)";
				WorkspaceDir = "$(SRCROOT)/../../..";
			};
			name = Debug;
		};
		D0C3686F2AE8268E42F38626 /* Release */ = {
			isa = XCBuildConfiguration;
			buildSettings = {
				CLANG_ANALYZER_DEADCODE_DEADSTORES = NO;
				CLANG_ANALYZER_LOCALIZABILITY_NONLOCALIZED = YES;
				CLANG_ANALYZER_MEMORY_MANAGEMENT = YES;
				CLANG_CXX_LANGUAGE_STANDARD = "c++14";
				CLANG_CXX_LIBRARY = "libc++";
				CLANG_ENABLE_OBJC_ARC = YES;
				CLANG_WARN_BLOCK_CAPTURE_AUTORELEASING = YES;
				CLANG_WARN_BOOL_CONVERSION = YES;
				CLANG_WARN_COMMA = YES;
				CLANG_WARN_CONSTANT_CONVERSION = YES;
				CLANG_WARN_DEPRECATED_OBJC_IMPLEMENTATIONS = YES;
				CLANG_WARN_DIRECT_OBJC_ISA_USAGE = YES_ERROR;
				CLANG_WARN_EMPTY_BODY = YES;
				CLANG_WARN_ENUM_CONVERSION = YES;
				CLANG_WARN_INFINITE_RECURSION = YES;
				CLANG_WARN_INT_CONVERSION = YES;
				CLANG_WARN_NON_LITERAL_NULL_CONVERSION = YES;
				CLANG_WARN_OBJC_IMPLICIT_RETAIN_SELF = YES;
				CLANG_WARN_OBJC_LITERAL_CONVERSION = YES;
				CLANG_WARN_OBJC_ROOT_CLASS = YES_ERROR;
				CLANG_WARN_RANGE_LOOP_ANALYSIS = YES;
				CLANG_WARN_STRICT_PROTOTYPES = YES;
				CLANG_WARN_SUSPICIOUS_MOVE = YES;
				CLANG_WARN_UNREACHABLE_CODE = YES;
				CLANG_WARN__DUPLICATE_METHOD_MATCH = YES;
				CODE_SIGN_IDENTITY = "iPhone Developer";
				DEAD_CODE_STRIPPING = NO;
				ENABLE_STRICT_OBJC_MSGSEND = YES;
				GCC_C_LANGUAGE_STANDARD = c99;
				GCC_ENABLE_OBJC_EXCEPTIONS = YES;
				GCC_NO_COMMON_BLOCKS = YES;
				GCC_WARN_64_TO_32_BIT_CONVERSION = YES;
				GCC_WARN_ABOUT_RETURN_TYPE = YES_ERROR;
				GCC_WARN_UNDECLARED_SELECTOR = YES;
				GCC_WARN_UNINITIALIZED_AUTOS = YES_AGGRESSIVE;
				GCC_WARN_UNUSED_FUNCTION = YES;
				GCC_WARN_UNUSED_VARIABLE = YES;
				IPHONEOS_DEPLOYMENT_TARGET = 9.0;
				LIBRARY_SEARCH_PATHS = "$(WorkspaceDir)/operating_system $(WorkspaceDir)/operating_system/operating_system-$(PLATFORM_MODIFIER)/storage-ios/iPhoneSimulator11.2-x86_64.sdk/lib";
				PRODUCT_NAME = "$(TARGET_NAME)";
				SDKROOT = iphoneos;
				SUPPORTED_PLATFORMS = "iphonesimulator iphoneos";
				TARGETED_DEVICE_FAMILY = "1,2";
				USER_HEADER_SEARCH_PATHS = "$(WorkspaceDir)/source $(WorkspaceDir)/source/include $(WorkspaceDir)/source/app $(WorkspaceDir)/source/app/include $(WorkspaceDir)/operating_system $(WorkspaceDir)/operating_system/operating_system-$(PLATFORM_MODIFIER)/include . ..  $(WorkspaceDir)/../.. $(WorkspaceDir)/source/app $(WorkspaceDir)/source/app/include $(WorkspaceDir)/operating_system $(WorkspaceDir)/operating_system/operating_system-$(PLATFORM_MODIFIER) $(WorkspaceDir)/.. $(WorkspaceDir) $(WorkspaceDir)/source/app $(WorkspaceDir)/source/app/include $(WorkspaceDir)/operating_system $(WorkspaceDir)/operating_system/operating_system-$(PLATFORM_MODIFIER)/base aura/ $(WorkspaceDir)/source/app $(WorkspaceDir)/source/app/include $(WorkspaceDir)/operating_system $(WorkspaceDir)/operating_system/operating_system-$(PLATFORM_MODIFIER) $(WorkspaceDir)/operating_system-$(PLATFORM_MODIFIER)";
				WorkspaceDir = "$(SRCROOT)/../../..";
			};
			name = Release;
		};
/* End XCBuildConfiguration section */

/* Begin XCConfigurationList section */
		70443F92B360C83082DED99D /* Build configuration list for PBXNativeTarget "ios_simple_drawing" */ = {
			isa = XCConfigurationList;
			buildConfigurations = (
				76802E47BBAF8005FF9EB584 /* Debug */,
				3DE17A83BDD2E2A4AB82E907 /* Release */,
			);
			defaultConfigurationIsVisible = 0;
			defaultConfigurationName = Release;
		};
		CBF831853F07D67682F68868 /* Build configuration list for PBXNativeTarget "ios_simple_drawing_simple_drawingTests" */ = {
			isa = XCConfigurationList;
			buildConfigurations = (
				57356E59CCBC43E09BD7498F /* Debug */,
				890F1CE7917DC466B8861444 /* Release */,
			);
			defaultConfigurationIsVisible = 0;
			defaultConfigurationName = Release;
		};
		75AF651AC5106FD0C2A39D6E /* Build configuration list for PBXProject "ios_drawing" */ = {
			isa = XCConfigurationList;
			buildConfigurations = (
				A6F8821C8DC68EFAC8B7AE23 /* Debug */,
				D0C3686F2AE8268E42F38626 /* Release */,
			);
			defaultConfigurationIsVisible = 0;
			defaultConfigurationName = Release;
		};
/* End XCConfigurationList section */
	};
	rootObject = 65C65E9EE83634E2519163F0 /* Project object */;
}
