// !$*UTF8*$!
{
	archiveVersion = 1;
	classes = {
	};
	objectVersion = 54;
	objects = {

/* Begin PBXBuildFile section */
		489D8FB9EE0A4F6F43B2D75F /* libios_core_foundation.a in Frameworks */ = {isa = PBXBuildFile; fileRef = 27468B0595BAF7172124554C /* libios_core_foundation.a */; };
		BB93D434676C9597FC5F6641 /* libios_core_graphics.a in Frameworks */ = {isa = PBXBuildFile; fileRef = 4B188CDCE849F93C0D44BE1A /* libios_core_graphics.a */; };
		7C43CAF72449479D5EAD89A4 /* SystemConfiguration.framework in Frameworks */ = {isa = PBXBuildFile; fileRef = D2ED3F6B99A57E8842037E99 /* SystemConfiguration.framework */; };
		64603F38BE25691190055C62 /* libacme_windowing_uikit.a in Frameworks */ = {isa = PBXBuildFile; fileRef = 88457017939C06764C848C1D /* libacme_windowing_uikit.a */; };
		7A052D1772A117F7483BDE68 /* _static_factory_.inl in Resources */ = {isa = PBXBuildFile; fileRef = 4528F95AF7455FFDDA8F8071 /* _static_factory_.inl */; };
		C39B616DAE7D653BEA32CB4D /* liboperating_ambient_ios.a in Frameworks */ = {isa = PBXBuildFile; fileRef = EE9F7D9E27BDAAA49032674D /* liboperating_ambient_ios.a */; };
		D176BF69D78521736E6AA471 /* libcrypto.a in Frameworks */ = {isa = PBXBuildFile; fileRef = 3798EFF3445F15F0BCEB3410 /* libcrypto.a */; };
		BC7EC88282EA6811A6C4BC3B /* libssl.a in Frameworks */ = {isa = PBXBuildFile; fileRef = 7950A56A89C79B824F1F1072 /* libssl.a */; };
		ED41BFC9366E4EED45F5AF46 /* ImageIO.framework in Frameworks */ = {isa = PBXBuildFile; fileRef = D5526D56D37F0CA04B8EAC5E /* ImageIO.framework */; };
		1C4A8D6B5FDEC858D39B0A78 /* Foundation.framework in Frameworks */ = {isa = PBXBuildFile; fileRef = 142D133139C74C1B1579A598 /* Foundation.framework */; };
		A0B55DF650B4D6F5A73E0C07 /* libios_apex_darwin.a in Frameworks */ = {isa = PBXBuildFile; fileRef = 957579B8DCECEC297D9F1A5A /* libios_apex_darwin.a */; };
		C26814B1B990EB33D8610226 /* libios_acme_darwin.a in Frameworks */ = {isa = PBXBuildFile; fileRef = F2F78E1C5DA2260C33EA21A7 /* libios_acme_darwin.a */; };
		275EB3328A923CC07077C2AD /* libios_darwin.a in Frameworks */ = {isa = PBXBuildFile; fileRef = 2352BB5C73E4870FB3C18052 /* libios_darwin.a */; };
		BC3C50B60767FD102458B7D0 /* libios_aura_darwin.a in Frameworks */ = {isa = PBXBuildFile; fileRef = 7A14B6492726D33E5CE7A878 /* libios_aura_darwin.a */; };
		7C9FF164C6BCA2625E3A7CB2 /* libios_unac.a in Frameworks */ = {isa = PBXBuildFile; fileRef = E08729DC4A7A16F18051B671 /* libios_unac.a */; };
		39374CF3620CBF21FC21A165 /* UniformTypeIdentifiers.framework in Frameworks */ = {isa = PBXBuildFile; fileRef = 9C645D24C51F14D1B16A839E /* UniformTypeIdentifiers.framework */; };
		701DC7B310D55E39D01FBDAB /* libios_archive.a in Frameworks */ = {isa = PBXBuildFile; fileRef = EE14BC40047C53B528E86002 /* libios_archive.a */; };
		7F54D2179399EF55D92754D9 /* libios_app_simple_form.a in Frameworks */ = {isa = PBXBuildFile; fileRef = C9AA1D250FCD89978B0F2035 /* libios_app_simple_form.a */; };
		F8C0E76556A6135B9BA468B6 /* CoreServices.framework in Frameworks */ = {isa = PBXBuildFile; fileRef = 5E9D1835E355AA5CDAC72B1B /* CoreServices.framework */; };
		8E41C84ED59055A862E35599 /* libios_acme.a in Frameworks */ = {isa = PBXBuildFile; fileRef = ED08C1F5F4A81B6BE3269B05 /* libios_acme.a */; };
		F00F886D120676478BFF4558 /* libios_acme_apple.a in Frameworks */ = {isa = PBXBuildFile; fileRef = 8D976059AA3EBE8BCD8B7FFC /* libios_acme_apple.a */; };
		EAF32668572393063484A254 /* libacme_ios.a in Frameworks */ = {isa = PBXBuildFile; fileRef = 0F92BBB14796BDE79A0387C8 /* libacme_ios.a */; };
		4DE10718D990B7A162BB1887 /* libios_acme_posix.a in Frameworks */ = {isa = PBXBuildFile; fileRef = 375A6AF4824CBABC9D1BF991 /* libios_acme_posix.a */; };
		AC230C299DB7E79CE1148AFC /* libios_apex.a in Frameworks */ = {isa = PBXBuildFile; fileRef = A6DD72773050174C0F3C3403 /* libios_apex.a */; };
		8D44DFDE0A56461D1FD3D6B1 /* libios_apex_apple.a in Frameworks */ = {isa = PBXBuildFile; fileRef = 13F7607868A9269FB7A11589 /* libios_apex_apple.a */; };
		18279B419A519F2457578E73 /* libapex_ios.a in Frameworks */ = {isa = PBXBuildFile; fileRef = 4388D95644DFF186A43FD69B /* libapex_ios.a */; };
		4C8C3625DEE1107562F6CB8B /* libios_apex_posix.a in Frameworks */ = {isa = PBXBuildFile; fileRef = F5F28BDEDBB30A0D6AEBC2B9 /* libios_apex_posix.a */; };
		84BEE0C09EE3C03C962CB884 /* libios_aqua.a in Frameworks */ = {isa = PBXBuildFile; fileRef = 53CEA36F72DC4794313179F6 /* libios_aqua.a */; };
		7CB4E9EC4BE8D586F500412E /* libios_aura.a in Frameworks */ = {isa = PBXBuildFile; fileRef = 135873CF29C2D07AA2F48D15 /* libios_aura.a */; };
		CBA1723AF1263A2884192416 /* libios_aura_apple.a in Frameworks */ = {isa = PBXBuildFile; fileRef = 8D8B2BCB3DB6FF7769725931 /* libios_aura_apple.a */; };
		0BA97AB30FBFE35AE85D75E8 /* libaura_ios.a in Frameworks */ = {isa = PBXBuildFile; fileRef = A9C19398C012EF1890863F8C /* libaura_ios.a */; };
		DF4BC7E7BBBDC8C945596395 /* libios_aura_posix.a in Frameworks */ = {isa = PBXBuildFile; fileRef = 0833040A51473A25AC83B91F /* libios_aura_posix.a */; };
		D11380A577E67E2CC75E8062 /* libios_axis.a in Frameworks */ = {isa = PBXBuildFile; fileRef = 84C443A27C51B134ED8C7ED5 /* libios_axis.a */; };
		C342BD30A21C181595355564 /* libios_berg.a in Frameworks */ = {isa = PBXBuildFile; fileRef = 93918019592BF70A5D332FF7 /* libios_berg.a */; };
		77E91B911D36F75FEEA05CC7 /* libios_crypto_openssl.a in Frameworks */ = {isa = PBXBuildFile; fileRef = C2A667BC984493B77BE433C3 /* libios_crypto_openssl.a */; };
		BCD036B3A7BF1E5986A5B593 /* libios_database_sqlite3.a in Frameworks */ = {isa = PBXBuildFile; fileRef = 2BD4D72F3F5D79FE60372B06 /* libios_database_sqlite3.a */; };
		A66070C70E511881458D1760 /* libios_draw2d_quartz2d.a in Frameworks */ = {isa = PBXBuildFile; fileRef = 81B774A260608BBAF8C9D2CA /* libios_draw2d_quartz2d.a */; };
		85A45587D9DCF4BEB520E43B /* libios_experience_tranquillum.a in Frameworks */ = {isa = PBXBuildFile; fileRef = 6F05FE690BC9E74186CED8D6 /* libios_experience_tranquillum.a */; };
		7EA89D7C49A469DCF817CCB8 /* libios_folder_zip.a in Frameworks */ = {isa = PBXBuildFile; fileRef = 78426E6681EAF44BA155DA88 /* libios_folder_zip.a */; };
		68DD18E579EE7D5FF04CC8E8 /* libios_idn.a in Frameworks */ = {isa = PBXBuildFile; fileRef = 5C64152EA45FC6981F80116F /* libios_idn.a */; };
		0FB2538EA155F765D5F3CBAA /* libios_imaging_coreimage.a in Frameworks */ = {isa = PBXBuildFile; fileRef = 540289E1B2D021CB1DD55825 /* libios_imaging_coreimage.a */; };
		B610FD121FB89A33E281D7F0 /* libwindowing_ios.a in Frameworks */ = {isa = PBXBuildFile; fileRef = D34E6A1FCAF2E856F3F16AAD /* libwindowing_ios.a */; };
		89CE60592FB95751BAC09D01 /* libios_write_text_quartz2d.a in Frameworks */ = {isa = PBXBuildFile; fileRef = 972D8193ABD3258323E8BF43 /* libios_write_text_quartz2d.a */; };
		CC1174142AA9795C53DAE041 /* libnode_ios.a in Frameworks */ = {isa = PBXBuildFile; fileRef = 2FE87681A3F5B433EA27C03A /* libnode_ios.a */; };
		361A5865520C0464D2C8577D /* libios_acme_windowing_kit.a in Frameworks */ = {isa = PBXBuildFile; fileRef = 4B0AB7FAA26F1FE4A3826201 /* libios_acme_windowing_kit.a */; };
		CB6F17E99609AA73C4BF5F35 /* libinnate_ui_uikit.a in Frameworks */ = {isa = PBXBuildFile; fileRef = 7BF5DAD9C7F35FF1DA5720C5 /* libinnate_ui_uikit.a */; };
		DF9B66F4A521A929AB8AFB6C /* libios_nano_graphics_quartz2d.a in Frameworks */ = {isa = PBXBuildFile; fileRef = 94D7BB9BF298C3208547C4A4 /* libios_nano_graphics_quartz2d.a */; };
		DA77E92442611463C8FA394F /* Launch Screen.storyboard in Resources */ = {isa = PBXBuildFile; fileRef = 91C555ADEFAC27537423E3C1 /* Launch Screen.storyboard */; };
		F2B7A777FF2D7C175514DCC0 /* Images.xcassets in Resources */ = {isa = PBXBuildFile; fileRef = 2C935A381EB95B1AD0C67CCB /* Images.xcassets */; };
		41BBB6C5B8E1497E4FE14189 /* _matter.zip in Resources */ = {isa = PBXBuildFile; fileRef = C767249906769284B41F5B94 /* _matter.zip */; };
		9723FD2BDD2189594282FB81 /* main.cpp in Sources */ = {isa = PBXBuildFile; fileRef = 71017A494C01DE0C40253A01 /* main.cpp */; };
		35023975F61A97A7364BD554 /* CoreFoundation.framework in Frameworks */ = {isa = PBXBuildFile; fileRef = 1A05877996C048E6D546A055 /* CoreFoundation.framework */; };
		71E0B1863BFCD26F629959F2 /* libbz2.tbd in Frameworks */ = {isa = PBXBuildFile; fileRef = E27856CB4CEFC86097E6BB59 /* libbz2.tbd */; };
		324C1EF88B3508B515DEA167 /* libz.tbd in Frameworks */ = {isa = PBXBuildFile; fileRef = 84C98AEC8E64942869DBD5B3 /* libz.tbd */; };
		1CC3C3824811A82058F55934 /* UIKit.framework in Frameworks */ = {isa = PBXBuildFile; fileRef = 569476C3DC87CD448BC2D648 /* UIKit.framework */; };
		314619E9B8E351DBA870421B /* libiconv.tbd in Frameworks */ = {isa = PBXBuildFile; fileRef = 2FEAD54D39F07A57C826A729 /* libiconv.tbd */; };
		1B39644C7E5E04DDA90EFEB2 /* CoreGraphics.framework in Frameworks */ = {isa = PBXBuildFile; fileRef = 41EAE5D001364B59DB4CBA2C /* CoreGraphics.framework */; };
		C0BFC6C93DCB18213D213F27 /* CoreText.framework in Frameworks */ = {isa = PBXBuildFile; fileRef = 037F7765984B6BCCFD7AE530 /* CoreText.framework */; };
		A28A83C4D5251FA870F95EC0 /* libsqlite3.tbd in Frameworks */ = {isa = PBXBuildFile; fileRef = F993FA408DC334BB396DFCF6 /* libsqlite3.tbd */; };
/* End PBXBuildFile section */

/* Begin PBXContainerItemProxy section */
		0E6A47CE7CE606FF12C1608D /* PBXContainerItemProxy */ = {
			isa = PBXContainerItemProxy;
			containerPortal = 7DA2CA57E2D220CDD452863D /* Project object */;
			proxyType = 1;
			remoteGlobalIDString = 2056E4A600FFDF1461BB88A8;
			remoteInfo = wiossimple_form_simple_form;
		};
		D7B5BAD20456C9A393125138 /* PBXContainerItemProxy */ = {
			isa = PBXContainerItemProxy;
			containerPortal = 4B0E3E30ACC1A2745B34DF3B /* crypto_openssl.xcodeproj */;
			proxyType = 2;
			remoteGlobalIDString = 8EB15CD8A2E238785F455403;
			remoteInfo = static_crypto_openssl;
		};
		9C2F5D374B7E0F374F4A3C39 /* PBXContainerItemProxy */ = {
			isa = PBXContainerItemProxy;
			containerPortal = CB4ADD4C80165CCC19603D0B /* folder_zip.xcodeproj */;
			proxyType = 2;
			remoteGlobalIDString = 594B3750FFD2E6CABDD0A425;
			remoteInfo = static_folder_zip;
		};
		F79584D0C693355C6E80857E /* PBXContainerItemProxy */ = {
			isa = PBXContainerItemProxy;
			containerPortal = 8343AFDE30778BAD4523890E /* imaging_coreimage.xcodeproj */;
			proxyType = 2;
			remoteGlobalIDString = 6CE23296FBA342FF94633499;
			remoteInfo = imaging_coreimage;
		};
		118D698FE5198842E2C4DE3D /* PBXContainerItemProxy */ = {
			isa = PBXContainerItemProxy;
			containerPortal = 8343AFDE30778BAD4523890E /* imaging_coreimage.xcodeproj */;
			proxyType = 2;
			remoteGlobalIDString = C6263A695AAC13908C78BB0E;
			remoteInfo = ios_imaging_coreimage;
		};
		50A1A995358EC8A5D690FD33 /* PBXContainerItemProxy */ = {
			isa = PBXContainerItemProxy;
			containerPortal = 8343AFDE30778BAD4523890E /* imaging_coreimage.xcodeproj */;
			proxyType = 2;
			remoteGlobalIDString = C424910FFFBAD50782D412EE;
			remoteInfo = math_iosTests;
		};
		655BF2916C87CDD7CBDAE052 /* PBXContainerItemProxy */ = {
			isa = PBXContainerItemProxy;
			containerPortal = 57D3253A95970B677FD7AE9D /* draw2d_quartz2d.xcodeproj */;
			proxyType = 2;
			remoteGlobalIDString = 7384CFC7D297323C33C5FC52;
			remoteInfo = draw2d_quartz2d;
		};
		F42611D5C928AC29CA18375B /* PBXContainerItemProxy */ = {
			isa = PBXContainerItemProxy;
			containerPortal = 57D3253A95970B677FD7AE9D /* draw2d_quartz2d.xcodeproj */;
			proxyType = 2;
			remoteGlobalIDString = 42FCD051F2B773A4E2C81813;
			remoteInfo = ios_draw2d_quartz2d;
		};
		C76EB0C733A7DE756BD9EA7F /* PBXContainerItemProxy */ = {
			isa = PBXContainerItemProxy;
			containerPortal = CB4ADD4C80165CCC19603D0B /* folder_zip.xcodeproj */;
			proxyType = 2;
			remoteGlobalIDString = 1A9485C6A3C87EAF4A351D85;
			remoteInfo = folder_zip;
		};
		C5BA4E708594EBFB6582DE8B /* PBXContainerItemProxy */ = {
			isa = PBXContainerItemProxy;
			containerPortal = CB4ADD4C80165CCC19603D0B /* folder_zip.xcodeproj */;
			proxyType = 2;
			remoteGlobalIDString = 877C5DA152960224128C2480;
			remoteInfo = ios_folder_zip;
		};
		D6529DD298EE30D712D99386 /* PBXContainerItemProxy */ = {
			isa = PBXContainerItemProxy;
			containerPortal = 25BF55AB3DAC33658F3EB228 /* app_simple_form.xcodeproj */;
			proxyType = 2;
			remoteGlobalIDString = 310CB76DBDBC522245C20884;
			remoteInfo = app_simple_form;
		};
		EB71927E9DEC2268C4F4D88B /* PBXContainerItemProxy */ = {
			isa = PBXContainerItemProxy;
			containerPortal = 25BF55AB3DAC33658F3EB228 /* app_simple_form.xcodeproj */;
			proxyType = 2;
			remoteGlobalIDString = 65FEDE64FB6BD51D97736ADF;
			remoteInfo = ios_app_simple_form;
		};
		7326A37B843DCAFB876266FA /* PBXContainerItemProxy */ = {
			isa = PBXContainerItemProxy;
			containerPortal = 25BF55AB3DAC33658F3EB228 /* app_simple_form.xcodeproj */;
			proxyType = 2;
			remoteGlobalIDString = C57843BB33781D5603317841;
			remoteInfo = app_core_hellomultiverse_iosTests;
		};
		927876D90731D994648E0DE2 /* PBXContainerItemProxy */ = {
			isa = PBXContainerItemProxy;
			containerPortal = 4B0E3E30ACC1A2745B34DF3B /* crypto_openssl.xcodeproj */;
			proxyType = 2;
			remoteGlobalIDString = 05F6B639A4C58F3D6CE7A033;
			remoteInfo = crypto_openssl;
		};
		8EBBA019E2BF8C01CAE04A4B /* PBXContainerItemProxy */ = {
			isa = PBXContainerItemProxy;
			containerPortal = 4B0E3E30ACC1A2745B34DF3B /* crypto_openssl.xcodeproj */;
			proxyType = 2;
			remoteGlobalIDString = 007599CAAABCB1C1BE567A76;
			remoteInfo = ios_crypto_openssl;
		};
		0F509F083AC8C14F307A4B7A /* PBXContainerItemProxy */ = {
			isa = PBXContainerItemProxy;
			containerPortal = 54414113E6D451DB388EA602 /* database_sqlite3.xcodeproj */;
			proxyType = 2;
			remoteGlobalIDString = 9AE12E782661E97E009F476A;
			remoteInfo = database_sqlite3;
		};
		435F8E793C16EB1D6B5A5984 /* PBXContainerItemProxy */ = {
			isa = PBXContainerItemProxy;
			containerPortal = 54414113E6D451DB388EA602 /* database_sqlite3.xcodeproj */;
			proxyType = 2;
			remoteGlobalIDString = 9A93B4C32846E5EF005ACD11;
			remoteInfo = ios_database_sqlite3;
		};
		EF5E716FEEA7DD2C8442F503 /* PBXContainerItemProxy */ = {
			isa = PBXContainerItemProxy;
			containerPortal = 2FA59E18F4B940023BCB26A5 /* write_text_quartz2d.xcodeproj */;
			proxyType = 2;
			remoteGlobalIDString = 0010C0CDA03DB72745411F3F;
			remoteInfo = write_text_quartz2d;
		};
		E4F5B9DCD8CF3B12B08C52F8 /* PBXContainerItemProxy */ = {
			isa = PBXContainerItemProxy;
			containerPortal = 2FA59E18F4B940023BCB26A5 /* write_text_quartz2d.xcodeproj */;
			proxyType = 2;
			remoteGlobalIDString = 7721B0782CB11940E577F585;
			remoteInfo = ios_write_text_quartz2d;
		};
		B4663A28B9B02E6E7730192C /* PBXContainerItemProxy */ = {
			isa = PBXContainerItemProxy;
			containerPortal = BC90D6076DB05007D92A44FC /* experience_tranquillum.xcodeproj */;
			proxyType = 2;
			remoteGlobalIDString = 3B14F32A49212E4FBF8937F5;
			remoteInfo = experience_tranquillum;
		};
		79CF0E37C233FC850AD88B29 /* PBXContainerItemProxy */ = {
			isa = PBXContainerItemProxy;
			containerPortal = BC90D6076DB05007D92A44FC /* experience_tranquillum.xcodeproj */;
			proxyType = 2;
			remoteGlobalIDString = 0C423282AD4BFB38C3A3F196;
			remoteInfo = ios_experience_tranquillum;
		};
		8998E8AF534397612C9293BB /* PBXContainerItemProxy */ = {
			isa = PBXContainerItemProxy;
			containerPortal = BC90D6076DB05007D92A44FC /* experience_tranquillum.xcodeproj */;
			proxyType = 2;
			remoteGlobalIDString = A2DCEA93D05C706E317BDD9C;
			remoteInfo = experience_lite_iosTests;
		};
		7DEB2A67D01A4C117BC9551D /* PBXContainerItemProxy */ = {
			isa = PBXContainerItemProxy;
			containerPortal = 54414113E6D451DB388EA602 /* database_sqlite3.xcodeproj */;
			proxyType = 1;
			remoteGlobalIDString = FB83F4A6AD621C4D6FA9988D;
			remoteInfo = ios_database_sqlite3;
		};
		FA03B50A13872F1E51AAA03C /* PBXContainerItemProxy */ = {
			isa = PBXContainerItemProxy;
			containerPortal = 4B0E3E30ACC1A2745B34DF3B /* crypto_openssl.xcodeproj */;
			proxyType = 1;
			remoteGlobalIDString = BB4D8D686633930ACD233ADC;
			remoteInfo = ios_crypto_openssl;
		};
		0573B5DAD44B6F6A6D481690 /* PBXContainerItemProxy */ = {
			isa = PBXContainerItemProxy;
			containerPortal = 57D3253A95970B677FD7AE9D /* draw2d_quartz2d.xcodeproj */;
			proxyType = 1;
			remoteGlobalIDString = 5B08D4CAD8FAC29E5955A6B3;
			remoteInfo = ios_draw2d_quartz2d;
		};
		4AD747D2393899A7E8C00CB4 /* PBXContainerItemProxy */ = {
			isa = PBXContainerItemProxy;
			containerPortal = BC90D6076DB05007D92A44FC /* experience_tranquillum.xcodeproj */;
			proxyType = 1;
			remoteGlobalIDString = 3540B22947B4748B5067E82F;
			remoteInfo = ios_experience_tranquillum;
		};
		49EBC0DCE5B6FB2B4D915BFB /* PBXContainerItemProxy */ = {
			isa = PBXContainerItemProxy;
			containerPortal = CB4ADD4C80165CCC19603D0B /* folder_zip.xcodeproj */;
			proxyType = 1;
			remoteGlobalIDString = 343D1D1EE1699E21118CEE07;
			remoteInfo = ios_folder_zip;
		};
		9D4EE2935EDBD5253832DDCA /* PBXContainerItemProxy */ = {
			isa = PBXContainerItemProxy;
			containerPortal = 8343AFDE30778BAD4523890E /* imaging_coreimage.xcodeproj */;
			proxyType = 1;
			remoteGlobalIDString = A46720C58019266DD9E7DB04;
			remoteInfo = ios_imaging_coreimage;
		};
		530363D24DDFA83DCE9143D1 /* PBXContainerItemProxy */ = {
			isa = PBXContainerItemProxy;
			containerPortal = 2FA59E18F4B940023BCB26A5 /* write_text_quartz2d.xcodeproj */;
			proxyType = 1;
			remoteGlobalIDString = 5FDC35D52EA3D172D787A020;
			remoteInfo = ios_write_text_quartz2d;
		};
		19658402EA5A05F16C6E2394 /* PBXContainerItemProxy */ = {
			isa = PBXContainerItemProxy;
			containerPortal = C0FA044E8F07C6CF393BDE8C /* operating_ambient_ios.xcodeproj */;
			proxyType = 1;
			remoteGlobalIDString = 2DDB0991ADB2C31D1DA972C6;
			remoteInfo = operating_ambient_ios;
		};
		68C595A473AECF8E60806183 /* PBXContainerItemProxy */ = {
			isa = PBXContainerItemProxy;
			containerPortal = 25BF55AB3DAC33658F3EB228 /* app_simple_form.xcodeproj */;
			proxyType = 1;
			remoteGlobalIDString = 46215807954B2B6FCE8D65D9;
			remoteInfo = ios_app_simple_form;
		};
		B0A27535FB6C306D5D0033F7 /* PBXContainerItemProxy */ = {
			isa = PBXContainerItemProxy;
			containerPortal = C0FA044E8F07C6CF393BDE8C /* operating_ambient_ios.xcodeproj */;
			proxyType = 2;
			remoteGlobalIDString = 3C3E16C62A877886D51077B5;
			remoteInfo = operating_ambient_ios;
		};
/* End PBXContainerItemProxy section */

/* Begin PBXFileReference section */
		27468B0595BAF7172124554C /* libios_core_foundation.a */ = {isa = PBXFileReference; explicitFileType = "compiled.mach-o.dylib"; path = libios_core_foundation.a; sourceTree = BUILT_PRODUCTS_DIR; };
		4B188CDCE849F93C0D44BE1A /* libios_core_graphics.a */ = {isa = PBXFileReference; explicitFileType = "compiled.mach-o.dylib"; path = libios_core_graphics.a; sourceTree = BUILT_PRODUCTS_DIR; };
		569476C3DC87CD448BC2D648 /* UIKit.framework */ = {isa = PBXFileReference; lastKnownFileType = wrapper.framework; name = UIKit.framework; path = System/Library/Frameworks/UIKit.framework; sourceTree = SDKROOT; };
		B5E3FB4FF47B195769985E93 /* _ios_app_simple_form.app */ = {isa = PBXFileReference; explicitFileType = wrapper.application; includeInIndex = 0; path = _ios_app_simple_form.app; sourceTree = BUILT_PRODUCTS_DIR; };
		7B0F227E5141036ADA9601E4 /* ios_simple_form_simple_formTests.xctest */ = {isa = PBXFileReference; explicitFileType = wrapper.cfbundle; includeInIndex = 0; path = ios_simple_form_simple_formTests.xctest; sourceTree = BUILT_PRODUCTS_DIR; };
		1A05877996C048E6D546A055 /* CoreFoundation.framework */ = {isa = PBXFileReference; lastKnownFileType = wrapper.framework; name = CoreFoundation.framework; path = System/Library/Frameworks/CoreFoundation.framework; sourceTree = SDKROOT; };
		D2ED3F6B99A57E8842037E99 /* SystemConfiguration.framework */ = {isa = PBXFileReference; lastKnownFileType = wrapper.framework; name = SystemConfiguration.framework; path = System/Library/Frameworks/SystemConfiguration.framework; sourceTree = SDKROOT; };
		88457017939C06764C848C1D /* libacme_windowing_uikit.a */ = {isa = PBXFileReference; explicitFileType = "compiled.mach-o.dylib"; path = libacme_windowing_uikit.a; sourceTree = BUILT_PRODUCTS_DIR; };
		4528F95AF7455FFDDA8F8071 /* _static_factory_.inl */ = {isa = PBXFileReference; lastKnownFileType = text; path = _static_factory_.inl; sourceTree = "<group>"; };
		EE9F7D9E27BDAAA49032674D /* liboperating_ambient_ios.a */ = {isa = PBXFileReference; explicitFileType = "compiled.mach-o.dylib"; path = liboperating_ambient_ios.a; sourceTree = BUILT_PRODUCTS_DIR; };
		3798EFF3445F15F0BCEB3410 /* libcrypto.a */ = {isa = PBXFileReference; lastKnownFileType = archive.ar; name = libcrypto.a; path = "../../../platform/iPhoneSimulator10.1-x86_64.sdk/lib/libcrypto.a"; sourceTree = "<group>"; };
		7950A56A89C79B824F1F1072 /* libssl.a */ = {isa = PBXFileReference; lastKnownFileType = archive.ar; name = libssl.a; path = "../../../platform/iPhoneSimulator10.1-x86_64.sdk/lib/libssl.a"; sourceTree = "<group>"; };
		D5526D56D37F0CA04B8EAC5E /* ImageIO.framework */ = {isa = PBXFileReference; lastKnownFileType = wrapper.framework; name = ImageIO.framework; path = System/Library/Frameworks/ImageIO.framework; sourceTree = SDKROOT; };
		D6D44D4C7576F072B0A6FABB /* MobileCoreServices.framework */ = {isa = PBXFileReference; lastKnownFileType = wrapper.framework; name = MobileCoreServices.framework; path = System/Library/Frameworks/MobileCoreServices.framework; sourceTree = SDKROOT; };
		DC4EB307C81BABAE628BFB92 /* _____debug.xcconfig */ = {isa = PBXFileReference; fileEncoding = 4; lastKnownFileType = text.xcconfig; name = "_____debug.xcconfig"; path = "../_____debug.xcconfig"; sourceTree = "<group>"; };
		2056489F86F5ADB91D206404 /* _____release.xcconfig */ = {isa = PBXFileReference; fileEncoding = 4; lastKnownFileType = text.xcconfig; name = "_____release.xcconfig"; path = "../_____release.xcconfig"; sourceTree = "<group>"; };
		8C0545A3BEDB07BFA178DC00 /* libios_acme_darwin.a */ = {isa = PBXFileReference; explicitFileType = "compiled.mach-o.dylib"; path = libios_acme_darwin.a; sourceTree = BUILT_PRODUCTS_DIR; };
		957579B8DCECEC297D9F1A5A /* libios_apex_darwin.a */ = {isa = PBXFileReference; explicitFileType = "compiled.mach-o.dylib"; path = libios_apex_darwin.a; sourceTree = BUILT_PRODUCTS_DIR; };
		F2F78E1C5DA2260C33EA21A7 /* libios_acme_darwin.a */ = {isa = PBXFileReference; explicitFileType = "compiled.mach-o.dylib"; path = libios_acme_darwin.a; sourceTree = BUILT_PRODUCTS_DIR; };
		83029BC67AC3A36897B4F01C /* libaura_darwin.dylib */ = {isa = PBXFileReference; explicitFileType = "compiled.mach-o.dylib"; path = libaura_darwin.dylib; sourceTree = BUILT_PRODUCTS_DIR; };
		2352BB5C73E4870FB3C18052 /* libios_darwin.a */ = {isa = PBXFileReference; explicitFileType = "compiled.mach-o.dylib"; path = libios_darwin.a; sourceTree = BUILT_PRODUCTS_DIR; };
		7A14B6492726D33E5CE7A878 /* libios_aura_darwin.a */ = {isa = PBXFileReference; explicitFileType = "compiled.mach-o.dylib"; path = libios_aura_darwin.a; sourceTree = BUILT_PRODUCTS_DIR; };
		7D15E63C670AF520943D976F /* libunac.dylib */ = {isa = PBXFileReference; explicitFileType = "compiled.mach-o.dylib"; path = libunac.dylib; sourceTree = BUILT_PRODUCTS_DIR; };
		E08729DC4A7A16F18051B671 /* libios_unac.a */ = {isa = PBXFileReference; explicitFileType = "compiled.mach-o.dylib"; path = libios_unac.a; sourceTree = BUILT_PRODUCTS_DIR; };
		9C645D24C51F14D1B16A839E /* UniformTypeIdentifiers.framework */ = {isa = PBXFileReference; lastKnownFileType = wrapper.framework; name = UniformTypeIdentifiers.framework; path = System/Library/Frameworks/UniformTypeIdentifiers.framework; sourceTree = SDKROOT; };
		EE14BC40047C53B528E86002 /* libios_archive.a */ = {isa = PBXFileReference; explicitFileType = "compiled.mach-o.dylib"; path = libios_archive.a; sourceTree = BUILT_PRODUCTS_DIR; };
		75F84199A5D29873B82BFFE4 /* AppKit.framework */ = {isa = PBXFileReference; lastKnownFileType = wrapper.framework; name = AppKit.framework; path = System/Library/Frameworks/AppKit.framework; sourceTree = SDKROOT; };
		DAFFC641F7D9C50729FCD307 /* CoreData.framework */ = {isa = PBXFileReference; lastKnownFileType = wrapper.framework; name = CoreData.framework; path = System/Library/Frameworks/CoreData.framework; sourceTree = SDKROOT; };
		142D133139C74C1B1579A598 /* Foundation.framework */ = {isa = PBXFileReference; lastKnownFileType = wrapper.framework; name = Foundation.framework; path = System/Library/Frameworks/Foundation.framework; sourceTree = SDKROOT; };
		85BB4970DFAF9899E6AF0F14 /* libios_gcom.dylib */ = {isa = PBXFileReference; lastKnownFileType = "compiled.mach-o.dylib"; name = libios_gcom.dylib; path = "../../../../Volumes/apple/archive/Xcode/DerivedData/Build/Products/Debug-iphonesimulator/libios_gcom.dylib"; sourceTree = "<group>"; };
		037F7765984B6BCCFD7AE530 /* CoreText.framework */ = {isa = PBXFileReference; lastKnownFileType = wrapper.framework; name = CoreText.framework; path = System/Library/Frameworks/CoreText.framework; sourceTree = SDKROOT; };
		84C98AEC8E64942869DBD5B3 /* libz.tbd */ = {isa = PBXFileReference; lastKnownFileType = "sourcecode.text-based-dylib-definition"; name = libz.tbd; path = usr/lib/libz.tbd; sourceTree = SDKROOT; };
		E27856CB4CEFC86097E6BB59 /* libbz2.tbd */ = {isa = PBXFileReference; lastKnownFileType = "sourcecode.text-based-dylib-definition"; name = libbz2.tbd; path = usr/lib/libbz2.tbd; sourceTree = SDKROOT; };
		F993FA408DC334BB396DFCF6 /* libsqlite3.tbd */ = {isa = PBXFileReference; lastKnownFileType = "sourcecode.text-based-dylib-definition"; name = libsqlite3.tbd; path = usr/lib/libsqlite3.tbd; sourceTree = SDKROOT; };
		C0FA044E8F07C6CF393BDE8C /* operating_ambient_ios.xcodeproj */ = {isa = PBXFileReference; lastKnownFileType = "wrapper.pb-project"; name = operating_ambient_ios.xcodeproj; path = "../../../../operating_system/operating_system-ios/operating_ambient_ios/operating_ambient_ios.xcodeproj"; sourceTree = SOURCE_ROOT; };
		8343AFDE30778BAD4523890E /* imaging_coreimage.xcodeproj */ = {isa = PBXFileReference; lastKnownFileType = "wrapper.pb-project"; name = imaging_coreimage.xcodeproj; path = "../../../../operating_system/operating_system-apple/imaging_coreimage/imaging_coreimage.xcodeproj"; sourceTree = SOURCE_ROOT; };
		57D3253A95970B677FD7AE9D /* draw2d_quartz2d.xcodeproj */ = {isa = PBXFileReference; lastKnownFileType = "wrapper.pb-project"; name = draw2d_quartz2d.xcodeproj; path = "../../../../operating_system/operating_system-apple/draw2d_quartz2d/draw2d_quartz2d.xcodeproj"; sourceTree = SOURCE_ROOT; };
		CB4ADD4C80165CCC19603D0B /* folder_zip.xcodeproj */ = {isa = PBXFileReference; lastKnownFileType = "wrapper.pb-project"; name = folder_zip.xcodeproj; path = ../../../app/folder_zip/folder_zip.xcodeproj; sourceTree = SOURCE_ROOT; };
		25BF55AB3DAC33658F3EB228 /* app_simple_form.xcodeproj */ = {isa = PBXFileReference; lastKnownFileType = "wrapper.pb-project"; name = app_simple_form.xcodeproj; path = ../app_simple_form.xcodeproj; sourceTree = SOURCE_ROOT; };
		4B0E3E30ACC1A2745B34DF3B /* crypto_openssl.xcodeproj */ = {isa = PBXFileReference; lastKnownFileType = "wrapper.pb-project"; name = crypto_openssl.xcodeproj; path = ../../../app/crypto_openssl/crypto_openssl.xcodeproj; sourceTree = SOURCE_ROOT; };
		54414113E6D451DB388EA602 /* database_sqlite3.xcodeproj */ = {isa = PBXFileReference; lastKnownFileType = "wrapper.pb-project"; name = database_sqlite3.xcodeproj; path = ../../../app/database_sqlite3/database_sqlite3.xcodeproj; sourceTree = SOURCE_ROOT; };
		2FA59E18F4B940023BCB26A5 /* write_text_quartz2d.xcodeproj */ = {isa = PBXFileReference; lastKnownFileType = "wrapper.pb-project"; name = write_text_quartz2d.xcodeproj; path = "../../../../operating_system/operating_system-apple/write_text_quartz2d/write_text_quartz2d.xcodeproj"; sourceTree = SOURCE_ROOT; };
		BC90D6076DB05007D92A44FC /* experience_tranquillum.xcodeproj */ = {isa = PBXFileReference; lastKnownFileType = "wrapper.pb-project"; name = experience_tranquillum.xcodeproj; path = ../../../app/experience_tranquillum/experience_tranquillum.xcodeproj; sourceTree = SOURCE_ROOT; };
		5E9D1835E355AA5CDAC72B1B /* CoreServices.framework */ = {isa = PBXFileReference; lastKnownFileType = wrapper.framework; name = CoreServices.framework; path = System/Library/Frameworks/CoreServices.framework; sourceTree = SDKROOT; };
		ED08C1F5F4A81B6BE3269B05 /* libios_acme.a */ = {isa = PBXFileReference; explicitFileType = "compiled.mach-o.dylib"; path = libios_acme.a; sourceTree = BUILT_PRODUCTS_DIR; };
		8D976059AA3EBE8BCD8B7FFC /* libios_acme_apple.a */ = {isa = PBXFileReference; explicitFileType = "compiled.mach-o.dylib"; path = libios_acme_apple.a; sourceTree = BUILT_PRODUCTS_DIR; };
		0F92BBB14796BDE79A0387C8 /* libacme_ios.a */ = {isa = PBXFileReference; explicitFileType = "compiled.mach-o.dylib"; path = libacme_ios.a; sourceTree = BUILT_PRODUCTS_DIR; };
		375A6AF4824CBABC9D1BF991 /* libios_acme_posix.a */ = {isa = PBXFileReference; explicitFileType = "compiled.mach-o.dylib"; path = libios_acme_posix.a; sourceTree = BUILT_PRODUCTS_DIR; };
		A6DD72773050174C0F3C3403 /* libios_apex.a */ = {isa = PBXFileReference; explicitFileType = "compiled.mach-o.dylib"; path = libios_apex.a; sourceTree = BUILT_PRODUCTS_DIR; };
		13F7607868A9269FB7A11589 /* libios_apex_apple.a */ = {isa = PBXFileReference; explicitFileType = "compiled.mach-o.dylib"; path = libios_apex_apple.a; sourceTree = BUILT_PRODUCTS_DIR; };
		4388D95644DFF186A43FD69B /* libapex_ios.a */ = {isa = PBXFileReference; explicitFileType = "compiled.mach-o.dylib"; path = libapex_ios.a; sourceTree = BUILT_PRODUCTS_DIR; };
		F5F28BDEDBB30A0D6AEBC2B9 /* libios_apex_posix.a */ = {isa = PBXFileReference; explicitFileType = "compiled.mach-o.dylib"; path = libios_apex_posix.a; sourceTree = BUILT_PRODUCTS_DIR; };
		53CEA36F72DC4794313179F6 /* libios_aqua.a */ = {isa = PBXFileReference; explicitFileType = "compiled.mach-o.dylib"; path = libios_aqua.a; sourceTree = BUILT_PRODUCTS_DIR; };
		135873CF29C2D07AA2F48D15 /* libios_aura.a */ = {isa = PBXFileReference; explicitFileType = archive.ar; path = libios_aura.a; sourceTree = BUILT_PRODUCTS_DIR; };
		8D8B2BCB3DB6FF7769725931 /* libios_aura_apple.a */ = {isa = PBXFileReference; explicitFileType = "compiled.mach-o.dylib"; path = libios_aura_apple.a; sourceTree = BUILT_PRODUCTS_DIR; };
		A9C19398C012EF1890863F8C /* libaura_ios.a */ = {isa = PBXFileReference; explicitFileType = "compiled.mach-o.dylib"; path = libaura_ios.a; sourceTree = BUILT_PRODUCTS_DIR; };
		921DE1E5C847B38995D2FBBF /* libios_aura_macos.a */ = {isa = PBXFileReference; explicitFileType = archive.ar; path = libios_aura_macos.a; sourceTree = BUILT_PRODUCTS_DIR; };
		0833040A51473A25AC83B91F /* libios_aura_posix.a */ = {isa = PBXFileReference; explicitFileType = archive.ar; path = libios_aura_posix.a; sourceTree = BUILT_PRODUCTS_DIR; };
		84C443A27C51B134ED8C7ED5 /* libios_axis.a */ = {isa = PBXFileReference; explicitFileType = "compiled.mach-o.dylib"; path = libios_axis.a; sourceTree = BUILT_PRODUCTS_DIR; };
		93918019592BF70A5D332FF7 /* libios_berg.a */ = {isa = PBXFileReference; explicitFileType = "compiled.mach-o.dylib"; path = libios_berg.a; sourceTree = BUILT_PRODUCTS_DIR; };
		5C64152EA45FC6981F80116F /* libios_idn.a */ = {isa = PBXFileReference; explicitFileType = "compiled.mach-o.dylib"; path = libios_idn.a; sourceTree = BUILT_PRODUCTS_DIR; };
		6B37617F7474381432A3EE4D /* libnode_macos.dylib */ = {isa = PBXFileReference; explicitFileType = "compiled.mach-o.dylib"; path = libnode_macos.dylib; sourceTree = BUILT_PRODUCTS_DIR; };
		D34E6A1FCAF2E856F3F16AAD /* libwindowing_ios.a */ = {isa = PBXFileReference; explicitFileType = "compiled.mach-o.dylib"; path = libwindowing_ios.a; sourceTree = BUILT_PRODUCTS_DIR; };
		2FE87681A3F5B433EA27C03A /* libnode_ios.a */ = {isa = PBXFileReference; explicitFileType = "compiled.mach-o.dylib"; path = libnode_ios.a; sourceTree = BUILT_PRODUCTS_DIR; };
		4B0AB7FAA26F1FE4A3826201 /* libios_acme_windowing_kit.a */ = {isa = PBXFileReference; explicitFileType = "compiled.mach-o.dylib"; path = libios_acme_windowing_kit.a; sourceTree = BUILT_PRODUCTS_DIR; };
		7BF5DAD9C7F35FF1DA5720C5 /* libinnate_ui_uikit.a */ = {isa = PBXFileReference; explicitFileType = "compiled.mach-o.dylib"; path = libinnate_ui_uikit.a; sourceTree = BUILT_PRODUCTS_DIR; };
		94D7BB9BF298C3208547C4A4 /* libios_nano_graphics_quartz2d.a */ = {isa = PBXFileReference; explicitFileType = "compiled.mach-o.dylib"; path = libios_nano_graphics_quartz2d.a; sourceTree = BUILT_PRODUCTS_DIR; };
		41EAE5D001364B59DB4CBA2C /* CoreGraphics.framework */ = {isa = PBXFileReference; lastKnownFileType = wrapper.framework; name = CoreGraphics.framework; path = System/Library/Frameworks/CoreGraphics.framework; sourceTree = SDKROOT; };
		C767249906769284B41F5B94 /* _matter.zip */ = {isa = PBXFileReference; lastKnownFileType = archive.zip; name = _matter.zip; path = _matter.zip; sourceTree = "<group>"; };
		6C6746946BE2F5D0F54BED81 /* en */ = {isa = PBXFileReference; lastKnownFileType = text.plist.strings; name = en; path = en.lproj/InfoPlist.strings; sourceTree = "<group>"; };
		2C935A381EB95B1AD0C67CCB /* Images.xcassets */ = {isa = PBXFileReference; lastKnownFileType = folder.assetcatalog; path = Images.xcassets; sourceTree = "<group>"; };
		91C555ADEFAC27537423E3C1 /* Launch Screen.storyboard */ = {isa = PBXFileReference; lastKnownFileType = file.storyboard; path = "Launch Screen.storyboard"; sourceTree = "<group>"; };
		5D3C18DE9691EBA3087A098E /* Info.plist */ = {isa = PBXFileReference; lastKnownFileType = text.plist.xml; path = Info.plist; sourceTree = "<group>"; };
		71017A494C01DE0C40253A01 /* main.cpp */ = {isa = PBXFileReference; lastKnownFileType = sourcecode.cpp.cpp; path = main.cpp; sourceTree = "<group>"; };
		2FEAD54D39F07A57C826A729 /* libiconv.tbd */ = {isa = PBXFileReference; lastKnownFileType = "sourcecode.text-based-dylib-definition"; name = libiconv.tbd; path = usr/lib/libiconv.tbd; sourceTree = SDKROOT; };
/* End PBXFileReference section */

/* Begin PBXFrameworksBuildPhase section */
		3C1F9C7C22F74B6212D66FBC /* Frameworks */ = {
			isa = PBXFrameworksBuildPhase;
			buildActionMask = 2147483647;
			files = (
				489D8FB9EE0A4F6F43B2D75F /* libios_core_foundation.a in Frameworks */,
				BB93D434676C9597FC5F6641 /* libios_core_graphics.a in Frameworks */,
				64603F38BE25691190055C62 /* libacme_windowing_uikit.a in Frameworks */,
				7C43CAF72449479D5EAD89A4 /* SystemConfiguration.framework in Frameworks */,
				701DC7B310D55E39D01FBDAB /* libios_archive.a in Frameworks */,
				CB6F17E99609AA73C4BF5F35 /* libinnate_ui_uikit.a in Frameworks */,
				39374CF3620CBF21FC21A165 /* UniformTypeIdentifiers.framework in Frameworks */,
				7C9FF164C6BCA2625E3A7CB2 /* libios_unac.a in Frameworks */,
				BC3C50B60767FD102458B7D0 /* libios_aura_darwin.a in Frameworks */,
				275EB3328A923CC07077C2AD /* libios_darwin.a in Frameworks */,
				C26814B1B990EB33D8610226 /* libios_acme_darwin.a in Frameworks */,
				A0B55DF650B4D6F5A73E0C07 /* libios_apex_darwin.a in Frameworks */,
				8D44DFDE0A56461D1FD3D6B1 /* libios_apex_apple.a in Frameworks */,
				84BEE0C09EE3C03C962CB884 /* libios_aqua.a in Frameworks */,
				8E41C84ED59055A862E35599 /* libios_acme.a in Frameworks */,
				ED41BFC9366E4EED45F5AF46 /* ImageIO.framework in Frameworks */,
				0BA97AB30FBFE35AE85D75E8 /* libaura_ios.a in Frameworks */,
				C39B616DAE7D653BEA32CB4D /* liboperating_ambient_ios.a in Frameworks */,
				89CE60592FB95751BAC09D01 /* libios_write_text_quartz2d.a in Frameworks */,
				D11380A577E67E2CC75E8062 /* libios_axis.a in Frameworks */,
				68DD18E579EE7D5FF04CC8E8 /* libios_idn.a in Frameworks */,
				DF9B66F4A521A929AB8AFB6C /* libios_nano_graphics_quartz2d.a in Frameworks */,
				A66070C70E511881458D1760 /* libios_draw2d_quartz2d.a in Frameworks */,
				AC230C299DB7E79CE1148AFC /* libios_apex.a in Frameworks */,
				EAF32668572393063484A254 /* libacme_ios.a in Frameworks */,
				B610FD121FB89A33E281D7F0 /* libwindowing_ios.a in Frameworks */,
				D176BF69D78521736E6AA471 /* libcrypto.a in Frameworks */,
				DF4BC7E7BBBDC8C945596395 /* libios_aura_posix.a in Frameworks */,
				BC7EC88282EA6811A6C4BC3B /* libssl.a in Frameworks */,
				77E91B911D36F75FEEA05CC7 /* libios_crypto_openssl.a in Frameworks */,
				1C4A8D6B5FDEC858D39B0A78 /* Foundation.framework in Frameworks */,
				0FB2538EA155F765D5F3CBAA /* libios_imaging_coreimage.a in Frameworks */,
				1CC3C3824811A82058F55934 /* UIKit.framework in Frameworks */,
				4C8C3625DEE1107562F6CB8B /* libios_apex_posix.a in Frameworks */,
				7CB4E9EC4BE8D586F500412E /* libios_aura.a in Frameworks */,
				361A5865520C0464D2C8577D /* libios_acme_windowing_kit.a in Frameworks */,
				35023975F61A97A7364BD554 /* CoreFoundation.framework in Frameworks */,
				C0BFC6C93DCB18213D213F27 /* CoreText.framework in Frameworks */,
				1B39644C7E5E04DDA90EFEB2 /* CoreGraphics.framework in Frameworks */,
				BCD036B3A7BF1E5986A5B593 /* libios_database_sqlite3.a in Frameworks */,
				7EA89D7C49A469DCF817CCB8 /* libios_folder_zip.a in Frameworks */,
				A28A83C4D5251FA870F95EC0 /* libsqlite3.tbd in Frameworks */,
				314619E9B8E351DBA870421B /* libiconv.tbd in Frameworks */,
				18279B419A519F2457578E73 /* libapex_ios.a in Frameworks */,
				7F54D2179399EF55D92754D9 /* libios_app_simple_form.a in Frameworks */,
				F00F886D120676478BFF4558 /* libios_acme_apple.a in Frameworks */,
				C342BD30A21C181595355564 /* libios_berg.a in Frameworks */,
				324C1EF88B3508B515DEA167 /* libz.tbd in Frameworks */,
				85A45587D9DCF4BEB520E43B /* libios_experience_tranquillum.a in Frameworks */,
				CC1174142AA9795C53DAE041 /* libnode_ios.a in Frameworks */,
				CBA1723AF1263A2884192416 /* libios_aura_apple.a in Frameworks */,
				71E0B1863BFCD26F629959F2 /* libbz2.tbd in Frameworks */,
				4DE10718D990B7A162BB1887 /* libios_acme_posix.a in Frameworks */,
				F8C0E76556A6135B9BA468B6 /* CoreServices.framework in Frameworks */,
			);
			runOnlyForDeploymentPostprocessing = 0;
		};
		9E4997608E16986B35CCA6B0 /* Frameworks */ = {
			isa = PBXFrameworksBuildPhase;
			buildActionMask = 2147483647;
			files = (
			);
			runOnlyForDeploymentPostprocessing = 0;
		};
/* End PBXFrameworksBuildPhase section */

/* Begin PBXGroup section */
		6552F9CFBD8AC8010F668ACE = {
			isa = PBXGroup;
			children = (
				25BF55AB3DAC33658F3EB228 /* app_simple_form.xcodeproj */,
				54414113E6D451DB388EA602 /* database_sqlite3.xcodeproj */,
				4B0E3E30ACC1A2745B34DF3B /* crypto_openssl.xcodeproj */,
				57D3253A95970B677FD7AE9D /* draw2d_quartz2d.xcodeproj */,
				BC90D6076DB05007D92A44FC /* experience_tranquillum.xcodeproj */,
				CB4ADD4C80165CCC19603D0B /* folder_zip.xcodeproj */,
				8343AFDE30778BAD4523890E /* imaging_coreimage.xcodeproj */,
				C0FA044E8F07C6CF393BDE8C /* operating_ambient_ios.xcodeproj */,
				2FA59E18F4B940023BCB26A5 /* write_text_quartz2d.xcodeproj */,
				6F56188D8AD840F1F3DB1EBB /* __implement */,
				B5632CCD19C73918D4DF43D5 /* Frameworks */,
				06DCADEBE3223BB5E089C6E9 /* Products */,
			);
			sourceTree = "<group>";
		};
		06DCADEBE3223BB5E089C6E9 /* Products */ = {
			isa = PBXGroup;
			children = (
				B5E3FB4FF47B195769985E93 /* _ios_app_simple_form.app */,
				7B0F227E5141036ADA9601E4 /* ios_simple_form_simple_formTests.xctest */,
			);
			name = Products;
			sourceTree = "<group>";
		};
		B5632CCD19C73918D4DF43D5 /* Frameworks */ = {
			isa = PBXGroup;
			children = (
				27468B0595BAF7172124554C /* libios_core_foundation.a */,
				4B188CDCE849F93C0D44BE1A /* libios_core_graphics.a */,
				2FE87681A3F5B433EA27C03A /* libnode_ios.a */,
				94D7BB9BF298C3208547C4A4 /* libios_nano_graphics_quartz2d.a */,
				7BF5DAD9C7F35FF1DA5720C5 /* libinnate_ui_uikit.a */,
				4B0AB7FAA26F1FE4A3826201 /* libios_acme_windowing_kit.a */,
				EE9F7D9E27BDAAA49032674D /* liboperating_ambient_ios.a */,
				88457017939C06764C848C1D /* libacme_windowing_uikit.a */,
				D2ED3F6B99A57E8842037E99 /* SystemConfiguration.framework */,
				EE14BC40047C53B528E86002 /* libios_archive.a */,
				9C645D24C51F14D1B16A839E /* UniformTypeIdentifiers.framework */,
				E08729DC4A7A16F18051B671 /* libios_unac.a */,
				7D15E63C670AF520943D976F /* libunac.dylib */,
				7A14B6492726D33E5CE7A878 /* libios_aura_darwin.a */,
				83029BC67AC3A36897B4F01C /* libaura_darwin.dylib */,
				2352BB5C73E4870FB3C18052 /* libios_darwin.a */,
				F2F78E1C5DA2260C33EA21A7 /* libios_acme_darwin.a */,
				8C0545A3BEDB07BFA178DC00 /* libios_acme_darwin.a */,
				957579B8DCECEC297D9F1A5A /* libios_apex_darwin.a */,
				5E9D1835E355AA5CDAC72B1B /* CoreServices.framework */,
				53CEA36F72DC4794313179F6 /* libios_aqua.a */,
				135873CF29C2D07AA2F48D15 /* libios_aura.a */,
				8D8B2BCB3DB6FF7769725931 /* libios_aura_apple.a */,
				A9C19398C012EF1890863F8C /* libaura_ios.a */,
				921DE1E5C847B38995D2FBBF /* libios_aura_macos.a */,
				0833040A51473A25AC83B91F /* libios_aura_posix.a */,
				84C443A27C51B134ED8C7ED5 /* libios_axis.a */,
				93918019592BF70A5D332FF7 /* libios_berg.a */,
				5C64152EA45FC6981F80116F /* libios_idn.a */,
				6B37617F7474381432A3EE4D /* libnode_macos.dylib */,
				D34E6A1FCAF2E856F3F16AAD /* libwindowing_ios.a */,
				ED08C1F5F4A81B6BE3269B05 /* libios_acme.a */,
				8D976059AA3EBE8BCD8B7FFC /* libios_acme_apple.a */,
				0F92BBB14796BDE79A0387C8 /* libacme_ios.a */,
				375A6AF4824CBABC9D1BF991 /* libios_acme_posix.a */,
				A6DD72773050174C0F3C3403 /* libios_apex.a */,
				13F7607868A9269FB7A11589 /* libios_apex_apple.a */,
				4388D95644DFF186A43FD69B /* libapex_ios.a */,
				F5F28BDEDBB30A0D6AEBC2B9 /* libios_apex_posix.a */,
				D6D44D4C7576F072B0A6FABB /* MobileCoreServices.framework */,
				D5526D56D37F0CA04B8EAC5E /* ImageIO.framework */,
				3798EFF3445F15F0BCEB3410 /* libcrypto.a */,
				7950A56A89C79B824F1F1072 /* libssl.a */,
				2FEAD54D39F07A57C826A729 /* libiconv.tbd */,
				F993FA408DC334BB396DFCF6 /* libsqlite3.tbd */,
				E27856CB4CEFC86097E6BB59 /* libbz2.tbd */,
				84C98AEC8E64942869DBD5B3 /* libz.tbd */,
				037F7765984B6BCCFD7AE530 /* CoreText.framework */,
				85BB4970DFAF9899E6AF0F14 /* libios_gcom.dylib */,
				569476C3DC87CD448BC2D648 /* UIKit.framework */,
				1A05877996C048E6D546A055 /* CoreFoundation.framework */,
				41EAE5D001364B59DB4CBA2C /* CoreGraphics.framework */,
				3C39A85E5AFB7D4D4F94562E /* Other Frameworks */,
			);
			name = Frameworks;
			sourceTree = "<group>";
		};
		3C39A85E5AFB7D4D4F94562E /* Other Frameworks */ = {
			isa = PBXGroup;
			children = (
				75F84199A5D29873B82BFFE4 /* AppKit.framework */,
				DAFFC641F7D9C50729FCD307 /* CoreData.framework */,
				142D133139C74C1B1579A598 /* Foundation.framework */,
			);
			name = "Other Frameworks";
			sourceTree = "<group>";
		};
		E7D31DAF73EA9B001E3CBD59 /* Products */ = {
			isa = PBXGroup;
			children = (
				54DE110A3C33D1F4158EF251 /* libimaging_coreimage.dylib */,
				540289E1B2D021CB1DD55825 /* libios_imaging_coreimage.a */,
				83D81E06C1EDD1ECDE5466D1 /* math_iosTests.xctest */,
			);
			name = Products;
			sourceTree = "<group>";
		};
		53D612B2B6172E0E9D0C2664 /* Products */ = {
			isa = PBXGroup;
			children = (
				426B75EF553C8721065D11F3 /* libdraw2d_quartz2d.dylib */,
				81B774A260608BBAF8C9D2CA /* libios_draw2d_quartz2d.a */,
			);
			name = Products;
			sourceTree = "<group>";
		};
		4A4000792661DE8DA09A60A7 /* Products */ = {
			isa = PBXGroup;
			children = (
				77D46DA6FC4F2AE961A92A5F /* libfolder_zip.dylib */,
				78426E6681EAF44BA155DA88 /* libios_folder_zip.a */,
				4E0A95A6EB0B6AC6EF1E7595 /* libstatic_folder_zip.a */,
			);
			name = Products;
			sourceTree = "<group>";
		};
		C7A36E12601DF1B7DC60ADAA /* Products */ = {
			isa = PBXGroup;
			children = (
				A8643519ACEF4F0C58FA35F6 /* libapp_simple_form.dylib */,
				C9AA1D250FCD89978B0F2035 /* libios_app_simple_form.a */,
				ED766006EF78C7D579332045 /* app_core_hellomultiverse_iosTests.xctest */,
			);
			name = Products;
			sourceTree = "<group>";
		};
		66A8D92B5BD442DBE4363561 /* Products */ = {
			isa = PBXGroup;
			children = (
				C332E326268B7E76E637E5DF /* libcrypto_openssl.dylib */,
				C2A667BC984493B77BE433C3 /* libios_crypto_openssl.a */,
				9C0E2EF13AEC417C7C8316D1 /* libstatic_crypto_openssl.dylib */,
			);
			name = Products;
			sourceTree = "<group>";
		};
		76C4DE7FD5FF5DF3EDC17427 /* Products */ = {
			isa = PBXGroup;
			children = (
				751F4EF5FBC3BF52C2DD81B2 /* libdatabase_sqlite3.dylib */,
				2BD4D72F3F5D79FE60372B06 /* libios_database_sqlite3.a */,
			);
			name = Products;
			sourceTree = "<group>";
		};
		6B9D1C4F9D9CDEF5017CC1CF /* Products */ = {
			isa = PBXGroup;
			children = (
				2172F13C4ED11AEB0E52DB67 /* libwrite_text_quartz2d.dylib */,
				972D8193ABD3258323E8BF43 /* libios_write_text_quartz2d.a */,
			);
			name = Products;
			sourceTree = "<group>";
		};
		B747461D2DC1E9166BF4C40D /* Products */ = {
			isa = PBXGroup;
			children = (
				EE53650DA9EA2B22EE1C103A /* libexperience_tranquillum.dylib */,
				6F05FE690BC9E74186CED8D6 /* libios_experience_tranquillum.a */,
				B6B14CFF58E1564CEB673947 /* experience_lite_iosTests.xctest */,
			);
			name = Products;
			sourceTree = "<group>";
		};
		6F56188D8AD840F1F3DB1EBB /* __implement */ = {
			isa = PBXGroup;
			children = (
				DC4EB307C81BABAE628BFB92 /* _____debug.xcconfig */,
				2056489F86F5ADB91D206404 /* _____release.xcconfig */,
				C767249906769284B41F5B94 /* _matter.zip */,
				4528F95AF7455FFDDA8F8071 /* _static_factory_.inl */,
				71017A494C01DE0C40253A01 /* main.cpp */,
				E2EED0A8ACB553C00C9E33F3 /* ios */,
			);
			name = __implement;
			sourceTree = "<group>";
		};
		E2EED0A8ACB553C00C9E33F3 /* ios */ = {
			isa = PBXGroup;
			children = (
				4EB257EE92959F5D80976077 /* InfoPlist.strings */,
				2C935A381EB95B1AD0C67CCB /* Images.xcassets */,
				91C555ADEFAC27537423E3C1 /* Launch Screen.storyboard */,
				5D3C18DE9691EBA3087A098E /* Info.plist */,
			);
			path = ios;
			sourceTree = "<group>";
		};
		E11930E25AA8EB359440A016 /* Products */ = {
			isa = PBXGroup;
			children = (
				1F609616CD267C64983A21F0 /* liboperating_ambient_ios.a */,
			);
			name = Products;
			sourceTree = "<group>";
		};
/* End PBXGroup section */

/* Begin PBXNativeTarget section */
		2056E4A600FFDF1461BB88A8 /* _ios_app_simple_form */ = {
			isa = PBXNativeTarget;
			buildConfigurationList = C1A3DD049C9B618845BD0149 /* Build configuration list for PBXNativeTarget "_ios_app_simple_form" */;
			buildPhases = (
				91F8430E4C786D19447135A5 /* Sources */,
				3C1F9C7C22F74B6212D66FBC /* Frameworks */,
				E272AB6950F45E9BC3C52F1D /* Resources */,
			);
			buildRules = (
			);
			dependencies = (
				36F69208DA9FADBBA2DE7101 /* PBXTargetDependency */,
				6790CF4D85CB70F96F8E17E7 /* PBXTargetDependency */,
				D02F4EDA6697C2EADA3D7787 /* PBXTargetDependency */,
				3E32C9F1723B159493795477 /* PBXTargetDependency */,
				D35DE0F7C24D69F6A1D54BCE /* PBXTargetDependency */,
				816EAAAD3A812917F29E8A6E /* PBXTargetDependency */,
				F2F89E6D81D7204B88CAF3D7 /* PBXTargetDependency */,
				251BD26BA7E826DF5DCAD4EF /* PBXTargetDependency */,
				C6115E1F4F557758B1CE19D7 /* PBXTargetDependency */,
			);
			name = _ios_app_simple_form;
			productName = wiossimple_form_simple_form;
			productReference = B5E3FB4FF47B195769985E93 /* _ios_app_simple_form.app */;
			productType = "com.apple.product-type.application";
		};
		5EDD77278C53B7A174D206ED /* ios_simple_form_simple_formTests */ = {
			isa = PBXNativeTarget;
			buildConfigurationList = 737CBA0C6FD39A7FC89190B7 /* Build configuration list for PBXNativeTarget "ios_simple_form_simple_formTests" */;
			buildPhases = (
				272558CFC3A49E698A6FFC49 /* Sources */,
				9E4997608E16986B35CCA6B0 /* Frameworks */,
				4317865F7AF34BC18A46F80C /* Resources */,
			);
			buildRules = (
			);
			dependencies = (
				2CE823A27613EA60AB6EACC7 /* PBXTargetDependency */,
			);
			name = ios_simple_form_simple_formTests;
			productName = wiossimple_form_simple_formTests;
			productReference = 7B0F227E5141036ADA9601E4 /* ios_simple_form_simple_formTests.xctest */;
			productType = "com.apple.product-type.bundle.unit-test";
		};
/* End PBXNativeTarget section */

/* Begin PBXProject section */
		7DA2CA57E2D220CDD452863D /* Project object */ = {
			isa = PBXProject;
			attributes = {
				BuildIndependentTargetsInParallel = YES;
				CLASSPREFIX = "";
				LastUpgradeCheck = 1540;
				ORGANIZATIONNAME = "ca2 Software Development";
				TargetAttributes = {
					2056E4A600FFDF1461BB88A8 = {
						DevelopmentTeam = L8N5V6TZE5;
						ProvisioningStyle = Automatic;
						SystemCapabilities = {
							com.apple.BackgroundModes = {
								enabled = 0;
							};
							com.apple.iCloud = {
								enabled = 0;
							};
						};
					};
					5EDD77278C53B7A174D206ED = {
						DevelopmentTeam = L8N5V6TZE5;
						TestTargetID = 2056E4A600FFDF1461BB88A8;
					};
				};
			};
			buildConfigurationList = 1D279A4BE2B9896100A89B0F /* Build configuration list for PBXProject "_ios_app_simple_form" */;
			compatibilityVersion = "Xcode 12.0";
			developmentRegion = en;
			hasScannedForEncodings = 0;
			knownRegions = (
				en,
				Base,
			);
			mainGroup = 6552F9CFBD8AC8010F668ACE;
			productRefGroup = 06DCADEBE3223BB5E089C6E9 /* Products */;
			projectDirPath = "";
			projectReferences = (
				{
					ProductGroup = C7A36E12601DF1B7DC60ADAA /* Products */;
					ProjectRef = 25BF55AB3DAC33658F3EB228 /* app_simple_form.xcodeproj */;
				},
				{
					ProductGroup = 66A8D92B5BD442DBE4363561 /* Products */;
					ProjectRef = 4B0E3E30ACC1A2745B34DF3B /* crypto_openssl.xcodeproj */;
				},
				{
					ProductGroup = 76C4DE7FD5FF5DF3EDC17427 /* Products */;
					ProjectRef = 54414113E6D451DB388EA602 /* database_sqlite3.xcodeproj */;
				},
				{
					ProductGroup = 53D612B2B6172E0E9D0C2664 /* Products */;
					ProjectRef = 57D3253A95970B677FD7AE9D /* draw2d_quartz2d.xcodeproj */;
				},
				{
					ProductGroup = B747461D2DC1E9166BF4C40D /* Products */;
					ProjectRef = BC90D6076DB05007D92A44FC /* experience_tranquillum.xcodeproj */;
				},
				{
					ProductGroup = 4A4000792661DE8DA09A60A7 /* Products */;
					ProjectRef = CB4ADD4C80165CCC19603D0B /* folder_zip.xcodeproj */;
				},
				{
					ProductGroup = E7D31DAF73EA9B001E3CBD59 /* Products */;
					ProjectRef = 8343AFDE30778BAD4523890E /* imaging_coreimage.xcodeproj */;
				},
				{
					ProductGroup = E11930E25AA8EB359440A016 /* Products */;
					ProjectRef = C0FA044E8F07C6CF393BDE8C /* operating_ambient_ios.xcodeproj */;
				},
				{
					ProductGroup = 6B9D1C4F9D9CDEF5017CC1CF /* Products */;
					ProjectRef = 2FA59E18F4B940023BCB26A5 /* write_text_quartz2d.xcodeproj */;
				},
			);
			projectRoot = "";
			targets = (
				2056E4A600FFDF1461BB88A8 /* _ios_app_simple_form */,
				5EDD77278C53B7A174D206ED /* ios_simple_form_simple_formTests */,
			);
		};
/* End PBXProject section */

/* Begin PBXReferenceProxy section */
		9C0E2EF13AEC417C7C8316D1 /* libstatic_crypto_openssl.dylib */ = {
			isa = PBXReferenceProxy;
			fileType = "compiled.mach-o.dylib";
			path = libstatic_crypto_openssl.dylib;
			remoteRef = D7B5BAD20456C9A393125138 /* PBXContainerItemProxy */;
			sourceTree = BUILT_PRODUCTS_DIR;
		};
		4E0A95A6EB0B6AC6EF1E7595 /* libstatic_folder_zip.a */ = {
			isa = PBXReferenceProxy;
			fileType = "compiled.mach-o.dylib";
			path = libstatic_folder_zip.a;
			remoteRef = 9C2F5D374B7E0F374F4A3C39 /* PBXContainerItemProxy */;
			sourceTree = BUILT_PRODUCTS_DIR;
		};
		54DE110A3C33D1F4158EF251 /* libimaging_coreimage.dylib */ = {
			isa = PBXReferenceProxy;
			fileType = "compiled.mach-o.dylib";
			path = libimaging_coreimage.dylib;
			remoteRef = F79584D0C693355C6E80857E /* PBXContainerItemProxy */;
			sourceTree = BUILT_PRODUCTS_DIR;
		};
		540289E1B2D021CB1DD55825 /* libios_imaging_coreimage.a */ = {
			isa = PBXReferenceProxy;
			fileType = archive.ar;
			path = libios_imaging_coreimage.a;
			remoteRef = 118D698FE5198842E2C4DE3D /* PBXContainerItemProxy */;
			sourceTree = BUILT_PRODUCTS_DIR;
		};
		83D81E06C1EDD1ECDE5466D1 /* math_iosTests.xctest */ = {
			isa = PBXReferenceProxy;
			fileType = wrapper.cfbundle;
			path = math_iosTests.xctest;
			remoteRef = 50A1A995358EC8A5D690FD33 /* PBXContainerItemProxy */;
			sourceTree = BUILT_PRODUCTS_DIR;
		};
		426B75EF553C8721065D11F3 /* libdraw2d_quartz2d.dylib */ = {
			isa = PBXReferenceProxy;
			fileType = "compiled.mach-o.dylib";
			path = libdraw2d_quartz2d.dylib;
			remoteRef = 655BF2916C87CDD7CBDAE052 /* PBXContainerItemProxy */;
			sourceTree = BUILT_PRODUCTS_DIR;
		};
		81B774A260608BBAF8C9D2CA /* libios_draw2d_quartz2d.a */ = {
			isa = PBXReferenceProxy;
			fileType = "compiled.mach-o.dylib";
			path = libios_draw2d_quartz2d.a;
			remoteRef = F42611D5C928AC29CA18375B /* PBXContainerItemProxy */;
			sourceTree = BUILT_PRODUCTS_DIR;
		};
		77D46DA6FC4F2AE961A92A5F /* libfolder_zip.dylib */ = {
			isa = PBXReferenceProxy;
			fileType = "compiled.mach-o.dylib";
			path = libfolder_zip.dylib;
			remoteRef = C76EB0C733A7DE756BD9EA7F /* PBXContainerItemProxy */;
			sourceTree = BUILT_PRODUCTS_DIR;
		};
		78426E6681EAF44BA155DA88 /* libios_folder_zip.a */ = {
			isa = PBXReferenceProxy;
			fileType = "compiled.mach-o.dylib";
			path = libios_folder_zip.a;
			remoteRef = C5BA4E708594EBFB6582DE8B /* PBXContainerItemProxy */;
			sourceTree = BUILT_PRODUCTS_DIR;
		};
		A8643519ACEF4F0C58FA35F6 /* libapp_simple_form.dylib */ = {
			isa = PBXReferenceProxy;
			fileType = "compiled.mach-o.dylib";
			path = libapp_simple_form.dylib;
			remoteRef = D6529DD298EE30D712D99386 /* PBXContainerItemProxy */;
			sourceTree = BUILT_PRODUCTS_DIR;
		};
		C9AA1D250FCD89978B0F2035 /* libios_app_simple_form.a */ = {
			isa = PBXReferenceProxy;
			fileType = archive.ar;
			path = libios_app_simple_form.a;
			remoteRef = EB71927E9DEC2268C4F4D88B /* PBXContainerItemProxy */;
			sourceTree = BUILT_PRODUCTS_DIR;
		};
		ED766006EF78C7D579332045 /* app_core_hellomultiverse_iosTests.xctest */ = {
			isa = PBXReferenceProxy;
			fileType = wrapper.cfbundle;
			path = app_core_hellomultiverse_iosTests.xctest;
			remoteRef = 7326A37B843DCAFB876266FA /* PBXContainerItemProxy */;
			sourceTree = BUILT_PRODUCTS_DIR;
		};
		C332E326268B7E76E637E5DF /* libcrypto_openssl.dylib */ = {
			isa = PBXReferenceProxy;
			fileType = "compiled.mach-o.dylib";
			path = libcrypto_openssl.dylib;
			remoteRef = 927876D90731D994648E0DE2 /* PBXContainerItemProxy */;
			sourceTree = BUILT_PRODUCTS_DIR;
		};
		C2A667BC984493B77BE433C3 /* libios_crypto_openssl.a */ = {
			isa = PBXReferenceProxy;
			fileType = "compiled.mach-o.dylib";
			path = libios_crypto_openssl.a;
			remoteRef = 8EBBA019E2BF8C01CAE04A4B /* PBXContainerItemProxy */;
			sourceTree = BUILT_PRODUCTS_DIR;
		};
		751F4EF5FBC3BF52C2DD81B2 /* libdatabase_sqlite3.dylib */ = {
			isa = PBXReferenceProxy;
			fileType = "compiled.mach-o.dylib";
			path = libdatabase_sqlite3.dylib;
			remoteRef = 0F509F083AC8C14F307A4B7A /* PBXContainerItemProxy */;
			sourceTree = BUILT_PRODUCTS_DIR;
		};
		2BD4D72F3F5D79FE60372B06 /* libios_database_sqlite3.a */ = {
			isa = PBXReferenceProxy;
			fileType = "compiled.mach-o.dylib";
			path = libios_database_sqlite3.a;
			remoteRef = 435F8E793C16EB1D6B5A5984 /* PBXContainerItemProxy */;
			sourceTree = BUILT_PRODUCTS_DIR;
		};
		2172F13C4ED11AEB0E52DB67 /* libwrite_text_quartz2d.dylib */ = {
			isa = PBXReferenceProxy;
			fileType = "compiled.mach-o.dylib";
			path = libwrite_text_quartz2d.dylib;
			remoteRef = EF5E716FEEA7DD2C8442F503 /* PBXContainerItemProxy */;
			sourceTree = BUILT_PRODUCTS_DIR;
		};
		972D8193ABD3258323E8BF43 /* libios_write_text_quartz2d.a */ = {
			isa = PBXReferenceProxy;
			fileType = "compiled.mach-o.dylib";
			path = libios_write_text_quartz2d.a;
			remoteRef = E4F5B9DCD8CF3B12B08C52F8 /* PBXContainerItemProxy */;
			sourceTree = BUILT_PRODUCTS_DIR;
		};
		EE53650DA9EA2B22EE1C103A /* libexperience_tranquillum.dylib */ = {
			isa = PBXReferenceProxy;
			fileType = "compiled.mach-o.dylib";
			path = libexperience_tranquillum.dylib;
			remoteRef = B4663A28B9B02E6E7730192C /* PBXContainerItemProxy */;
			sourceTree = BUILT_PRODUCTS_DIR;
		};
		6F05FE690BC9E74186CED8D6 /* libios_experience_tranquillum.a */ = {
			isa = PBXReferenceProxy;
			fileType = archive.ar;
			path = libios_experience_tranquillum.a;
			remoteRef = 79CF0E37C233FC850AD88B29 /* PBXContainerItemProxy */;
			sourceTree = BUILT_PRODUCTS_DIR;
		};
		B6B14CFF58E1564CEB673947 /* experience_lite_iosTests.xctest */ = {
			isa = PBXReferenceProxy;
			fileType = wrapper.cfbundle;
			path = experience_lite_iosTests.xctest;
			remoteRef = 8998E8AF534397612C9293BB /* PBXContainerItemProxy */;
			sourceTree = BUILT_PRODUCTS_DIR;
		};
		1F609616CD267C64983A21F0 /* liboperating_ambient_ios.a */ = {
			isa = PBXReferenceProxy;
			fileType = "compiled.mach-o.dylib";
			path = liboperating_ambient_ios.a;
			remoteRef = B0A27535FB6C306D5D0033F7 /* PBXContainerItemProxy */;
			sourceTree = BUILT_PRODUCTS_DIR;
		};
/* End PBXReferenceProxy section */

/* Begin PBXResourcesBuildPhase section */
		E272AB6950F45E9BC3C52F1D /* Resources */ = {
			isa = PBXResourcesBuildPhase;
			buildActionMask = 2147483647;
			files = (
				DA77E92442611463C8FA394F /* Launch Screen.storyboard in Resources */,
				F2B7A777FF2D7C175514DCC0 /* Images.xcassets in Resources */,
				7A052D1772A117F7483BDE68 /* _static_factory_.inl in Resources */,
				41BBB6C5B8E1497E4FE14189 /* _matter.zip in Resources */,
			);
			runOnlyForDeploymentPostprocessing = 0;
		};
		4317865F7AF34BC18A46F80C /* Resources */ = {
			isa = PBXResourcesBuildPhase;
			buildActionMask = 2147483647;
			files = (
			);
			runOnlyForDeploymentPostprocessing = 0;
		};
/* End PBXResourcesBuildPhase section */

/* Begin PBXSourcesBuildPhase section */
		91F8430E4C786D19447135A5 /* Sources */ = {
			isa = PBXSourcesBuildPhase;
			buildActionMask = 2147483647;
			files = (
				9723FD2BDD2189594282FB81 /* main.cpp in Sources */,
			);
			runOnlyForDeploymentPostprocessing = 0;
		};
		272558CFC3A49E698A6FFC49 /* Sources */ = {
			isa = PBXSourcesBuildPhase;
			buildActionMask = 2147483647;
			files = (
			);
			runOnlyForDeploymentPostprocessing = 0;
		};
/* End PBXSourcesBuildPhase section */

/* Begin PBXTargetDependency section */
		2CE823A27613EA60AB6EACC7 /* PBXTargetDependency */ = {
			isa = PBXTargetDependency;
			target = 2056E4A600FFDF1461BB88A8 /* _ios_app_simple_form */;
			targetProxy = 0E6A47CE7CE606FF12C1608D /* PBXContainerItemProxy */;
		};
		D02F4EDA6697C2EADA3D7787 /* PBXTargetDependency */ = {
			isa = PBXTargetDependency;
			name = ios_database_sqlite3;
			targetProxy = 7DEB2A67D01A4C117BC9551D /* PBXContainerItemProxy */;
		};
		3E32C9F1723B159493795477 /* PBXTargetDependency */ = {
			isa = PBXTargetDependency;
			name = ios_crypto_openssl;
			targetProxy = FA03B50A13872F1E51AAA03C /* PBXContainerItemProxy */;
		};
		D35DE0F7C24D69F6A1D54BCE /* PBXTargetDependency */ = {
			isa = PBXTargetDependency;
			name = ios_draw2d_quartz2d;
			targetProxy = 0573B5DAD44B6F6A6D481690 /* PBXContainerItemProxy */;
		};
		816EAAAD3A812917F29E8A6E /* PBXTargetDependency */ = {
			isa = PBXTargetDependency;
			name = ios_experience_tranquillum;
			targetProxy = 4AD747D2393899A7E8C00CB4 /* PBXContainerItemProxy */;
		};
		F2F89E6D81D7204B88CAF3D7 /* PBXTargetDependency */ = {
			isa = PBXTargetDependency;
			name = ios_folder_zip;
			targetProxy = 49EBC0DCE5B6FB2B4D915BFB /* PBXContainerItemProxy */;
		};
		251BD26BA7E826DF5DCAD4EF /* PBXTargetDependency */ = {
			isa = PBXTargetDependency;
			name = ios_imaging_coreimage;
			targetProxy = 9D4EE2935EDBD5253832DDCA /* PBXContainerItemProxy */;
		};
		C6115E1F4F557758B1CE19D7 /* PBXTargetDependency */ = {
			isa = PBXTargetDependency;
			name = ios_write_text_quartz2d;
			targetProxy = 530363D24DDFA83DCE9143D1 /* PBXContainerItemProxy */;
		};
		36F69208DA9FADBBA2DE7101 /* PBXTargetDependency */ = {
			isa = PBXTargetDependency;
			name = operating_ambient_ios;
			targetProxy = 19658402EA5A05F16C6E2394 /* PBXContainerItemProxy */;
		};
		6790CF4D85CB70F96F8E17E7 /* PBXTargetDependency */ = {
			isa = PBXTargetDependency;
			name = ios_app_simple_form;
			targetProxy = 68C595A473AECF8E60806183 /* PBXContainerItemProxy */;
		};
/* End PBXTargetDependency section */

/* Begin PBXVariantGroup section */
		4EB257EE92959F5D80976077 /* InfoPlist.strings */ = {
			isa = PBXVariantGroup;
			children = (
				6C6746946BE2F5D0F54BED81 /* en */,
			);
			name = InfoPlist.strings;
			sourceTree = "<group>";
		};
/* End PBXVariantGroup section */

/* Begin XCBuildConfiguration section */
		3C0B319078382B7109BD506E /* Debug */ = {
			isa = XCBuildConfiguration;
			buildSettings = {
				ASSETCATALOG_COMPILER_APPICON_NAME = AppIcon;
				CLANG_ENABLE_OBJC_WEAK = YES;
				CURRENT_PROJECT_VERSION = 10;
				DEAD_CODE_STRIPPING = YES;
				GENERATE_INFOPLIST_FILE = YES;
				INFOPLIST_FILE = "$(SRCROOT)/ios/Info.plist";
				INFOPLIST_KEY_CFBundleDisplayName = "$(PRODUCT_NAME)";
				INFOPLIST_KEY_NSHumanReadableCopyright = "Copyright © 2015-2023 ca2 Desenvolvimento de Software Ltda. All rights reserved.";
				INFOPLIST_KEY_NSPrincipalClass = UIApplication;
				INFOPLIST_KEY_UILaunchStoryboardName = "Launch Screen";
				INFOPLIST_KEY_UISupportedInterfaceOrientations = "UIInterfaceOrientationLandscapeLeft UIInterfaceOrientationLandscapeRight UIInterfaceOrientationPortrait UIInterfaceOrientationPortraitUpsideDown";
				MACH_O_TYPE = mh_execute;
				MARKETING_VERSION = 0.1;
				PLATFORM_MODIFIER = ios;
				PRODUCT_BUNDLE_IDENTIFIER = "site.ca2.app-simple.form";
				WRAPPER_EXTENSION = app;
			};
			name = Debug;
		};
		D1987FBDBE448A301F78C8D4 /* Release */ = {
			isa = XCBuildConfiguration;
			buildSettings = {
				ASSETCATALOG_COMPILER_APPICON_NAME = AppIcon;
				CLANG_ENABLE_OBJC_WEAK = YES;
				CURRENT_PROJECT_VERSION = 10;
				DEAD_CODE_STRIPPING = YES;
				GENERATE_INFOPLIST_FILE = YES;
				INFOPLIST_FILE = "$(SRCROOT)/ios/Info.plist";
				INFOPLIST_KEY_CFBundleDisplayName = "$(PRODUCT_NAME)";
				INFOPLIST_KEY_NSHumanReadableCopyright = "Copyright © 2015-2023 ca2 Desenvolvimento de Software Ltda. All rights reserved.";
				INFOPLIST_KEY_NSPrincipalClass = UIApplication;
				INFOPLIST_KEY_UILaunchStoryboardName = "Launch Screen";
				INFOPLIST_KEY_UISupportedInterfaceOrientations = "UIInterfaceOrientationLandscapeLeft UIInterfaceOrientationLandscapeRight UIInterfaceOrientationPortrait UIInterfaceOrientationPortraitUpsideDown";
				MACH_O_TYPE = mh_execute;
				MARKETING_VERSION = 0.1;
				PLATFORM_MODIFIER = ios;
				PRODUCT_BUNDLE_IDENTIFIER = "site.ca2.app-simple.form";
				WRAPPER_EXTENSION = app;
			};
			name = Release;
		};
		2834DAB3DFAF822C1A193E34 /* Debug */ = {
			isa = XCBuildConfiguration;
			buildSettings = {
				ALWAYS_SEARCH_USER_PATHS = NO;
				BUNDLE_LOADER = "$(BUILT_PRODUCTS_DIR)/wiossimple_form_simple_form.app/wiossimple_form_simple_form";
				CLANG_CXX_LANGUAGE_STANDARD = "gnu++0x";
				CLANG_ENABLE_OBJC_ARC = YES;
				DEAD_CODE_STRIPPING = YES;
				FRAMEWORK_SEARCH_PATHS = (
					"$(inherited)",
					"$(DEVELOPER_FRAMEWORKS_DIR)",
					"$(WorkspaceDir)/../operating_system/storage-$(PLATFORM_MODIFIER)/$(CONFIGURATION)/framework",
				);
				GCC_C_LANGUAGE_STANDARD = gnu99;
				GCC_PRECOMPILE_PREFIX_HEADER = NO;
				GCC_PREPROCESSOR_DEFINITIONS = (
					"DEBUG=1",
					"$(inherited)",
				);
				INFOPLIST_FILE = "wiossimple_form_simple_formTests/wiossimple_form_simple_formTests-Info.plist";
				MACOSX_DEPLOYMENT_TARGET = "$(RECOMMENDED_MACOSX_DEPLOYMENT_TARGET)";
				PRODUCT_BUNDLE_IDENTIFIER = "ca2.${PRODUCT_NAME:rfc1034identifier}";
				PRODUCT_NAME = "$(TARGET_NAME)";
				TEST_HOST = "$(BUNDLE_LOADER)";
				WRAPPER_EXTENSION = xctest;
			};
			name = Debug;
		};
		E1152C9F3446B99FF70A8DFF /* Release */ = {
			isa = XCBuildConfiguration;
			buildSettings = {
				ALWAYS_SEARCH_USER_PATHS = NO;
				BUNDLE_LOADER = "$(BUILT_PRODUCTS_DIR)/wiossimple_form_simple_form.app/wiossimple_form_simple_form";
				CLANG_CXX_LANGUAGE_STANDARD = "gnu++0x";
				CLANG_ENABLE_OBJC_ARC = YES;
				DEAD_CODE_STRIPPING = YES;
				ENABLE_NS_ASSERTIONS = NO;
				FRAMEWORK_SEARCH_PATHS = (
					"$(inherited)",
					"$(DEVELOPER_FRAMEWORKS_DIR)",
					"$(WorkspaceDir)/../operating_system/storage-$(PLATFORM_MODIFIER)/$(CONFIGURATION)/framework",
				);
				GCC_C_LANGUAGE_STANDARD = gnu99;
				GCC_PRECOMPILE_PREFIX_HEADER = NO;
				INFOPLIST_FILE = "wiossimple_form_simple_formTests/wiossimple_form_simple_formTests-Info.plist";
				MACOSX_DEPLOYMENT_TARGET = "$(RECOMMENDED_MACOSX_DEPLOYMENT_TARGET)";
				PRODUCT_BUNDLE_IDENTIFIER = "ca2.${PRODUCT_NAME:rfc1034identifier}";
				PRODUCT_NAME = "$(TARGET_NAME)";
				TEST_HOST = "$(BUNDLE_LOADER)";
				WRAPPER_EXTENSION = xctest;
			};
			name = Release;
		};
		C8673FA366873557B7572828 /* Debug */ = {
			isa = XCBuildConfiguration;
			baseConfigurationReference = DC4EB307C81BABAE628BFB92 /* _____debug.xcconfig */;
			buildSettings = {
				ALWAYS_SEARCH_USER_PATHS = NO;
				CLANG_ANALYZER_LOCALIZABILITY_NONLOCALIZED = YES;
				CLANG_CXX_LANGUAGE_STANDARD = "c++20";
				CLANG_ENABLE_MODULE_DEBUGGING = NO;
				CLANG_WARN_BLOCK_CAPTURE_AUTORELEASING = YES;
				CLANG_WARN_BOOL_CONVERSION = YES;
				CLANG_WARN_COMMA = YES;
				CLANG_WARN_CONSTANT_CONVERSION = YES;
				CLANG_WARN_DEPRECATED_OBJC_IMPLEMENTATIONS = YES;
				CLANG_WARN_EMPTY_BODY = YES;
				CLANG_WARN_ENUM_CONVERSION = YES;
				CLANG_WARN_INFINITE_RECURSION = YES;
				CLANG_WARN_INT_CONVERSION = YES;
				CLANG_WARN_NON_LITERAL_NULL_CONVERSION = YES;
				CLANG_WARN_OBJC_IMPLICIT_RETAIN_SELF = YES;
				CLANG_WARN_OBJC_LITERAL_CONVERSION = YES;
				CLANG_WARN_QUOTED_INCLUDE_IN_FRAMEWORK_HEADER = YES;
				CLANG_WARN_RANGE_LOOP_ANALYSIS = YES;
				CLANG_WARN_STRICT_PROTOTYPES = YES;
				CLANG_WARN_SUSPICIOUS_MOVE = YES;
				CLANG_WARN_UNREACHABLE_CODE = YES;
				CLANG_WARN__DUPLICATE_METHOD_MATCH = YES;
				CODE_SIGN_IDENTITY = "iPhone Developer";
				COPY_PHASE_STRIP = NO;
				DEAD_CODE_STRIPPING = YES;
				DEBUG_INFORMATION_FORMAT = dwarf;
				DEPLOYMENT_POSTPROCESSING = YES;
				ENABLE_STRICT_OBJC_MSGSEND = YES;
				ENABLE_TESTABILITY = YES;
				ENABLE_USER_SCRIPT_SANDBOXING = YES;
				GCC_C_LANGUAGE_STANDARD = c17;
				GCC_NO_COMMON_BLOCKS = YES;
				GCC_OPTIMIZATION_LEVEL = 0;
				GCC_SYMBOLS_PRIVATE_EXTERN = NO;
				GCC_WARN_64_TO_32_BIT_CONVERSION = YES;
				GCC_WARN_ABOUT_RETURN_TYPE = YES;
				GCC_WARN_UNDECLARED_SELECTOR = YES;
				GCC_WARN_UNINITIALIZED_AUTOS = YES;
				GCC_WARN_UNUSED_FUNCTION = YES;
				GCC_WARN_UNUSED_VARIABLE = YES;
				HEADER_SEARCH_PATHS = "";
				LD_RUNPATH_SEARCH_PATHS = "@executable_path @loader_path";
				LIBRARY_SEARCH_PATHS = (
					"$(inherited)",
					"$(WorkspaceDir)/operating_system",
				);
				ONLY_ACTIVE_ARCH = YES;
				PRODUCT_NAME = "$(TARGET_NAME)";
				SDKROOT = iphoneos;
				SUPPORTED_PLATFORMS = "iphonesimulator iphoneos";
				SYSTEM_HEADER_SEARCH_PATHS = (
					"$(WorkspaceDir)/operating_system/operating_system-$(PLATFORM_MODIFIER)/include",
					"$(WorkspaceDir)/operating_system/operating_system-$(PLATFORM_MODIFIER)/configuration",
					"$(WorkspaceDir)/port/include",
					"$(WorkspaceDir)/source/app/include",
				);
				TARGETED_DEVICE_FAMILY = "1,2";
				USER_HEADER_SEARCH_PATHS = (
					.,
					"$(WorkspaceDir)/source",
					"$(WorkspaceDir)/source/app",
					"$(WorkspaceDir)/source/app/_include",
					"$(WorkspaceDir)/operating_system",
					"$(WorkspaceDir)/operating_system/operating_system-$(PLATFORM_MODIFIER)",
					"$(WorkspaceDir)/operating_system/operating_system-$(PLATFORM_MODIFIER)/configuration_selection/$(CONFIGURATION)",
					"$(WorkspaceDir)/port/_",
					"$(PROJECT_DIR)",
					"$(PROJECT_DIR)/..",
					"$(PROJECT_DIR)/../..",
					"$(HOME)/sensitive/sensitive/include",
				);
				USE_HEADERMAP = NO;
				WorkspaceDir = "$(SRCROOT)/../../../..";
			};
			name = Debug;
		};
		4EAE41E3FA49D94DBFC87329 /* Release */ = {
			isa = XCBuildConfiguration;
			baseConfigurationReference = 2056489F86F5ADB91D206404 /* _____release.xcconfig */;
			buildSettings = {
				ALWAYS_SEARCH_USER_PATHS = NO;
				CLANG_ANALYZER_LOCALIZABILITY_NONLOCALIZED = YES;
				CLANG_CXX_LANGUAGE_STANDARD = "c++20";
				CLANG_ENABLE_MODULE_DEBUGGING = NO;
				CLANG_WARN_BLOCK_CAPTURE_AUTORELEASING = YES;
				CLANG_WARN_BOOL_CONVERSION = YES;
				CLANG_WARN_COMMA = YES;
				CLANG_WARN_CONSTANT_CONVERSION = YES;
				CLANG_WARN_DEPRECATED_OBJC_IMPLEMENTATIONS = YES;
				CLANG_WARN_EMPTY_BODY = YES;
				CLANG_WARN_ENUM_CONVERSION = YES;
				CLANG_WARN_INFINITE_RECURSION = YES;
				CLANG_WARN_INT_CONVERSION = YES;
				CLANG_WARN_NON_LITERAL_NULL_CONVERSION = YES;
				CLANG_WARN_OBJC_IMPLICIT_RETAIN_SELF = YES;
				CLANG_WARN_OBJC_LITERAL_CONVERSION = YES;
				CLANG_WARN_QUOTED_INCLUDE_IN_FRAMEWORK_HEADER = YES;
				CLANG_WARN_RANGE_LOOP_ANALYSIS = YES;
				CLANG_WARN_STRICT_PROTOTYPES = YES;
				CLANG_WARN_SUSPICIOUS_MOVE = YES;
				CLANG_WARN_UNREACHABLE_CODE = YES;
				CLANG_WARN__DUPLICATE_METHOD_MATCH = YES;
				CODE_SIGN_IDENTITY = "iPhone Developer";
				COPY_PHASE_STRIP = NO;
				DEAD_CODE_STRIPPING = YES;
				DEBUG_INFORMATION_FORMAT = "dwarf-with-dsym";
				DEPLOYMENT_POSTPROCESSING = YES;
				ENABLE_STRICT_OBJC_MSGSEND = YES;
				ENABLE_USER_SCRIPT_SANDBOXING = YES;
				GCC_C_LANGUAGE_STANDARD = c17;
				GCC_NO_COMMON_BLOCKS = YES;
				GCC_WARN_64_TO_32_BIT_CONVERSION = YES;
				GCC_WARN_ABOUT_RETURN_TYPE = YES;
				GCC_WARN_UNDECLARED_SELECTOR = YES;
				GCC_WARN_UNINITIALIZED_AUTOS = YES;
				GCC_WARN_UNUSED_FUNCTION = YES;
				GCC_WARN_UNUSED_VARIABLE = YES;
				HEADER_SEARCH_PATHS = "";
				LD_RUNPATH_SEARCH_PATHS = "@executable_path @loader_path";
				LIBRARY_SEARCH_PATHS = (
					"$(inherited)",
					"$(WorkspaceDir)/operating_system",
				);
				PRODUCT_NAME = "$(TARGET_NAME)";
				SDKROOT = iphoneos;
				SUPPORTED_PLATFORMS = "iphonesimulator iphoneos";
				SYSTEM_HEADER_SEARCH_PATHS = (
					"$(WorkspaceDir)/operating_system/operating_system-$(PLATFORM_MODIFIER)/include",
					"$(WorkspaceDir)/operating_system/operating_system-$(PLATFORM_MODIFIER)/configuration",
					"$(WorkspaceDir)/port/include",
					"$(WorkspaceDir)/source/app/include",
				);
				TARGETED_DEVICE_FAMILY = "1,2";
				USER_HEADER_SEARCH_PATHS = (
					.,
					"$(WorkspaceDir)/source",
					"$(WorkspaceDir)/source/app",
					"$(WorkspaceDir)/source/app/_include",
					"$(WorkspaceDir)/operating_system",
					"$(WorkspaceDir)/operating_system/operating_system-$(PLATFORM_MODIFIER)",
					"$(WorkspaceDir)/operating_system/operating_system-$(PLATFORM_MODIFIER)/configuration_selection/$(CONFIGURATION)",
					"$(WorkspaceDir)/port/_",
					"$(PROJECT_DIR)",
					"$(PROJECT_DIR)/..",
					"$(PROJECT_DIR)/../..",
					"$(HOME)/sensitive/sensitive/include",
				);
				USE_HEADERMAP = NO;
				VALIDATE_PRODUCT = YES;
				WorkspaceDir = "$(SRCROOT)/../../../..";
			};
			name = Release;
		};
/* End XCBuildConfiguration section */

/* Begin XCConfigurationList section */
		C1A3DD049C9B618845BD0149 /* Build configuration list for PBXNativeTarget "_ios_app_simple_form" */ = {
			isa = XCConfigurationList;
			buildConfigurations = (
				3C0B319078382B7109BD506E /* Debug */,
				D1987FBDBE448A301F78C8D4 /* Release */,
			);
			defaultConfigurationIsVisible = 0;
			defaultConfigurationName = Release;
		};
		737CBA0C6FD39A7FC89190B7 /* Build configuration list for PBXNativeTarget "ios_simple_form_simple_formTests" */ = {
			isa = XCConfigurationList;
			buildConfigurations = (
				2834DAB3DFAF822C1A193E34 /* Debug */,
				E1152C9F3446B99FF70A8DFF /* Release */,
			);
			defaultConfigurationIsVisible = 0;
			defaultConfigurationName = Release;
		};
		1D279A4BE2B9896100A89B0F /* Build configuration list for PBXProject "_ios_app_simple_form" */ = {
			isa = XCConfigurationList;
			buildConfigurations = (
				C8673FA366873557B7572828 /* Debug */,
				4EAE41E3FA49D94DBFC87329 /* Release */,
			);
			defaultConfigurationIsVisible = 0;
			defaultConfigurationName = Release;
		};
/* End XCConfigurationList section */
	};
	rootObject = 7DA2CA57E2D220CDD452863D /* Project object */;
}
