// !$*UTF8*$!
{
	archiveVersion = 1;
	classes = {
	};
	objectVersion = 54;
	objects = {

/* Begin PBXBuildFile section */
		E76082A712A8A9A713518131 /* libios_core_foundation.a in Frameworks */ = {isa = PBXBuildFile; fileRef = 81F8B7F901578F3E594F3297 /* libios_core_foundation.a */; };
		945C910DE4EC68844DA6096B /* libios_core_graphics.a in Frameworks */ = {isa = PBXBuildFile; fileRef = 343FA2BDD9C46E58F6576973 /* libios_core_graphics.a */; };
		079459D69CE99B6E4FE07E92 /* QuartzCore.framework in Frameworks */ = {isa = PBXBuildFile; fileRef = 05A545315B373D7EEF5D808C /* QuartzCore.framework */; };
		394AA81F973B8FD44AE6E43E /* libacme_windowing_uikit.a in Frameworks */ = {isa = PBXBuildFile; fileRef = 5CB62DB409E407266763091B /* libacme_windowing_uikit.a */; };
		733B8C3380C1DB06EC5495F0 /* libz.tbd in Frameworks */ = {isa = PBXBuildFile; fileRef = 91D0FF0ED2662861E3C40D37 /* libz.tbd */; };
		03CB978262C7C51970686A19 /* libsqlite3.tbd in Frameworks */ = {isa = PBXBuildFile; fileRef = 3D331FA1B6FADF31C3004708 /* libsqlite3.tbd */; };
		637EEE4A0756992BDDC60683 /* CoreServices.framework in Frameworks */ = {isa = PBXBuildFile; fileRef = CD4CCC11C9B255D41C28C841 /* CoreServices.framework */; };
		FEB07C7DD0D12B3E78141083 /* ImageIO.framework in Frameworks */ = {isa = PBXBuildFile; fileRef = 7916463C36AE3EE953006B7D /* ImageIO.framework */; };
		EBA29512FCA7249C00BA5499 /* Foundation.framework in Frameworks */ = {isa = PBXBuildFile; fileRef = E3B2C78DC8F253E60E792724 /* Foundation.framework */; };
		B22CB5AEA854700FFD891616 /* main.cpp in Sources */ = {isa = PBXBuildFile; fileRef = 3C88D200E57DC0C8F135F3B9 /* main.cpp */; };
		5EA31C55D46EA02F23FEB53A /* _____debug.xcconfig in Resources */ = {isa = PBXBuildFile; fileRef = CEFB950A0946EC2796B88AA0 /* _____debug.xcconfig */; };
		B6BCC7F13AA3AD5C01816AB0 /* _____release.xcconfig in Resources */ = {isa = PBXBuildFile; fileRef = 8A40A1121969466519C7DE09 /* _____release.xcconfig */; };
		CAA1839E77A8DCF0E8C6890C /* libios_acme_darwin.a in Frameworks */ = {isa = PBXBuildFile; fileRef = 6B75A1406994D2B0A2C9877A /* libios_acme_darwin.a */; };
		B76DEFEFC3395F5CF0E98B86 /* libios_apex_darwin.a in Frameworks */ = {isa = PBXBuildFile; fileRef = 496AAF7F2CDD8DCA1AD5E710 /* libios_apex_darwin.a */; };
		4BF8B6CF625D27DFC6FF2F42 /* libios_aura_darwin.a in Frameworks */ = {isa = PBXBuildFile; fileRef = 32EE6D8384CCC7C5A0B03018 /* libios_aura_darwin.a */; };
		9F79D7D9D775F8FE4B716C3E /* libios_darwin.a in Frameworks */ = {isa = PBXBuildFile; fileRef = 017CDC6EAFC1F31172446E16 /* libios_darwin.a */; };
		64F4E1701EAC290392D5F635 /* UniformTypeIdentifiers.framework in Frameworks */ = {isa = PBXBuildFile; fileRef = 7E6A56F032C4588BABE585D3 /* UniformTypeIdentifiers.framework */; };
		643BB0C2BF428529B25ACF40 /* libios_unac.a in Frameworks */ = {isa = PBXBuildFile; fileRef = 168F05955A9D11389AD52FFB /* libios_unac.a */; };
		9138CCCC80AE1C8148EA67DD /* libios_archive.a in Frameworks */ = {isa = PBXBuildFile; fileRef = 1C462B57E400D417C6CFA654 /* libios_archive.a */; };
		BE8AAA14364B4F21FAC3023D /* libios_acme.a in Frameworks */ = {isa = PBXBuildFile; fileRef = F1C6AC83B6A1BAC87C187264 /* libios_acme.a */; };
		5EC3F392CDF9A5169F26F4E9 /* libios_acme_apple.a in Frameworks */ = {isa = PBXBuildFile; fileRef = 547D869781E50BE7392D7170 /* libios_acme_apple.a */; };
		585894DC84D6DADDC5CA53D9 /* libacme_ios.a in Frameworks */ = {isa = PBXBuildFile; fileRef = B63F8248130E480B1188EE71 /* libacme_ios.a */; };
		44635B045B3F646D7E113B4D /* libios_acme_posix.a in Frameworks */ = {isa = PBXBuildFile; fileRef = 64CC4499DD80925EFC5719A3 /* libios_acme_posix.a */; };
		01DFE29639E0D8A5FF271359 /* libios_apex.a in Frameworks */ = {isa = PBXBuildFile; fileRef = 4A442B77289F78C9CA0C58DD /* libios_apex.a */; };
		D3EF777C6E075660A385D46C /* libios_apex_apple.a in Frameworks */ = {isa = PBXBuildFile; fileRef = 342B9A5A3E342830B3C1473F /* libios_apex_apple.a */; };
		703D587E382F214D999C76E4 /* libapex_ios.a in Frameworks */ = {isa = PBXBuildFile; fileRef = 9830C937C168235E7FB165A3 /* libapex_ios.a */; };
		B93019B40A7B3582745853E1 /* libios_apex_posix.a in Frameworks */ = {isa = PBXBuildFile; fileRef = 4883FB18385834904B8723F4 /* libios_apex_posix.a */; };
		1039C28A57FF5DA49867AA37 /* libios_app_simple_about_the_operating_system.a in Frameworks */ = {isa = PBXBuildFile; fileRef = 661DEF575FCE8101C3A161A4 /* libios_app_simple_about_the_operating_system.a */; };
		6B4D389F8F0318784CC8B0CD /* libios_aqua.a in Frameworks */ = {isa = PBXBuildFile; fileRef = A763F7291786565A567BF4FD /* libios_aqua.a */; };
		9B870867F72157A162773C94 /* libios_aura.a in Frameworks */ = {isa = PBXBuildFile; fileRef = 79E55772933FDC45C88C9AF7 /* libios_aura.a */; };
		471A8C7E5002DD7AB21C04FB /* libios_aura_apple.a in Frameworks */ = {isa = PBXBuildFile; fileRef = BF2C02CC354FA496730BB26B /* libios_aura_apple.a */; };
		1D2FB98956D95E5898EEED05 /* libaura_ios.a in Frameworks */ = {isa = PBXBuildFile; fileRef = 15C085949D3FCC4863354447 /* libaura_ios.a */; };
		6C75B3DFC303BA0DC3735A04 /* libios_aura_posix.a in Frameworks */ = {isa = PBXBuildFile; fileRef = 2C4BB63C8050D38FFD2A2561 /* libios_aura_posix.a */; };
		735FFEA155B5C2941F04C6CC /* libios_axis.a in Frameworks */ = {isa = PBXBuildFile; fileRef = 895223D9F4856FE5518FE7AB /* libios_axis.a */; };
		979CA032036ECF412F72C87B /* libios_berg.a in Frameworks */ = {isa = PBXBuildFile; fileRef = A93CC903BF89F95331490832 /* libios_berg.a */; };
		C995E2F959A176C9173D0DF0 /* libios_crypto_openssl.a in Frameworks */ = {isa = PBXBuildFile; fileRef = 4090416B4FD46B886C95E85A /* libios_crypto_openssl.a */; };
		47A9DD6BE3853557D5AAA09E /* libios_database_sqlite3.a in Frameworks */ = {isa = PBXBuildFile; fileRef = 253E7549F439DEA88891C616 /* libios_database_sqlite3.a */; };
		05124A04B963EF2524590A76 /* libios_draw2d_quartz2d.a in Frameworks */ = {isa = PBXBuildFile; fileRef = DDA6D079CAA6F21EE29C3181 /* libios_draw2d_quartz2d.a */; };
		C84FDDC74F0CC6EA19F5E49A /* libios_experience_core.a in Frameworks */ = {isa = PBXBuildFile; fileRef = 189DAF81B37D526882DB33FE /* libios_experience_core.a */; };
		877B3310CE60D192F9A35003 /* libios_folder_zip.a in Frameworks */ = {isa = PBXBuildFile; fileRef = 0506F61D7CE9D6F9048EAB98 /* libios_folder_zip.a */; };
		34ECD1E6F5285391B6FCE8D2 /* libios_idn.a in Frameworks */ = {isa = PBXBuildFile; fileRef = 0AFBFEF22FFC3875C7BBEBD9 /* libios_idn.a */; };
		B01F9B6A19E18CD6E0CE0422 /* libios_imaging_coreimage.a in Frameworks */ = {isa = PBXBuildFile; fileRef = A162987255AC3C9CE32457C2 /* libios_imaging_coreimage.a */; };
		DAF78713058AD13E0C4701F9 /* libwindowing_ios.a in Frameworks */ = {isa = PBXBuildFile; fileRef = 3B4E876F9C09DE90F89317E7 /* libwindowing_ios.a */; };
		6A7FF11B8D02CE9D8DA41CF1 /* libios_write_text_quartz2d.a in Frameworks */ = {isa = PBXBuildFile; fileRef = 7D5F8FE2EDFBF8A8E655E6E1 /* libios_write_text_quartz2d.a */; };
		8BD9F8C93E810CDA5842732A /* libcrypto.a in Frameworks */ = {isa = PBXBuildFile; fileRef = AADA75CFEAF3D0BA760B34D7 /* libcrypto.a */; };
		35BADAED967E435E33032014 /* libssl.a in Frameworks */ = {isa = PBXBuildFile; fileRef = C212EC6F42C1E5582C9DBF7E /* libssl.a */; };
		C75133A1F99E5D310A3D5E85 /* libbz2.tbd in Frameworks */ = {isa = PBXBuildFile; fileRef = 6016E2BA56023CC6412AEF99 /* libbz2.tbd */; };
		EDF2AB12C004DE712FF4A106 /* libiconv.tbd in Frameworks */ = {isa = PBXBuildFile; fileRef = 014DC38EED2541CF193953D8 /* libiconv.tbd */; };
		686F776D45761E79E07E4689 /* liboperating_ambient_ios.a in Frameworks */ = {isa = PBXBuildFile; fileRef = EBAD0BA18C409A4DB20B32BE /* liboperating_ambient_ios.a */; };
		388C6CAA927B3C690A22CDBA /* libnode_ios.a in Frameworks */ = {isa = PBXBuildFile; fileRef = 14F6FB3711B9B094A58CB2C3 /* libnode_ios.a */; };
		C4D56EE6AC5861CFB7B350D9 /* libios_acme_windowing_kit.a in Frameworks */ = {isa = PBXBuildFile; fileRef = AAE10861F04CF9B270EA55DE /* libios_acme_windowing_kit.a */; };
		3BAA5B2753EF12E3E5440B83 /* libinnate_ui_uikit.a in Frameworks */ = {isa = PBXBuildFile; fileRef = 75064BB9E3CD7F54DAEF6E34 /* libinnate_ui_uikit.a */; };
		855779C29F403B702A4323E9 /* libios_nano_graphics_quartz2d.a in Frameworks */ = {isa = PBXBuildFile; fileRef = 9734C9CCC9A8E9201FC91F4D /* libios_nano_graphics_quartz2d.a */; };
		2420169F037937D500AFF83B /* _static_factory_.inl in Resources */ = {isa = PBXBuildFile; fileRef = EA11B7374E46D3AD7C2C8D7A /* _static_factory_.inl */; };
		533CAA9580009A7597CC70C5 /* Images.xcassets in Resources */ = {isa = PBXBuildFile; fileRef = 4E0C7D555055BC893C65EA21 /* Images.xcassets */; };
		49F663B8A7E07674DE68927B /* Launch Screen.storyboard in Resources */ = {isa = PBXBuildFile; fileRef = E1CE28C440FEF64F68D499B9 /* Launch Screen.storyboard */; };
		30ED3B843AADB578BD21164E /* _matter.zip in Resources */ = {isa = PBXBuildFile; fileRef = 9C48763211E7320B5CA14E9C /* _matter.zip */; };
		A8F2D47036CA8C8968F82DA0 /* CoreFoundation.framework in Frameworks */ = {isa = PBXBuildFile; fileRef = CDDCE85FE73D118214B9D156 /* CoreFoundation.framework */; };
		32165E38454FBA76B8367F48 /* UIKit.framework in Frameworks */ = {isa = PBXBuildFile; fileRef = FE8D2398679C1690A4105399 /* UIKit.framework */; };
		DBB8FB22852D1B692A44DCCE /* CoreGraphics.framework in Frameworks */ = {isa = PBXBuildFile; fileRef = 44FF728AE09735EE75421B3F /* CoreGraphics.framework */; };
		5B767F08F02DCA9EC1B82286 /* CoreText.framework in Frameworks */ = {isa = PBXBuildFile; fileRef = 16855CB4E0326101C99E5853 /* CoreText.framework */; };
		3F49B11705BBD1DA4CEC4595 /* SystemConfiguration.framework in Frameworks */ = {isa = PBXBuildFile; fileRef = 977AAF6DD19EEBC7211371AD /* SystemConfiguration.framework */; };
/* End PBXBuildFile section */

/* Begin PBXContainerItemProxy section */
		7FEF8B02F9CAE178A20DC50C /* PBXContainerItemProxy */ = {
			isa = PBXContainerItemProxy;
			containerPortal = 2D2C348BE13A7238579DBB90 /* Project object */;
			proxyType = 1;
			remoteGlobalIDString = B49A8A74A40B483ABE2A7542;
			remoteInfo = wiossimple_drawing_simple_drawing;
		};
		59B51E3B3A560AAF4D575047 /* PBXContainerItemProxy */ = {
			isa = PBXContainerItemProxy;
			containerPortal = 9B379417B6B78E01673F0631 /* operating_ambient_ios.xcodeproj */;
			proxyType = 2;
			remoteGlobalIDString = 3C3E16C62A877886D51077B5;
			remoteInfo = operating_ambient_ios;
		};
		6AA6F3B4710C19E2B6498FA1 /* PBXContainerItemProxy */ = {
			isa = PBXContainerItemProxy;
			containerPortal = 912AE4AD2932A60EBBEDBEEA /* crypto_openssl.xcodeproj */;
			proxyType = 2;
			remoteGlobalIDString = 8EB15CD8A2E238785F455403;
			remoteInfo = static_crypto_openssl;
		};
		19787C65678938FA083C7445 /* PBXContainerItemProxy */ = {
			isa = PBXContainerItemProxy;
			containerPortal = FF06D281CA0A2308E87F9F4C /* folder_zip.xcodeproj */;
			proxyType = 2;
			remoteGlobalIDString = 594B3750FFD2E6CABDD0A425;
			remoteInfo = static_folder_zip;
		};
		1EAF74B6D56B5C2F07D7AEBC /* PBXContainerItemProxy */ = {
			isa = PBXContainerItemProxy;
			containerPortal = E4E3EFFE9CEB49220A68894B /* imaging_coreimage.xcodeproj */;
			proxyType = 2;
			remoteGlobalIDString = 6CE23296FBA342FF94633499;
			remoteInfo = imaging_coreimage;
		};
		006D899C1C9447180F475D86 /* PBXContainerItemProxy */ = {
			isa = PBXContainerItemProxy;
			containerPortal = E4E3EFFE9CEB49220A68894B /* imaging_coreimage.xcodeproj */;
			proxyType = 2;
			remoteGlobalIDString = C6263A695AAC13908C78BB0E;
			remoteInfo = ios_imaging_coreimage;
		};
		D5CEC8851F82D49519428EF1 /* PBXContainerItemProxy */ = {
			isa = PBXContainerItemProxy;
			containerPortal = E4E3EFFE9CEB49220A68894B /* imaging_coreimage.xcodeproj */;
			proxyType = 2;
			remoteGlobalIDString = C424910FFFBAD50782D412EE;
			remoteInfo = math_iosTests;
		};
		0AD0581028F38843B122C4C9 /* PBXContainerItemProxy */ = {
			isa = PBXContainerItemProxy;
			containerPortal = 499218BEBAEFD0BB0E559BEC /* write_text_quartz2d.xcodeproj */;
			proxyType = 2;
			remoteGlobalIDString = 0010C0CDA03DB72745411F3F;
			remoteInfo = write_text_quartz2d;
		};
		47BBE0841A7B62F34C90C4E6 /* PBXContainerItemProxy */ = {
			isa = PBXContainerItemProxy;
			containerPortal = 499218BEBAEFD0BB0E559BEC /* write_text_quartz2d.xcodeproj */;
			proxyType = 2;
			remoteGlobalIDString = 7721B0782CB11940E577F585;
			remoteInfo = ios_write_text_quartz2d;
		};
		A570273DFDD107A6FDD62046 /* PBXContainerItemProxy */ = {
			isa = PBXContainerItemProxy;
			containerPortal = FC8B04AABB2D95FC48F18957 /* experience_core.xcodeproj */;
			proxyType = 2;
			remoteGlobalIDString = 76B9B361D6701031FD7A35E1;
			remoteInfo = experience_core;
		};
		76A542734CCAE2EDB6E80E7D /* PBXContainerItemProxy */ = {
			isa = PBXContainerItemProxy;
			containerPortal = FC8B04AABB2D95FC48F18957 /* experience_core.xcodeproj */;
			proxyType = 2;
			remoteGlobalIDString = 95F4B5D309C0A224BB37CBB5;
			remoteInfo = ios_experience_core;
		};
		B7D847E6808FA6826F43D177 /* PBXContainerItemProxy */ = {
			isa = PBXContainerItemProxy;
			containerPortal = 912AE4AD2932A60EBBEDBEEA /* crypto_openssl.xcodeproj */;
			proxyType = 2;
			remoteGlobalIDString = 05F6B639A4C58F3D6CE7A033;
			remoteInfo = crypto_openssl;
		};
		2A9B1A027348150B87D4AC0E /* PBXContainerItemProxy */ = {
			isa = PBXContainerItemProxy;
			containerPortal = 912AE4AD2932A60EBBEDBEEA /* crypto_openssl.xcodeproj */;
			proxyType = 2;
			remoteGlobalIDString = 007599CAAABCB1C1BE567A76;
			remoteInfo = ios_crypto_openssl;
		};
		65AD3C087E766D3189821EB5 /* PBXContainerItemProxy */ = {
			isa = PBXContainerItemProxy;
			containerPortal = D2237CE181DE3CAE46F5C6EB /* app_simple_about_the_operating_system.xcodeproj */;
			proxyType = 2;
			remoteGlobalIDString = 728431727263688D6F93D1E7;
			remoteInfo = app_simple_about_the_operating_system;
		};
		D24BC376FB92EABA1E36ACCF /* PBXContainerItemProxy */ = {
			isa = PBXContainerItemProxy;
			containerPortal = D2237CE181DE3CAE46F5C6EB /* app_simple_about_the_operating_system.xcodeproj */;
			proxyType = 2;
			remoteGlobalIDString = B189EA283F375A2C4BCDFC24;
			remoteInfo = ios_app_simple_about_the_operating_system;
		};
		FFEC7E6AAB5F617E0D412496 /* PBXContainerItemProxy */ = {
			isa = PBXContainerItemProxy;
			containerPortal = 91143190F8AFB2337CF2B7C0 /* database_sqlite3.xcodeproj */;
			proxyType = 2;
			remoteGlobalIDString = 9AE12E782661E97E009F476A;
			remoteInfo = database_sqlite3;
		};
		E36E67F117CE6163BC2926DA /* PBXContainerItemProxy */ = {
			isa = PBXContainerItemProxy;
			containerPortal = 91143190F8AFB2337CF2B7C0 /* database_sqlite3.xcodeproj */;
			proxyType = 2;
			remoteGlobalIDString = 9A93B4C32846E5EF005ACD11;
			remoteInfo = ios_database_sqlite3;
		};
		A0D2EBD5533373D173394E96 /* PBXContainerItemProxy */ = {
			isa = PBXContainerItemProxy;
			containerPortal = FF06D281CA0A2308E87F9F4C /* folder_zip.xcodeproj */;
			proxyType = 2;
			remoteGlobalIDString = 1A9485C6A3C87EAF4A351D85;
			remoteInfo = folder_zip;
		};
		8CF9154557A95C1793863772 /* PBXContainerItemProxy */ = {
			isa = PBXContainerItemProxy;
			containerPortal = FF06D281CA0A2308E87F9F4C /* folder_zip.xcodeproj */;
			proxyType = 2;
			remoteGlobalIDString = 877C5DA152960224128C2480;
			remoteInfo = ios_folder_zip;
		};
		46C75B5081C29DA99FE684B4 /* PBXContainerItemProxy */ = {
			isa = PBXContainerItemProxy;
			containerPortal = 353E607E99785FB299D97038 /* draw2d_quartz2d.xcodeproj */;
			proxyType = 2;
			remoteGlobalIDString = 7384CFC7D297323C33C5FC52;
			remoteInfo = draw2d_quartz2d;
		};
		4C65FB32501272242A7CEC90 /* PBXContainerItemProxy */ = {
			isa = PBXContainerItemProxy;
			containerPortal = 353E607E99785FB299D97038 /* draw2d_quartz2d.xcodeproj */;
			proxyType = 2;
			remoteGlobalIDString = 42FCD051F2B773A4E2C81813;
			remoteInfo = ios_draw2d_quartz2d;
		};
		44CFA9FC726C456EA4AB4DFE /* PBXContainerItemProxy */ = {
			isa = PBXContainerItemProxy;
			containerPortal = 91143190F8AFB2337CF2B7C0 /* database_sqlite3.xcodeproj */;
			proxyType = 1;
			remoteGlobalIDString = FB83F4A6AD621C4D6FA9988D;
			remoteInfo = ios_database_sqlite3;
		};
		BCC6EAA3BF04D928DC169851 /* PBXContainerItemProxy */ = {
			isa = PBXContainerItemProxy;
			containerPortal = 912AE4AD2932A60EBBEDBEEA /* crypto_openssl.xcodeproj */;
			proxyType = 1;
			remoteGlobalIDString = BB4D8D686633930ACD233ADC;
			remoteInfo = ios_crypto_openssl;
		};
		686376193B0652F8E4A61297 /* PBXContainerItemProxy */ = {
			isa = PBXContainerItemProxy;
			containerPortal = 353E607E99785FB299D97038 /* draw2d_quartz2d.xcodeproj */;
			proxyType = 1;
			remoteGlobalIDString = 5B08D4CAD8FAC29E5955A6B3;
			remoteInfo = ios_draw2d_quartz2d;
		};
		50FD55317C725A84CAEB7A2E /* PBXContainerItemProxy */ = {
			isa = PBXContainerItemProxy;
			containerPortal = FC8B04AABB2D95FC48F18957 /* experience_core.xcodeproj */;
			proxyType = 1;
			remoteGlobalIDString = 9A38FA2DB83679F3A33A27F6;
			remoteInfo = ios_experience_core;
		};
		7C341D5CF6AEB72D8EAD4725 /* PBXContainerItemProxy */ = {
			isa = PBXContainerItemProxy;
			containerPortal = FF06D281CA0A2308E87F9F4C /* folder_zip.xcodeproj */;
			proxyType = 1;
			remoteGlobalIDString = 343D1D1EE1699E21118CEE07;
			remoteInfo = ios_folder_zip;
		};
		DCC7C4B8D0E61A48B638BBA0 /* PBXContainerItemProxy */ = {
			isa = PBXContainerItemProxy;
			containerPortal = E4E3EFFE9CEB49220A68894B /* imaging_coreimage.xcodeproj */;
			proxyType = 1;
			remoteGlobalIDString = A46720C58019266DD9E7DB04;
			remoteInfo = ios_imaging_coreimage;
		};
		79974F23B603651F872EBB9C /* PBXContainerItemProxy */ = {
			isa = PBXContainerItemProxy;
			containerPortal = 499218BEBAEFD0BB0E559BEC /* write_text_quartz2d.xcodeproj */;
			proxyType = 1;
			remoteGlobalIDString = 5FDC35D52EA3D172D787A020;
			remoteInfo = ios_write_text_quartz2d;
		};
		15A238D29EA51C1E5975232C /* PBXContainerItemProxy */ = {
			isa = PBXContainerItemProxy;
			containerPortal = 9B379417B6B78E01673F0631 /* operating_ambient_ios.xcodeproj */;
			proxyType = 1;
			remoteGlobalIDString = 2DDB0991ADB2C31D1DA972C6;
			remoteInfo = operating_ambient_ios;
		};
		4E88988901738A25CCB8F367 /* PBXContainerItemProxy */ = {
			isa = PBXContainerItemProxy;
			containerPortal = D2237CE181DE3CAE46F5C6EB /* app_simple_about_the_operating_system.xcodeproj */;
			proxyType = 1;
			remoteGlobalIDString = 5322AB89D059CD26C86294DE;
			remoteInfo = ios_app_simple_about_the_operating_system;
		};
/* End PBXContainerItemProxy section */

/* Begin PBXFileReference section */
		81F8B7F901578F3E594F3297 /* libios_core_foundation.a */ = {isa = PBXFileReference; explicitFileType = "compiled.mach-o.dylib"; path = libios_core_foundation.a; sourceTree = BUILT_PRODUCTS_DIR; };
		343FA2BDD9C46E58F6576973 /* libios_core_graphics.a */ = {isa = PBXFileReference; explicitFileType = "compiled.mach-o.dylib"; path = libios_core_graphics.a; sourceTree = BUILT_PRODUCTS_DIR; };
		FE8D2398679C1690A4105399 /* UIKit.framework */ = {isa = PBXFileReference; lastKnownFileType = wrapper.framework; name = UIKit.framework; path = System/Library/Frameworks/UIKit.framework; sourceTree = SDKROOT; };
		79349BCDD61E4DF6DB31E209 /* _ios_app_simple_about_the_operating_system.app */ = {isa = PBXFileReference; explicitFileType = wrapper.application; includeInIndex = 0; path = _ios_app_simple_about_the_operating_system.app; sourceTree = BUILT_PRODUCTS_DIR; };
		2954ACDA8E51157C4CC3FC37 /* ios_simple_drawing_simple_drawingTests.xctest */ = {isa = PBXFileReference; explicitFileType = wrapper.cfbundle; includeInIndex = 0; path = ios_simple_drawing_simple_drawingTests.xctest; sourceTree = BUILT_PRODUCTS_DIR; };
		CDDCE85FE73D118214B9D156 /* CoreFoundation.framework */ = {isa = PBXFileReference; lastKnownFileType = wrapper.framework; name = CoreFoundation.framework; path = System/Library/Frameworks/CoreFoundation.framework; sourceTree = SDKROOT; };
		05A545315B373D7EEF5D808C /* QuartzCore.framework */ = {isa = PBXFileReference; lastKnownFileType = wrapper.framework; name = QuartzCore.framework; path = System/Library/Frameworks/QuartzCore.framework; sourceTree = SDKROOT; };
		5CB62DB409E407266763091B /* libacme_windowing_uikit.a */ = {isa = PBXFileReference; explicitFileType = "compiled.mach-o.dylib"; path = libacme_windowing_uikit.a; sourceTree = BUILT_PRODUCTS_DIR; };
		633EE23D15CA89F752BDE1BF /* libacme_windowing_uikit.a */ = {isa = PBXFileReference; explicitFileType = "compiled.mach-o.dylib"; path = libacme_windowing_uikit.a; sourceTree = BUILT_PRODUCTS_DIR; };
		7E96D131F6A8D4AC05D902FA /* libapp_simple_application.a */ = {isa = PBXFileReference; explicitFileType = archive.ar; path = libapp_simple_application.a; sourceTree = BUILT_PRODUCTS_DIR; };
		95E9F97A0B955CF68D351498 /* libios_aura.a */ = {isa = PBXFileReference; explicitFileType = "compiled.mach-o.dylib"; path = libios_aura.a; sourceTree = BUILT_PRODUCTS_DIR; };
		1D9C619B515EF0304DB163A3 /* libios_idn.a */ = {isa = PBXFileReference; explicitFileType = "compiled.mach-o.dylib"; path = libios_idn.a; sourceTree = BUILT_PRODUCTS_DIR; };
		5531CAD949729010289C0018 /* libios_pcre.a */ = {isa = PBXFileReference; explicitFileType = "compiled.mach-o.dylib"; path = libios_pcre.a; sourceTree = BUILT_PRODUCTS_DIR; };
		CD4CCC11C9B255D41C28C841 /* CoreServices.framework */ = {isa = PBXFileReference; lastKnownFileType = wrapper.framework; name = CoreServices.framework; path = System/Library/Frameworks/CoreServices.framework; sourceTree = SDKROOT; };
		7916463C36AE3EE953006B7D /* ImageIO.framework */ = {isa = PBXFileReference; lastKnownFileType = wrapper.framework; name = ImageIO.framework; path = System/Library/Frameworks/ImageIO.framework; sourceTree = SDKROOT; };
		874A96E58D2479759EDB1E88 /* MobileCoreServices.framework */ = {isa = PBXFileReference; lastKnownFileType = wrapper.framework; name = MobileCoreServices.framework; path = System/Library/Frameworks/MobileCoreServices.framework; sourceTree = SDKROOT; };
		3C88D200E57DC0C8F135F3B9 /* main.cpp */ = {isa = PBXFileReference; fileEncoding = 4; lastKnownFileType = sourcecode.cpp.cpp; path = main.cpp; sourceTree = "<group>"; };
		CEFB950A0946EC2796B88AA0 /* _____debug.xcconfig */ = {isa = PBXFileReference; fileEncoding = 4; lastKnownFileType = text.xcconfig; name = "_____debug.xcconfig"; path = "../_____debug.xcconfig"; sourceTree = "<group>"; };
		8A40A1121969466519C7DE09 /* _____release.xcconfig */ = {isa = PBXFileReference; fileEncoding = 4; lastKnownFileType = text.xcconfig; name = "_____release.xcconfig"; path = "../_____release.xcconfig"; sourceTree = "<group>"; };
		6B75A1406994D2B0A2C9877A /* libios_acme_darwin.a */ = {isa = PBXFileReference; explicitFileType = "compiled.mach-o.dylib"; path = libios_acme_darwin.a; sourceTree = BUILT_PRODUCTS_DIR; };
		496AAF7F2CDD8DCA1AD5E710 /* libios_apex_darwin.a */ = {isa = PBXFileReference; explicitFileType = "compiled.mach-o.dylib"; path = libios_apex_darwin.a; sourceTree = BUILT_PRODUCTS_DIR; };
		32EE6D8384CCC7C5A0B03018 /* libios_aura_darwin.a */ = {isa = PBXFileReference; explicitFileType = "compiled.mach-o.dylib"; path = libios_aura_darwin.a; sourceTree = BUILT_PRODUCTS_DIR; };
		017CDC6EAFC1F31172446E16 /* libios_darwin.a */ = {isa = PBXFileReference; explicitFileType = "compiled.mach-o.dylib"; path = libios_darwin.a; sourceTree = BUILT_PRODUCTS_DIR; };
		35482A6216D4178CC72A9213 /* libios_archive.a */ = {isa = PBXFileReference; explicitFileType = "compiled.mach-o.dylib"; path = libios_archive.a; sourceTree = BUILT_PRODUCTS_DIR; };
		7E6A56F032C4588BABE585D3 /* UniformTypeIdentifiers.framework */ = {isa = PBXFileReference; lastKnownFileType = wrapper.framework; name = UniformTypeIdentifiers.framework; path = System/Library/Frameworks/UniformTypeIdentifiers.framework; sourceTree = SDKROOT; };
		168F05955A9D11389AD52FFB /* libios_unac.a */ = {isa = PBXFileReference; explicitFileType = "compiled.mach-o.dylib"; path = libios_unac.a; sourceTree = BUILT_PRODUCTS_DIR; };
		1C462B57E400D417C6CFA654 /* libios_archive.a */ = {isa = PBXFileReference; explicitFileType = "compiled.mach-o.dylib"; path = libios_archive.a; sourceTree = BUILT_PRODUCTS_DIR; };
		E49FE4AEA9505BDB339863A3 /* AppKit.framework */ = {isa = PBXFileReference; lastKnownFileType = wrapper.framework; name = AppKit.framework; path = System/Library/Frameworks/AppKit.framework; sourceTree = SDKROOT; };
		830FD03047F5ABB8B2740CE4 /* CoreData.framework */ = {isa = PBXFileReference; lastKnownFileType = wrapper.framework; name = CoreData.framework; path = System/Library/Frameworks/CoreData.framework; sourceTree = SDKROOT; };
		E3B2C78DC8F253E60E792724 /* Foundation.framework */ = {isa = PBXFileReference; lastKnownFileType = wrapper.framework; name = Foundation.framework; path = System/Library/Frameworks/Foundation.framework; sourceTree = SDKROOT; };
		9C48763211E7320B5CA14E9C /* _matter.zip */ = {isa = PBXFileReference; lastKnownFileType = archive.zip; name = _matter.zip; path = _matter.zip; sourceTree = "<group>"; };
		E898156E04C7893B18C6A8EB /* en */ = {isa = PBXFileReference; lastKnownFileType = text.plist.strings; name = en; path = en.lproj/InfoPlist.strings; sourceTree = "<group>"; };
		4E0C7D555055BC893C65EA21 /* Images.xcassets */ = {isa = PBXFileReference; lastKnownFileType = folder.assetcatalog; path = Images.xcassets; sourceTree = "<group>"; };
		8CCB9FCB1110F9A95F500A4B /* Info.plist */ = {isa = PBXFileReference; lastKnownFileType = text.plist.xml; path = Info.plist; sourceTree = "<group>"; };
		16855CB4E0326101C99E5853 /* CoreText.framework */ = {isa = PBXFileReference; lastKnownFileType = wrapper.framework; name = CoreText.framework; path = System/Library/Frameworks/CoreText.framework; sourceTree = SDKROOT; };
		91D0FF0ED2662861E3C40D37 /* libz.tbd */ = {isa = PBXFileReference; lastKnownFileType = "sourcecode.text-based-dylib-definition"; name = libz.tbd; path = usr/lib/libz.tbd; sourceTree = SDKROOT; };
		3D331FA1B6FADF31C3004708 /* libsqlite3.tbd */ = {isa = PBXFileReference; lastKnownFileType = "sourcecode.text-based-dylib-definition"; name = libsqlite3.tbd; path = usr/lib/libsqlite3.tbd; sourceTree = SDKROOT; };
		E4E3EFFE9CEB49220A68894B /* imaging_coreimage.xcodeproj */ = {isa = PBXFileReference; lastKnownFileType = "wrapper.pb-project"; name = imaging_coreimage.xcodeproj; path = "../../../../operating_system/operating_system-apple/imaging_coreimage/imaging_coreimage.xcodeproj"; sourceTree = SOURCE_ROOT; };
		499218BEBAEFD0BB0E559BEC /* write_text_quartz2d.xcodeproj */ = {isa = PBXFileReference; lastKnownFileType = "wrapper.pb-project"; name = write_text_quartz2d.xcodeproj; path = "../../../../operating_system/operating_system-apple/write_text_quartz2d/write_text_quartz2d.xcodeproj"; sourceTree = SOURCE_ROOT; };
		FC8B04AABB2D95FC48F18957 /* experience_core.xcodeproj */ = {isa = PBXFileReference; lastKnownFileType = "wrapper.pb-project"; name = experience_core.xcodeproj; path = ../../../app/experience_core/experience_core.xcodeproj; sourceTree = SOURCE_ROOT; };
		912AE4AD2932A60EBBEDBEEA /* crypto_openssl.xcodeproj */ = {isa = PBXFileReference; lastKnownFileType = "wrapper.pb-project"; name = crypto_openssl.xcodeproj; path = ../../../app/crypto_openssl/crypto_openssl.xcodeproj; sourceTree = SOURCE_ROOT; };
		D2237CE181DE3CAE46F5C6EB /* app_simple_about_the_operating_system.xcodeproj */ = {isa = PBXFileReference; lastKnownFileType = "wrapper.pb-project"; name = app_simple_about_the_operating_system.xcodeproj; path = ../app_simple_about_the_operating_system.xcodeproj; sourceTree = SOURCE_ROOT; };
		91143190F8AFB2337CF2B7C0 /* database_sqlite3.xcodeproj */ = {isa = PBXFileReference; lastKnownFileType = "wrapper.pb-project"; name = database_sqlite3.xcodeproj; path = ../../../app/database_sqlite3/database_sqlite3.xcodeproj; sourceTree = SOURCE_ROOT; };
		FF06D281CA0A2308E87F9F4C /* folder_zip.xcodeproj */ = {isa = PBXFileReference; lastKnownFileType = "wrapper.pb-project"; name = folder_zip.xcodeproj; path = ../../../app/folder_zip/folder_zip.xcodeproj; sourceTree = SOURCE_ROOT; };
		353E607E99785FB299D97038 /* draw2d_quartz2d.xcodeproj */ = {isa = PBXFileReference; lastKnownFileType = "wrapper.pb-project"; name = draw2d_quartz2d.xcodeproj; path = "../../../../operating_system/operating_system-apple/draw2d_quartz2d/draw2d_quartz2d.xcodeproj"; sourceTree = SOURCE_ROOT; };
		F1C6AC83B6A1BAC87C187264 /* libios_acme.a */ = {isa = PBXFileReference; explicitFileType = "compiled.mach-o.dylib"; path = libios_acme.a; sourceTree = BUILT_PRODUCTS_DIR; };
		547D869781E50BE7392D7170 /* libios_acme_apple.a */ = {isa = PBXFileReference; explicitFileType = "compiled.mach-o.dylib"; path = libios_acme_apple.a; sourceTree = BUILT_PRODUCTS_DIR; };
		B63F8248130E480B1188EE71 /* libacme_ios.a */ = {isa = PBXFileReference; explicitFileType = "compiled.mach-o.dylib"; path = libacme_ios.a; sourceTree = BUILT_PRODUCTS_DIR; };
		B599CE43A41A6BC3E4492C32 /* libios_acme_posix.a */ = {isa = PBXFileReference; explicitFileType = "compiled.mach-o.dylib"; path = libios_acme_posix.a; sourceTree = BUILT_PRODUCTS_DIR; };
		FD2E42858F7FB51C3C6AF9AE /* libacme_ios.a */ = {isa = PBXFileReference; explicitFileType = "compiled.mach-o.dylib"; path = libacme_ios.a; sourceTree = BUILT_PRODUCTS_DIR; };
		64CC4499DD80925EFC5719A3 /* libios_acme_posix.a */ = {isa = PBXFileReference; explicitFileType = "compiled.mach-o.dylib"; path = libios_acme_posix.a; sourceTree = BUILT_PRODUCTS_DIR; };
		4A442B77289F78C9CA0C58DD /* libios_apex.a */ = {isa = PBXFileReference; explicitFileType = "compiled.mach-o.dylib"; path = libios_apex.a; sourceTree = BUILT_PRODUCTS_DIR; };
		342B9A5A3E342830B3C1473F /* libios_apex_apple.a */ = {isa = PBXFileReference; explicitFileType = "compiled.mach-o.dylib"; path = libios_apex_apple.a; sourceTree = BUILT_PRODUCTS_DIR; };
		9830C937C168235E7FB165A3 /* libapex_ios.a */ = {isa = PBXFileReference; explicitFileType = "compiled.mach-o.dylib"; path = libapex_ios.a; sourceTree = BUILT_PRODUCTS_DIR; };
		4883FB18385834904B8723F4 /* libios_apex_posix.a */ = {isa = PBXFileReference; explicitFileType = "compiled.mach-o.dylib"; path = libios_apex_posix.a; sourceTree = BUILT_PRODUCTS_DIR; };
		A763F7291786565A567BF4FD /* libios_aqua.a */ = {isa = PBXFileReference; explicitFileType = "compiled.mach-o.dylib"; path = libios_aqua.a; sourceTree = BUILT_PRODUCTS_DIR; };
		79E55772933FDC45C88C9AF7 /* libios_aura.a */ = {isa = PBXFileReference; explicitFileType = archive.ar; path = libios_aura.a; sourceTree = BUILT_PRODUCTS_DIR; };
		BF2C02CC354FA496730BB26B /* libios_aura_apple.a */ = {isa = PBXFileReference; explicitFileType = "compiled.mach-o.dylib"; path = libios_aura_apple.a; sourceTree = BUILT_PRODUCTS_DIR; };
		15C085949D3FCC4863354447 /* libaura_ios.a */ = {isa = PBXFileReference; explicitFileType = "compiled.mach-o.dylib"; path = libaura_ios.a; sourceTree = BUILT_PRODUCTS_DIR; };
		DB02DD22DE24870748EB3E12 /* libios_aura_macos.a */ = {isa = PBXFileReference; explicitFileType = archive.ar; path = libios_aura_macos.a; sourceTree = BUILT_PRODUCTS_DIR; };
		2C4BB63C8050D38FFD2A2561 /* libios_aura_posix.a */ = {isa = PBXFileReference; explicitFileType = archive.ar; path = libios_aura_posix.a; sourceTree = BUILT_PRODUCTS_DIR; };
		895223D9F4856FE5518FE7AB /* libios_axis.a */ = {isa = PBXFileReference; explicitFileType = "compiled.mach-o.dylib"; path = libios_axis.a; sourceTree = BUILT_PRODUCTS_DIR; };
		A93CC903BF89F95331490832 /* libios_berg.a */ = {isa = PBXFileReference; explicitFileType = "compiled.mach-o.dylib"; path = libios_berg.a; sourceTree = BUILT_PRODUCTS_DIR; };
		0AFBFEF22FFC3875C7BBEBD9 /* libios_idn.a */ = {isa = PBXFileReference; explicitFileType = "compiled.mach-o.dylib"; path = libios_idn.a; sourceTree = BUILT_PRODUCTS_DIR; };
		3B4E876F9C09DE90F89317E7 /* libwindowing_ios.a */ = {isa = PBXFileReference; explicitFileType = "compiled.mach-o.dylib"; path = libwindowing_ios.a; sourceTree = BUILT_PRODUCTS_DIR; };
		AADA75CFEAF3D0BA760B34D7 /* libcrypto.a */ = {isa = PBXFileReference; lastKnownFileType = archive.ar; name = libcrypto.a; path = "../../../../operating_system/storage-ios/iPhoneSimulator13.4-x86_64.sdk/lib/libcrypto.a"; sourceTree = "<group>"; };
		C212EC6F42C1E5582C9DBF7E /* libssl.a */ = {isa = PBXFileReference; lastKnownFileType = archive.ar; name = libssl.a; path = "../../../../operating_system/storage-ios/iPhoneSimulator13.4-x86_64.sdk/lib/libssl.a"; sourceTree = "<group>"; };
		6016E2BA56023CC6412AEF99 /* libbz2.tbd */ = {isa = PBXFileReference; lastKnownFileType = "sourcecode.text-based-dylib-definition"; name = libbz2.tbd; path = usr/lib/libbz2.tbd; sourceTree = SDKROOT; };
		9B379417B6B78E01673F0631 /* operating_ambient_ios.xcodeproj */ = {isa = PBXFileReference; lastKnownFileType = "wrapper.pb-project"; name = operating_ambient_ios.xcodeproj; path = "../../../../operating_system/operating_system-ios/operating_ambient_ios/operating_ambient_ios.xcodeproj"; sourceTree = SOURCE_ROOT; };
		14F6FB3711B9B094A58CB2C3 /* libnode_ios.a */ = {isa = PBXFileReference; explicitFileType = "compiled.mach-o.dylib"; path = libnode_ios.a; sourceTree = BUILT_PRODUCTS_DIR; };
		AAE10861F04CF9B270EA55DE /* libios_acme_windowing_kit.a */ = {isa = PBXFileReference; explicitFileType = "compiled.mach-o.dylib"; path = libios_acme_windowing_kit.a; sourceTree = BUILT_PRODUCTS_DIR; };
		75064BB9E3CD7F54DAEF6E34 /* libinnate_ui_uikit.a */ = {isa = PBXFileReference; explicitFileType = "compiled.mach-o.dylib"; path = libinnate_ui_uikit.a; sourceTree = BUILT_PRODUCTS_DIR; };
		9734C9CCC9A8E9201FC91F4D /* libios_nano_graphics_quartz2d.a */ = {isa = PBXFileReference; explicitFileType = "compiled.mach-o.dylib"; path = libios_nano_graphics_quartz2d.a; sourceTree = BUILT_PRODUCTS_DIR; };
		EA11B7374E46D3AD7C2C8D7A /* _static_factory_.inl */ = {isa = PBXFileReference; lastKnownFileType = text; path = _static_factory_.inl; sourceTree = "<group>"; };
		44FF728AE09735EE75421B3F /* CoreGraphics.framework */ = {isa = PBXFileReference; lastKnownFileType = wrapper.framework; name = CoreGraphics.framework; path = System/Library/Frameworks/CoreGraphics.framework; sourceTree = SDKROOT; };
		E1CE28C440FEF64F68D499B9 /* Launch Screen.storyboard */ = {isa = PBXFileReference; lastKnownFileType = file.storyboard; path = "Launch Screen.storyboard"; sourceTree = "<group>"; };
		014DC38EED2541CF193953D8 /* libiconv.tbd */ = {isa = PBXFileReference; lastKnownFileType = "sourcecode.text-based-dylib-definition"; name = libiconv.tbd; path = usr/lib/libiconv.tbd; sourceTree = SDKROOT; };
		977AAF6DD19EEBC7211371AD /* SystemConfiguration.framework */ = {isa = PBXFileReference; lastKnownFileType = wrapper.framework; name = SystemConfiguration.framework; path = System/Library/Frameworks/SystemConfiguration.framework; sourceTree = SDKROOT; };
/* End PBXFileReference section */

/* Begin PBXFrameworksBuildPhase section */
		930E1AD084E7D33305ACE1EF /* Frameworks */ = {
			isa = PBXFrameworksBuildPhase;
			buildActionMask = 2147483647;
			files = (
				E76082A712A8A9A713518131 /* libios_core_foundation.a in Frameworks */,
				945C910DE4EC68844DA6096B /* libios_core_graphics.a in Frameworks */,
				388C6CAA927B3C690A22CDBA /* libnode_ios.a in Frameworks */,
				3F49B11705BBD1DA4CEC4595 /* SystemConfiguration.framework in Frameworks */,
				9138CCCC80AE1C8148EA67DD /* libios_archive.a in Frameworks */,
				643BB0C2BF428529B25ACF40 /* libios_unac.a in Frameworks */,
				64F4E1701EAC290392D5F635 /* UniformTypeIdentifiers.framework in Frameworks */,
				4BF8B6CF625D27DFC6FF2F42 /* libios_aura_darwin.a in Frameworks */,
				855779C29F403B702A4323E9 /* libios_nano_graphics_quartz2d.a in Frameworks */,
				9F79D7D9D775F8FE4B716C3E /* libios_darwin.a in Frameworks */,
				CAA1839E77A8DCF0E8C6890C /* libios_acme_darwin.a in Frameworks */,
				B76DEFEFC3395F5CF0E98B86 /* libios_apex_darwin.a in Frameworks */,
				C84FDDC74F0CC6EA19F5E49A /* libios_experience_core.a in Frameworks */,
				EDF2AB12C004DE712FF4A106 /* libiconv.tbd in Frameworks */,
				079459D69CE99B6E4FE07E92 /* QuartzCore.framework in Frameworks */,
				BE8AAA14364B4F21FAC3023D /* libios_acme.a in Frameworks */,
				1D2FB98956D95E5898EEED05 /* libaura_ios.a in Frameworks */,
				C75133A1F99E5D310A3D5E85 /* libbz2.tbd in Frameworks */,
				585894DC84D6DADDC5CA53D9 /* libacme_ios.a in Frameworks */,
				DAF78713058AD13E0C4701F9 /* libwindowing_ios.a in Frameworks */,
				B93019B40A7B3582745853E1 /* libios_apex_posix.a in Frameworks */,
				6B4D389F8F0318784CC8B0CD /* libios_aqua.a in Frameworks */,
				6A7FF11B8D02CE9D8DA41CF1 /* libios_write_text_quartz2d.a in Frameworks */,
				B01F9B6A19E18CD6E0CE0422 /* libios_imaging_coreimage.a in Frameworks */,
				05124A04B963EF2524590A76 /* libios_draw2d_quartz2d.a in Frameworks */,
				03CB978262C7C51970686A19 /* libsqlite3.tbd in Frameworks */,
				733B8C3380C1DB06EC5495F0 /* libz.tbd in Frameworks */,
				8BD9F8C93E810CDA5842732A /* libcrypto.a in Frameworks */,
				1039C28A57FF5DA49867AA37 /* libios_app_simple_about_the_operating_system.a in Frameworks */,
				394AA81F973B8FD44AE6E43E /* libacme_windowing_uikit.a in Frameworks */,
				C4D56EE6AC5861CFB7B350D9 /* libios_acme_windowing_kit.a in Frameworks */,
				3BAA5B2753EF12E3E5440B83 /* libinnate_ui_uikit.a in Frameworks */,
				703D587E382F214D999C76E4 /* libapex_ios.a in Frameworks */,
				D3EF777C6E075660A385D46C /* libios_apex_apple.a in Frameworks */,
				471A8C7E5002DD7AB21C04FB /* libios_aura_apple.a in Frameworks */,
				44635B045B3F646D7E113B4D /* libios_acme_posix.a in Frameworks */,
				877B3310CE60D192F9A35003 /* libios_folder_zip.a in Frameworks */,
				35BADAED967E435E33032014 /* libssl.a in Frameworks */,
				47A9DD6BE3853557D5AAA09E /* libios_database_sqlite3.a in Frameworks */,
				FEB07C7DD0D12B3E78141083 /* ImageIO.framework in Frameworks */,
				EBA29512FCA7249C00BA5499 /* Foundation.framework in Frameworks */,
				32165E38454FBA76B8367F48 /* UIKit.framework in Frameworks */,
				A8F2D47036CA8C8968F82DA0 /* CoreFoundation.framework in Frameworks */,
				686F776D45761E79E07E4689 /* liboperating_ambient_ios.a in Frameworks */,
				6C75B3DFC303BA0DC3735A04 /* libios_aura_posix.a in Frameworks */,
				5B767F08F02DCA9EC1B82286 /* CoreText.framework in Frameworks */,
				979CA032036ECF412F72C87B /* libios_berg.a in Frameworks */,
				5EC3F392CDF9A5169F26F4E9 /* libios_acme_apple.a in Frameworks */,
				637EEE4A0756992BDDC60683 /* CoreServices.framework in Frameworks */,
				34ECD1E6F5285391B6FCE8D2 /* libios_idn.a in Frameworks */,
				9B870867F72157A162773C94 /* libios_aura.a in Frameworks */,
				735FFEA155B5C2941F04C6CC /* libios_axis.a in Frameworks */,
				DBB8FB22852D1B692A44DCCE /* CoreGraphics.framework in Frameworks */,
				C995E2F959A176C9173D0DF0 /* libios_crypto_openssl.a in Frameworks */,
				01DFE29639E0D8A5FF271359 /* libios_apex.a in Frameworks */,
			);
			runOnlyForDeploymentPostprocessing = 0;
		};
		4BA598C17657AF1D5C24AB48 /* Frameworks */ = {
			isa = PBXFrameworksBuildPhase;
			buildActionMask = 2147483647;
			files = (
			);
			runOnlyForDeploymentPostprocessing = 0;
		};
/* End PBXFrameworksBuildPhase section */

/* Begin PBXGroup section */
		48D6527359CD7DF74F194831 /* Products */ = {
			isa = PBXGroup;
			children = (
				EBAD0BA18C409A4DB20B32BE /* liboperating_ambient_ios.a */,
			);
			name = Products;
			sourceTree = "<group>";
		};
		CDA7A95A07505C772D1AC386 = {
			isa = PBXGroup;
			children = (
				D2237CE181DE3CAE46F5C6EB /* app_simple_about_the_operating_system.xcodeproj */,
				91143190F8AFB2337CF2B7C0 /* database_sqlite3.xcodeproj */,
				912AE4AD2932A60EBBEDBEEA /* crypto_openssl.xcodeproj */,
				353E607E99785FB299D97038 /* draw2d_quartz2d.xcodeproj */,
				FC8B04AABB2D95FC48F18957 /* experience_core.xcodeproj */,
				FF06D281CA0A2308E87F9F4C /* folder_zip.xcodeproj */,
				E4E3EFFE9CEB49220A68894B /* imaging_coreimage.xcodeproj */,
				9B379417B6B78E01673F0631 /* operating_ambient_ios.xcodeproj */,
				499218BEBAEFD0BB0E559BEC /* write_text_quartz2d.xcodeproj */,
				F37D97231293929935C7866B /* __implement */,
				2494B3F7B33D7995BA612485 /* Frameworks */,
				104C5329D90ECF5EBB7BBD92 /* Products */,
			);
			sourceTree = "<group>";
		};
		104C5329D90ECF5EBB7BBD92 /* Products */ = {
			isa = PBXGroup;
			children = (
				79349BCDD61E4DF6DB31E209 /* _ios_app_simple_about_the_operating_system.app */,
				2954ACDA8E51157C4CC3FC37 /* ios_simple_drawing_simple_drawingTests.xctest */,
			);
			name = Products;
			sourceTree = "<group>";
		};
		2494B3F7B33D7995BA612485 /* Frameworks */ = {
			isa = PBXGroup;
			children = (
				81F8B7F901578F3E594F3297 /* libios_core_foundation.a */,
				343FA2BDD9C46E58F6576973 /* libios_core_graphics.a */,
				9734C9CCC9A8E9201FC91F4D /* libios_nano_graphics_quartz2d.a */,
				75064BB9E3CD7F54DAEF6E34 /* libinnate_ui_uikit.a */,
				AAE10861F04CF9B270EA55DE /* libios_acme_windowing_kit.a */,
				633EE23D15CA89F752BDE1BF /* libacme_windowing_uikit.a */,
				5CB62DB409E407266763091B /* libacme_windowing_uikit.a */,
				14F6FB3711B9B094A58CB2C3 /* libnode_ios.a */,
				977AAF6DD19EEBC7211371AD /* SystemConfiguration.framework */,
				1C462B57E400D417C6CFA654 /* libios_archive.a */,
				168F05955A9D11389AD52FFB /* libios_unac.a */,
				7E6A56F032C4588BABE585D3 /* UniformTypeIdentifiers.framework */,
				35482A6216D4178CC72A9213 /* libios_archive.a */,
				32EE6D8384CCC7C5A0B03018 /* libios_aura_darwin.a */,
				017CDC6EAFC1F31172446E16 /* libios_darwin.a */,
				6B75A1406994D2B0A2C9877A /* libios_acme_darwin.a */,
				496AAF7F2CDD8DCA1AD5E710 /* libios_apex_darwin.a */,
				05A545315B373D7EEF5D808C /* QuartzCore.framework */,
				FD2E42858F7FB51C3C6AF9AE /* libacme_ios.a */,
				64CC4499DD80925EFC5719A3 /* libios_acme_posix.a */,
				4A442B77289F78C9CA0C58DD /* libios_apex.a */,
				342B9A5A3E342830B3C1473F /* libios_apex_apple.a */,
				9830C937C168235E7FB165A3 /* libapex_ios.a */,
				4883FB18385834904B8723F4 /* libios_apex_posix.a */,
				A763F7291786565A567BF4FD /* libios_aqua.a */,
				79E55772933FDC45C88C9AF7 /* libios_aura.a */,
				BF2C02CC354FA496730BB26B /* libios_aura_apple.a */,
				15C085949D3FCC4863354447 /* libaura_ios.a */,
				DB02DD22DE24870748EB3E12 /* libios_aura_macos.a */,
				2C4BB63C8050D38FFD2A2561 /* libios_aura_posix.a */,
				895223D9F4856FE5518FE7AB /* libios_axis.a */,
				A93CC903BF89F95331490832 /* libios_berg.a */,
				0AFBFEF22FFC3875C7BBEBD9 /* libios_idn.a */,
				3B4E876F9C09DE90F89317E7 /* libwindowing_ios.a */,
				F1C6AC83B6A1BAC87C187264 /* libios_acme.a */,
				547D869781E50BE7392D7170 /* libios_acme_apple.a */,
				B63F8248130E480B1188EE71 /* libacme_ios.a */,
				B599CE43A41A6BC3E4492C32 /* libios_acme_posix.a */,
				6016E2BA56023CC6412AEF99 /* libbz2.tbd */,
				CD4CCC11C9B255D41C28C841 /* CoreServices.framework */,
				7E96D131F6A8D4AC05D902FA /* libapp_simple_application.a */,
				95E9F97A0B955CF68D351498 /* libios_aura.a */,
				1D9C619B515EF0304DB163A3 /* libios_idn.a */,
				5531CAD949729010289C0018 /* libios_pcre.a */,
				874A96E58D2479759EDB1E88 /* MobileCoreServices.framework */,
				7916463C36AE3EE953006B7D /* ImageIO.framework */,
				014DC38EED2541CF193953D8 /* libiconv.tbd */,
				AADA75CFEAF3D0BA760B34D7 /* libcrypto.a */,
				C212EC6F42C1E5582C9DBF7E /* libssl.a */,
				3D331FA1B6FADF31C3004708 /* libsqlite3.tbd */,
				91D0FF0ED2662861E3C40D37 /* libz.tbd */,
				16855CB4E0326101C99E5853 /* CoreText.framework */,
				FE8D2398679C1690A4105399 /* UIKit.framework */,
				CDDCE85FE73D118214B9D156 /* CoreFoundation.framework */,
				44FF728AE09735EE75421B3F /* CoreGraphics.framework */,
				3A0B1506539F8BC7679F5C36 /* Other Frameworks */,
			);
			name = Frameworks;
			sourceTree = "<group>";
		};
		3A0B1506539F8BC7679F5C36 /* Other Frameworks */ = {
			isa = PBXGroup;
			children = (
				E49FE4AEA9505BDB339863A3 /* AppKit.framework */,
				830FD03047F5ABB8B2740CE4 /* CoreData.framework */,
				E3B2C78DC8F253E60E792724 /* Foundation.framework */,
			);
			name = "Other Frameworks";
			sourceTree = "<group>";
		};
		F37D97231293929935C7866B /* __implement */ = {
			isa = PBXGroup;
			children = (
				CEFB950A0946EC2796B88AA0 /* _____debug.xcconfig */,
				8A40A1121969466519C7DE09 /* _____release.xcconfig */,
				9C48763211E7320B5CA14E9C /* _matter.zip */,
				EA11B7374E46D3AD7C2C8D7A /* _static_factory_.inl */,
				3C88D200E57DC0C8F135F3B9 /* main.cpp */,
				B2E4C431FB72DBDC72DE4BD7 /* ios */,
			);
			name = __implement;
			sourceTree = "<group>";
		};
		B2E4C431FB72DBDC72DE4BD7 /* ios */ = {
			isa = PBXGroup;
			children = (
				2A0C83AFD0EA4597FEFEB200 /* InfoPlist.strings */,
				4E0C7D555055BC893C65EA21 /* Images.xcassets */,
				8CCB9FCB1110F9A95F500A4B /* Info.plist */,
				E1CE28C440FEF64F68D499B9 /* Launch Screen.storyboard */,
			);
			path = ios;
			sourceTree = "<group>";
		};
		2814E300C48A5B63B4A88E76 /* Products */ = {
			isa = PBXGroup;
			children = (
				5BC5252F8A98AFA5761B5834 /* libimaging_coreimage.dylib */,
				A162987255AC3C9CE32457C2 /* libios_imaging_coreimage.a */,
				31C133760017D79BDA9336E9 /* math_iosTests.xctest */,
			);
			name = Products;
			sourceTree = "<group>";
		};
		C1C0BE1C838604B4806E9F1E /* Products */ = {
			isa = PBXGroup;
			children = (
				EB8ACEBFBD884D0927B63A84 /* libwrite_text_quartz2d.dylib */,
				7D5F8FE2EDFBF8A8E655E6E1 /* libios_write_text_quartz2d.a */,
			);
			name = Products;
			sourceTree = "<group>";
		};
		41CD92F1EFB1BB09F9F72B07 /* Products */ = {
			isa = PBXGroup;
			children = (
				9E11B793028BFBDE73C58D76 /* libexperience_core.dylib */,
				189DAF81B37D526882DB33FE /* libios_experience_core.a */,
			);
			name = Products;
			sourceTree = "<group>";
		};
		7F2CFAC8DA975A7699E18198 /* Products */ = {
			isa = PBXGroup;
			children = (
				70700D85FEF87F7609F5205E /* libcrypto_openssl.dylib */,
				4090416B4FD46B886C95E85A /* libios_crypto_openssl.a */,
				9CB61114FBFB672E754B34D1 /* libstatic_crypto_openssl.dylib */,
			);
			name = Products;
			sourceTree = "<group>";
		};
		2B42B1CC12F4829C294E1D79 /* Products */ = {
			isa = PBXGroup;
			children = (
				2890959FC65F61C774BC0FA5 /* libapp_simple_about_the_operating_system.dylib */,
				661DEF575FCE8101C3A161A4 /* libios_app_simple_about_the_operating_system.a */,
			);
			name = Products;
			sourceTree = "<group>";
		};
		080B756E2ECA17BE46B4835C /* Products */ = {
			isa = PBXGroup;
			children = (
				AED2E44D057D667A82EBE9F2 /* libdatabase_sqlite3.dylib */,
				253E7549F439DEA88891C616 /* libios_database_sqlite3.a */,
			);
			name = Products;
			sourceTree = "<group>";
		};
		897201B2B0E4BDC69A9C805C /* Products */ = {
			isa = PBXGroup;
			children = (
				5BFACF40176A4004B662F61F /* libfolder_zip.dylib */,
				0506F61D7CE9D6F9048EAB98 /* libios_folder_zip.a */,
				CBFC6631944CF3150E17C096 /* libstatic_folder_zip.a */,
			);
			name = Products;
			sourceTree = "<group>";
		};
		A2A221D741510ACC3562CF00 /* Products */ = {
			isa = PBXGroup;
			children = (
				6A0EF73055AD0D9B444E2E87 /* libdraw2d_quartz2d.dylib */,
				DDA6D079CAA6F21EE29C3181 /* libios_draw2d_quartz2d.a */,
			);
			name = Products;
			sourceTree = "<group>";
		};
/* End PBXGroup section */

/* Begin PBXNativeTarget section */
		B49A8A74A40B483ABE2A7542 /* _ios_app_simple_about_the_operating_system */ = {
			isa = PBXNativeTarget;
			buildConfigurationList = F44656847C19465FF6089894 /* Build configuration list for PBXNativeTarget "_ios_app_simple_about_the_operating_system" */;
			buildPhases = (
				2A4FD3607C30CFFAEAC16E8C /* Sources */,
				930E1AD084E7D33305ACE1EF /* Frameworks */,
				679FB67955EE8D3C57DE2FAF /* Resources */,
			);
			buildRules = (
			);
			dependencies = (
				FFB511A7E465244B908A8C27 /* PBXTargetDependency */,
				5D16EC8A908793CC7B157B8B /* PBXTargetDependency */,
				C2ED52D80755F5E9B8EE6C60 /* PBXTargetDependency */,
				7515BEF24E7BD88A1DD70895 /* PBXTargetDependency */,
				A788121894F9824752425D6B /* PBXTargetDependency */,
				DA7EFEE153C1C93A4EFDD3CF /* PBXTargetDependency */,
				846D8C46376442789799DE23 /* PBXTargetDependency */,
				B7CE4D5103ECF93482B6DCA1 /* PBXTargetDependency */,
				D75C6AF6738F583291F122A2 /* PBXTargetDependency */,
			);
			name = _ios_app_simple_about_the_operating_system;
			productName = wiossimple_drawing_simple_drawing;
			productReference = 79349BCDD61E4DF6DB31E209 /* _ios_app_simple_about_the_operating_system.app */;
			productType = "com.apple.product-type.application";
		};
		F0F7C68B47DA3551219D62B2 /* ios_simple_drawing_simple_drawingTests */ = {
			isa = PBXNativeTarget;
			buildConfigurationList = C653C2C20DD5A30D3CE2AA70 /* Build configuration list for PBXNativeTarget "ios_simple_drawing_simple_drawingTests" */;
			buildPhases = (
				E5CF9A3F895A2CD1328EDF52 /* Sources */,
				4BA598C17657AF1D5C24AB48 /* Frameworks */,
				4098B655A66DB0051E278A6B /* Resources */,
			);
			buildRules = (
			);
			dependencies = (
				9E48061070B802C1B390C7B3 /* PBXTargetDependency */,
			);
			name = ios_simple_drawing_simple_drawingTests;
			productName = wiossimple_drawing_simple_drawingTests;
			productReference = 2954ACDA8E51157C4CC3FC37 /* ios_simple_drawing_simple_drawingTests.xctest */;
			productType = "com.apple.product-type.bundle.unit-test";
		};
/* End PBXNativeTarget section */

/* Begin PBXProject section */
		2D2C348BE13A7238579DBB90 /* Project object */ = {
			isa = PBXProject;
			attributes = {
				BuildIndependentTargetsInParallel = YES;
				CLASSPREFIX = "";
				LastUpgradeCheck = 1520;
				ORGANIZATIONNAME = "ca2 Software Development";
				TargetAttributes = {
					B49A8A74A40B483ABE2A7542 = {
						DevelopmentTeam = L8N5V6TZE5;
						ProvisioningStyle = Automatic;
						SystemCapabilities = {
							com.apple.BackgroundModes = {
								enabled = 0;
							};
							com.apple.iCloud = {
								enabled = 0;
							};
						};
					};
					F0F7C68B47DA3551219D62B2 = {
						DevelopmentTeam = L8N5V6TZE5;
						TestTargetID = B49A8A74A40B483ABE2A7542;
					};
				};
			};
			buildConfigurationList = D744E26DD00FD25C2062D2D5 /* Build configuration list for PBXProject "_ios_app_simple_about_the_operating_system" */;
			compatibilityVersion = "Xcode 12.0";
			developmentRegion = en;
			hasScannedForEncodings = 0;
			knownRegions = (
				en,
				Base,
			);
			mainGroup = CDA7A95A07505C772D1AC386;
			productRefGroup = 104C5329D90ECF5EBB7BBD92 /* Products */;
			projectDirPath = "";
			projectReferences = (
				{
					ProductGroup = 2B42B1CC12F4829C294E1D79 /* Products */;
					ProjectRef = D2237CE181DE3CAE46F5C6EB /* app_simple_about_the_operating_system.xcodeproj */;
				},
				{
					ProductGroup = 7F2CFAC8DA975A7699E18198 /* Products */;
					ProjectRef = 912AE4AD2932A60EBBEDBEEA /* crypto_openssl.xcodeproj */;
				},
				{
					ProductGroup = 080B756E2ECA17BE46B4835C /* Products */;
					ProjectRef = 91143190F8AFB2337CF2B7C0 /* database_sqlite3.xcodeproj */;
				},
				{
					ProductGroup = A2A221D741510ACC3562CF00 /* Products */;
					ProjectRef = 353E607E99785FB299D97038 /* draw2d_quartz2d.xcodeproj */;
				},
				{
					ProductGroup = 41CD92F1EFB1BB09F9F72B07 /* Products */;
					ProjectRef = FC8B04AABB2D95FC48F18957 /* experience_core.xcodeproj */;
				},
				{
					ProductGroup = 897201B2B0E4BDC69A9C805C /* Products */;
					ProjectRef = FF06D281CA0A2308E87F9F4C /* folder_zip.xcodeproj */;
				},
				{
					ProductGroup = 2814E300C48A5B63B4A88E76 /* Products */;
					ProjectRef = E4E3EFFE9CEB49220A68894B /* imaging_coreimage.xcodeproj */;
				},
				{
					ProductGroup = 48D6527359CD7DF74F194831 /* Products */;
					ProjectRef = 9B379417B6B78E01673F0631 /* operating_ambient_ios.xcodeproj */;
				},
				{
					ProductGroup = C1C0BE1C838604B4806E9F1E /* Products */;
					ProjectRef = 499218BEBAEFD0BB0E559BEC /* write_text_quartz2d.xcodeproj */;
				},
			);
			projectRoot = "";
			targets = (
				B49A8A74A40B483ABE2A7542 /* _ios_app_simple_about_the_operating_system */,
				F0F7C68B47DA3551219D62B2 /* ios_simple_drawing_simple_drawingTests */,
			);
		};
/* End PBXProject section */

/* Begin PBXReferenceProxy section */
		EBAD0BA18C409A4DB20B32BE /* liboperating_ambient_ios.a */ = {
			isa = PBXReferenceProxy;
			fileType = "compiled.mach-o.dylib";
			path = liboperating_ambient_ios.a;
			remoteRef = 59B51E3B3A560AAF4D575047 /* PBXContainerItemProxy */;
			sourceTree = BUILT_PRODUCTS_DIR;
		};
		9CB61114FBFB672E754B34D1 /* libstatic_crypto_openssl.dylib */ = {
			isa = PBXReferenceProxy;
			fileType = "compiled.mach-o.dylib";
			path = libstatic_crypto_openssl.dylib;
			remoteRef = 6AA6F3B4710C19E2B6498FA1 /* PBXContainerItemProxy */;
			sourceTree = BUILT_PRODUCTS_DIR;
		};
		CBFC6631944CF3150E17C096 /* libstatic_folder_zip.a */ = {
			isa = PBXReferenceProxy;
			fileType = "compiled.mach-o.dylib";
			path = libstatic_folder_zip.a;
			remoteRef = 19787C65678938FA083C7445 /* PBXContainerItemProxy */;
			sourceTree = BUILT_PRODUCTS_DIR;
		};
		5BC5252F8A98AFA5761B5834 /* libimaging_coreimage.dylib */ = {
			isa = PBXReferenceProxy;
			fileType = "compiled.mach-o.dylib";
			path = libimaging_coreimage.dylib;
			remoteRef = 1EAF74B6D56B5C2F07D7AEBC /* PBXContainerItemProxy */;
			sourceTree = BUILT_PRODUCTS_DIR;
		};
		A162987255AC3C9CE32457C2 /* libios_imaging_coreimage.a */ = {
			isa = PBXReferenceProxy;
			fileType = archive.ar;
			path = libios_imaging_coreimage.a;
			remoteRef = 006D899C1C9447180F475D86 /* PBXContainerItemProxy */;
			sourceTree = BUILT_PRODUCTS_DIR;
		};
		31C133760017D79BDA9336E9 /* math_iosTests.xctest */ = {
			isa = PBXReferenceProxy;
			fileType = wrapper.cfbundle;
			path = math_iosTests.xctest;
			remoteRef = D5CEC8851F82D49519428EF1 /* PBXContainerItemProxy */;
			sourceTree = BUILT_PRODUCTS_DIR;
		};
		EB8ACEBFBD884D0927B63A84 /* libwrite_text_quartz2d.dylib */ = {
			isa = PBXReferenceProxy;
			fileType = "compiled.mach-o.dylib";
			path = libwrite_text_quartz2d.dylib;
			remoteRef = 0AD0581028F38843B122C4C9 /* PBXContainerItemProxy */;
			sourceTree = BUILT_PRODUCTS_DIR;
		};
		7D5F8FE2EDFBF8A8E655E6E1 /* libios_write_text_quartz2d.a */ = {
			isa = PBXReferenceProxy;
			fileType = "compiled.mach-o.dylib";
			path = libios_write_text_quartz2d.a;
			remoteRef = 47BBE0841A7B62F34C90C4E6 /* PBXContainerItemProxy */;
			sourceTree = BUILT_PRODUCTS_DIR;
		};
		9E11B793028BFBDE73C58D76 /* libexperience_core.dylib */ = {
			isa = PBXReferenceProxy;
			fileType = "compiled.mach-o.dylib";
			path = libexperience_core.dylib;
			remoteRef = A570273DFDD107A6FDD62046 /* PBXContainerItemProxy */;
			sourceTree = BUILT_PRODUCTS_DIR;
		};
		189DAF81B37D526882DB33FE /* libios_experience_core.a */ = {
			isa = PBXReferenceProxy;
			fileType = "compiled.mach-o.dylib";
			path = libios_experience_core.a;
			remoteRef = 76A542734CCAE2EDB6E80E7D /* PBXContainerItemProxy */;
			sourceTree = BUILT_PRODUCTS_DIR;
		};
		70700D85FEF87F7609F5205E /* libcrypto_openssl.dylib */ = {
			isa = PBXReferenceProxy;
			fileType = "compiled.mach-o.dylib";
			path = libcrypto_openssl.dylib;
			remoteRef = B7D847E6808FA6826F43D177 /* PBXContainerItemProxy */;
			sourceTree = BUILT_PRODUCTS_DIR;
		};
		4090416B4FD46B886C95E85A /* libios_crypto_openssl.a */ = {
			isa = PBXReferenceProxy;
			fileType = "compiled.mach-o.dylib";
			path = libios_crypto_openssl.a;
			remoteRef = 2A9B1A027348150B87D4AC0E /* PBXContainerItemProxy */;
			sourceTree = BUILT_PRODUCTS_DIR;
		};
		2890959FC65F61C774BC0FA5 /* libapp_simple_about_the_operating_system.dylib */ = {
			isa = PBXReferenceProxy;
			fileType = "compiled.mach-o.dylib";
			path = libapp_simple_about_the_operating_system.dylib;
			remoteRef = 65AD3C087E766D3189821EB5 /* PBXContainerItemProxy */;
			sourceTree = BUILT_PRODUCTS_DIR;
		};
		661DEF575FCE8101C3A161A4 /* libios_app_simple_about_the_operating_system.a */ = {
			isa = PBXReferenceProxy;
			fileType = archive.ar;
			path = libios_app_simple_about_the_operating_system.a;
			remoteRef = D24BC376FB92EABA1E36ACCF /* PBXContainerItemProxy */;
			sourceTree = BUILT_PRODUCTS_DIR;
		};
		AED2E44D057D667A82EBE9F2 /* libdatabase_sqlite3.dylib */ = {
			isa = PBXReferenceProxy;
			fileType = "compiled.mach-o.dylib";
			path = libdatabase_sqlite3.dylib;
			remoteRef = FFEC7E6AAB5F617E0D412496 /* PBXContainerItemProxy */;
			sourceTree = BUILT_PRODUCTS_DIR;
		};
		253E7549F439DEA88891C616 /* libios_database_sqlite3.a */ = {
			isa = PBXReferenceProxy;
			fileType = "compiled.mach-o.dylib";
			path = libios_database_sqlite3.a;
			remoteRef = E36E67F117CE6163BC2926DA /* PBXContainerItemProxy */;
			sourceTree = BUILT_PRODUCTS_DIR;
		};
		5BFACF40176A4004B662F61F /* libfolder_zip.dylib */ = {
			isa = PBXReferenceProxy;
			fileType = "compiled.mach-o.dylib";
			path = libfolder_zip.dylib;
			remoteRef = A0D2EBD5533373D173394E96 /* PBXContainerItemProxy */;
			sourceTree = BUILT_PRODUCTS_DIR;
		};
		0506F61D7CE9D6F9048EAB98 /* libios_folder_zip.a */ = {
			isa = PBXReferenceProxy;
			fileType = "compiled.mach-o.dylib";
			path = libios_folder_zip.a;
			remoteRef = 8CF9154557A95C1793863772 /* PBXContainerItemProxy */;
			sourceTree = BUILT_PRODUCTS_DIR;
		};
		6A0EF73055AD0D9B444E2E87 /* libdraw2d_quartz2d.dylib */ = {
			isa = PBXReferenceProxy;
			fileType = "compiled.mach-o.dylib";
			path = libdraw2d_quartz2d.dylib;
			remoteRef = 46C75B5081C29DA99FE684B4 /* PBXContainerItemProxy */;
			sourceTree = BUILT_PRODUCTS_DIR;
		};
		DDA6D079CAA6F21EE29C3181 /* libios_draw2d_quartz2d.a */ = {
			isa = PBXReferenceProxy;
			fileType = "compiled.mach-o.dylib";
			path = libios_draw2d_quartz2d.a;
			remoteRef = 4C65FB32501272242A7CEC90 /* PBXContainerItemProxy */;
			sourceTree = BUILT_PRODUCTS_DIR;
		};
/* End PBXReferenceProxy section */

/* Begin PBXResourcesBuildPhase section */
		679FB67955EE8D3C57DE2FAF /* Resources */ = {
			isa = PBXResourcesBuildPhase;
			buildActionMask = 2147483647;
			files = (
				2420169F037937D500AFF83B /* _static_factory_.inl in Resources */,
				5EA31C55D46EA02F23FEB53A /* _____debug.xcconfig in Resources */,
				533CAA9580009A7597CC70C5 /* Images.xcassets in Resources */,
				49F663B8A7E07674DE68927B /* Launch Screen.storyboard in Resources */,
				30ED3B843AADB578BD21164E /* _matter.zip in Resources */,
				B6BCC7F13AA3AD5C01816AB0 /* _____release.xcconfig in Resources */,
			);
			runOnlyForDeploymentPostprocessing = 0;
		};
		4098B655A66DB0051E278A6B /* Resources */ = {
			isa = PBXResourcesBuildPhase;
			buildActionMask = 2147483647;
			files = (
			);
			runOnlyForDeploymentPostprocessing = 0;
		};
/* End PBXResourcesBuildPhase section */

/* Begin PBXSourcesBuildPhase section */
		2A4FD3607C30CFFAEAC16E8C /* Sources */ = {
			isa = PBXSourcesBuildPhase;
			buildActionMask = 2147483647;
			files = (
				B22CB5AEA854700FFD891616 /* main.cpp in Sources */,
			);
			runOnlyForDeploymentPostprocessing = 0;
		};
		E5CF9A3F895A2CD1328EDF52 /* Sources */ = {
			isa = PBXSourcesBuildPhase;
			buildActionMask = 2147483647;
			files = (
			);
			runOnlyForDeploymentPostprocessing = 0;
		};
/* End PBXSourcesBuildPhase section */

/* Begin PBXTargetDependency section */
		9E48061070B802C1B390C7B3 /* PBXTargetDependency */ = {
			isa = PBXTargetDependency;
			target = B49A8A74A40B483ABE2A7542 /* _ios_app_simple_about_the_operating_system */;
			targetProxy = 7FEF8B02F9CAE178A20DC50C /* PBXContainerItemProxy */;
		};
		D75C6AF6738F583291F122A2 /* PBXTargetDependency */ = {
			isa = PBXTargetDependency;
			name = ios_database_sqlite3;
			targetProxy = 44CFA9FC726C456EA4AB4DFE /* PBXContainerItemProxy */;
		};
		B7CE4D5103ECF93482B6DCA1 /* PBXTargetDependency */ = {
			isa = PBXTargetDependency;
			name = ios_crypto_openssl;
			targetProxy = BCC6EAA3BF04D928DC169851 /* PBXContainerItemProxy */;
		};
		846D8C46376442789799DE23 /* PBXTargetDependency */ = {
			isa = PBXTargetDependency;
			name = ios_draw2d_quartz2d;
			targetProxy = 686376193B0652F8E4A61297 /* PBXContainerItemProxy */;
		};
		DA7EFEE153C1C93A4EFDD3CF /* PBXTargetDependency */ = {
			isa = PBXTargetDependency;
			name = ios_experience_core;
			targetProxy = 50FD55317C725A84CAEB7A2E /* PBXContainerItemProxy */;
		};
		A788121894F9824752425D6B /* PBXTargetDependency */ = {
			isa = PBXTargetDependency;
			name = ios_folder_zip;
			targetProxy = 7C341D5CF6AEB72D8EAD4725 /* PBXContainerItemProxy */;
		};
		7515BEF24E7BD88A1DD70895 /* PBXTargetDependency */ = {
			isa = PBXTargetDependency;
			name = ios_imaging_coreimage;
			targetProxy = DCC7C4B8D0E61A48B638BBA0 /* PBXContainerItemProxy */;
		};
		C2ED52D80755F5E9B8EE6C60 /* PBXTargetDependency */ = {
			isa = PBXTargetDependency;
			name = ios_write_text_quartz2d;
			targetProxy = 79974F23B603651F872EBB9C /* PBXContainerItemProxy */;
		};
		FFB511A7E465244B908A8C27 /* PBXTargetDependency */ = {
			isa = PBXTargetDependency;
			name = operating_ambient_ios;
			targetProxy = 15A238D29EA51C1E5975232C /* PBXContainerItemProxy */;
		};
		5D16EC8A908793CC7B157B8B /* PBXTargetDependency */ = {
			isa = PBXTargetDependency;
			name = ios_app_simple_about_the_operating_system;
			targetProxy = 4E88988901738A25CCB8F367 /* PBXContainerItemProxy */;
		};
/* End PBXTargetDependency section */

/* Begin PBXVariantGroup section */
		2A0C83AFD0EA4597FEFEB200 /* InfoPlist.strings */ = {
			isa = PBXVariantGroup;
			children = (
				E898156E04C7893B18C6A8EB /* en */,
			);
			name = InfoPlist.strings;
			sourceTree = "<group>";
		};
/* End PBXVariantGroup section */

/* Begin XCBuildConfiguration section */
		3B7FFAD1F6AEA35D8BE2CFFD /* Debug */ = {
			isa = XCBuildConfiguration;
			buildSettings = {
				ASSETCATALOG_COMPILER_APPICON_NAME = AppIcon;
				CURRENT_PROJECT_VERSION = 10;
				DEAD_CODE_STRIPPING = YES;
				GENERATE_INFOPLIST_FILE = YES;
				INFOPLIST_FILE = "$(SRCROOT)/ios/Info.plist";
				INFOPLIST_KEY_CFBundleDisplayName = "$(PRODUCT_NAME)";
				INFOPLIST_KEY_LSApplicationCategoryType = "public.app-category.developer-tools";
				INFOPLIST_KEY_NSHumanReadableCopyright = "Copyright © 2015-2023 ca2 Desenvolvimento de Software Ltda. All rights reserved.";
				INFOPLIST_KEY_NSPrincipalClass = UIApplication;
				INFOPLIST_KEY_UILaunchStoryboardName = "Launch Screen";
				INFOPLIST_KEY_UISupportedInterfaceOrientations = "UIInterfaceOrientationLandscapeLeft UIInterfaceOrientationLandscapeRight UIInterfaceOrientationPortrait UIInterfaceOrientationPortraitUpsideDown";
				MACH_O_TYPE = mh_execute;
				MARKETING_VERSION = 0.1;
				PLATFORM_MODIFIER = ios;
				PRODUCT_BUNDLE_IDENTIFIER = "site.ca2.app-simple.drawing";
				WRAPPER_EXTENSION = app;
			};
			name = Debug;
		};
		847988F78E774209B76CF6B7 /* Release */ = {
			isa = XCBuildConfiguration;
			buildSettings = {
				ASSETCATALOG_COMPILER_APPICON_NAME = AppIcon;
				CURRENT_PROJECT_VERSION = 10;
				DEAD_CODE_STRIPPING = YES;
				GENERATE_INFOPLIST_FILE = YES;
				INFOPLIST_FILE = "$(SRCROOT)/ios/Info.plist";
				INFOPLIST_KEY_CFBundleDisplayName = "$(PRODUCT_NAME)";
				INFOPLIST_KEY_LSApplicationCategoryType = "public.app-category.developer-tools";
				INFOPLIST_KEY_NSHumanReadableCopyright = "Copyright © 2015-2023 ca2 Desenvolvimento de Software Ltda. All rights reserved.";
				INFOPLIST_KEY_NSPrincipalClass = UIApplication;
				INFOPLIST_KEY_UILaunchStoryboardName = "Launch Screen";
				INFOPLIST_KEY_UISupportedInterfaceOrientations = "UIInterfaceOrientationLandscapeLeft UIInterfaceOrientationLandscapeRight UIInterfaceOrientationPortrait UIInterfaceOrientationPortraitUpsideDown";
				MACH_O_TYPE = mh_execute;
				MARKETING_VERSION = 0.1;
				PLATFORM_MODIFIER = ios;
				PRODUCT_BUNDLE_IDENTIFIER = "site.ca2.app-simple.drawing";
				WRAPPER_EXTENSION = app;
			};
			name = Release;
		};
		AC4A0F0D9D28495DBE43B2F7 /* Debug */ = {
			isa = XCBuildConfiguration;
			buildSettings = {
				ALWAYS_SEARCH_USER_PATHS = NO;
				BUNDLE_LOADER = "$(BUILT_PRODUCTS_DIR)/wiossimple_drawing_simple_drawing.app/wiossimple_drawing_simple_drawing";
				CLANG_CXX_LANGUAGE_STANDARD = "gnu++0x";
				CLANG_ENABLE_OBJC_ARC = YES;
				DEAD_CODE_STRIPPING = YES;
				FRAMEWORK_SEARCH_PATHS = (
					"$(inherited)",
					"$(DEVELOPER_FRAMEWORKS_DIR)",
					"$(WorkspaceDir)/../operating_system/storage-$(PLATFORM_MODIFIER)/$(CONFIGURATION)/framework",
				);
				GCC_C_LANGUAGE_STANDARD = gnu99;
				GCC_PRECOMPILE_PREFIX_HEADER = NO;
				GCC_PREPROCESSOR_DEFINITIONS = (
					"DEBUG=1",
					"$(inherited)",
				);
				INFOPLIST_FILE = "wiossimple_drawing_simple_drawingTests/wiossimple_drawing_simple_drawingTests-Info.plist";
				PRODUCT_BUNDLE_IDENTIFIER = "ca2.${PRODUCT_NAME:rfc1034identifier}";
				PRODUCT_NAME = "$(TARGET_NAME)";
				TEST_HOST = "$(BUNDLE_LOADER)";
				WRAPPER_EXTENSION = xctest;
			};
			name = Debug;
		};
		8546E9AA76FFA902422C7ED2 /* Release */ = {
			isa = XCBuildConfiguration;
			buildSettings = {
				ALWAYS_SEARCH_USER_PATHS = NO;
				BUNDLE_LOADER = "$(BUILT_PRODUCTS_DIR)/wiossimple_drawing_simple_drawing.app/wiossimple_drawing_simple_drawing";
				CLANG_CXX_LANGUAGE_STANDARD = "gnu++0x";
				CLANG_ENABLE_OBJC_ARC = YES;
				DEAD_CODE_STRIPPING = YES;
				ENABLE_NS_ASSERTIONS = NO;
				FRAMEWORK_SEARCH_PATHS = (
					"$(inherited)",
					"$(DEVELOPER_FRAMEWORKS_DIR)",
					"$(WorkspaceDir)/../operating_system/storage-$(PLATFORM_MODIFIER)/$(CONFIGURATION)/framework",
				);
				GCC_C_LANGUAGE_STANDARD = gnu99;
				GCC_PRECOMPILE_PREFIX_HEADER = NO;
				INFOPLIST_FILE = "wiossimple_drawing_simple_drawingTests/wiossimple_drawing_simple_drawingTests-Info.plist";
				PRODUCT_BUNDLE_IDENTIFIER = "ca2.${PRODUCT_NAME:rfc1034identifier}";
				PRODUCT_NAME = "$(TARGET_NAME)";
				TEST_HOST = "$(BUNDLE_LOADER)";
				WRAPPER_EXTENSION = xctest;
			};
			name = Release;
		};
		645F078C0A6F59A97B40248B /* Debug */ = {
			isa = XCBuildConfiguration;
			baseConfigurationReference = CEFB950A0946EC2796B88AA0 /* _____debug.xcconfig */;
			buildSettings = {
				ALWAYS_SEARCH_USER_PATHS = NO;
				CLANG_ANALYZER_LOCALIZABILITY_NONLOCALIZED = YES;
				CLANG_CXX_LANGUAGE_STANDARD = "c++20";
				CLANG_ENABLE_MODULE_DEBUGGING = NO;
				CLANG_WARN_BLOCK_CAPTURE_AUTORELEASING = YES;
				CLANG_WARN_BOOL_CONVERSION = YES;
				CLANG_WARN_COMMA = YES;
				CLANG_WARN_CONSTANT_CONVERSION = YES;
				CLANG_WARN_DEPRECATED_OBJC_IMPLEMENTATIONS = YES;
				CLANG_WARN_EMPTY_BODY = YES;
				CLANG_WARN_ENUM_CONVERSION = YES;
				CLANG_WARN_INFINITE_RECURSION = YES;
				CLANG_WARN_INT_CONVERSION = YES;
				CLANG_WARN_NON_LITERAL_NULL_CONVERSION = YES;
				CLANG_WARN_OBJC_IMPLICIT_RETAIN_SELF = YES;
				CLANG_WARN_OBJC_LITERAL_CONVERSION = YES;
				CLANG_WARN_QUOTED_INCLUDE_IN_FRAMEWORK_HEADER = YES;
				CLANG_WARN_RANGE_LOOP_ANALYSIS = YES;
				CLANG_WARN_STRICT_PROTOTYPES = YES;
				CLANG_WARN_SUSPICIOUS_MOVE = YES;
				CLANG_WARN_UNREACHABLE_CODE = YES;
				CLANG_WARN__DUPLICATE_METHOD_MATCH = YES;
				CODE_SIGN_IDENTITY = "iPhone Developer";
				COPY_PHASE_STRIP = NO;
				DEAD_CODE_STRIPPING = YES;
				DEBUG_INFORMATION_FORMAT = dwarf;
				DEPLOYMENT_POSTPROCESSING = YES;
				ENABLE_STRICT_OBJC_MSGSEND = YES;
				ENABLE_TESTABILITY = YES;
				ENABLE_USER_SCRIPT_SANDBOXING = YES;
				GCC_C_LANGUAGE_STANDARD = c17;
				GCC_NO_COMMON_BLOCKS = YES;
				GCC_OPTIMIZATION_LEVEL = 0;
				GCC_SYMBOLS_PRIVATE_EXTERN = NO;
				GCC_WARN_64_TO_32_BIT_CONVERSION = YES;
				GCC_WARN_ABOUT_RETURN_TYPE = YES;
				GCC_WARN_UNDECLARED_SELECTOR = YES;
				GCC_WARN_UNINITIALIZED_AUTOS = YES;
				GCC_WARN_UNUSED_FUNCTION = YES;
				GCC_WARN_UNUSED_VARIABLE = YES;
				HEADER_SEARCH_PATHS = "";
				LD_RUNPATH_SEARCH_PATHS = "@executable_path @loader_path";
				LIBRARY_SEARCH_PATHS = (
					"$(inherited)",
					"$(WorkspaceDir)/operating_system",
				);
				ONLY_ACTIVE_ARCH = YES;
				PRODUCT_NAME = "$(TARGET_NAME)";
				SDKROOT = iphoneos;
				SUPPORTED_PLATFORMS = "iphonesimulator iphoneos";
				SYSTEM_HEADER_SEARCH_PATHS = (
					"$(WorkspaceDir)/operating_system/operating_system-$(PLATFORM_MODIFIER)/include",
					"$(WorkspaceDir)/operating_system/operating_system-$(PLATFORM_MODIFIER)/configuration",
					"$(WorkspaceDir)/port/include",
					"$(WorkspaceDir)/source/app/include",
				);
				TARGETED_DEVICE_FAMILY = "1,2";
				USER_HEADER_SEARCH_PATHS = (
					.,
					"$(WorkspaceDir)/source",
					"$(WorkspaceDir)/source/app",
					"$(WorkspaceDir)/source/app/_include",
					"$(WorkspaceDir)/operating_system",
					"$(WorkspaceDir)/operating_system/operating_system-$(PLATFORM_MODIFIER)",
					"$(WorkspaceDir)/operating_system/operating_system-$(PLATFORM_MODIFIER)/configuration_selection/$(CONFIGURATION)",
					"$(WorkspaceDir)/port/_",
					"$(PROJECT_DIR)",
					"$(PROJECT_DIR)/..",
					"$(PROJECT_DIR)/../..",
					"$(HOME)/sensitive/sensitive/include",
				);
				USE_HEADERMAP = NO;
				WorkspaceDir = "$(SRCROOT)/../../../..";
			};
			name = Debug;
		};
		2B572647A86D1AF7D7711A31 /* Release */ = {
			isa = XCBuildConfiguration;
			baseConfigurationReference = 8A40A1121969466519C7DE09 /* _____release.xcconfig */;
			buildSettings = {
				ALWAYS_SEARCH_USER_PATHS = NO;
				CLANG_ANALYZER_LOCALIZABILITY_NONLOCALIZED = YES;
				CLANG_CXX_LANGUAGE_STANDARD = "c++20";
				CLANG_ENABLE_MODULE_DEBUGGING = NO;
				CLANG_WARN_BLOCK_CAPTURE_AUTORELEASING = YES;
				CLANG_WARN_BOOL_CONVERSION = YES;
				CLANG_WARN_COMMA = YES;
				CLANG_WARN_CONSTANT_CONVERSION = YES;
				CLANG_WARN_DEPRECATED_OBJC_IMPLEMENTATIONS = YES;
				CLANG_WARN_EMPTY_BODY = YES;
				CLANG_WARN_ENUM_CONVERSION = YES;
				CLANG_WARN_INFINITE_RECURSION = YES;
				CLANG_WARN_INT_CONVERSION = YES;
				CLANG_WARN_NON_LITERAL_NULL_CONVERSION = YES;
				CLANG_WARN_OBJC_IMPLICIT_RETAIN_SELF = YES;
				CLANG_WARN_OBJC_LITERAL_CONVERSION = YES;
				CLANG_WARN_QUOTED_INCLUDE_IN_FRAMEWORK_HEADER = YES;
				CLANG_WARN_RANGE_LOOP_ANALYSIS = YES;
				CLANG_WARN_STRICT_PROTOTYPES = YES;
				CLANG_WARN_SUSPICIOUS_MOVE = YES;
				CLANG_WARN_UNREACHABLE_CODE = YES;
				CLANG_WARN__DUPLICATE_METHOD_MATCH = YES;
				CODE_SIGN_IDENTITY = "iPhone Developer";
				COPY_PHASE_STRIP = NO;
				DEAD_CODE_STRIPPING = YES;
				DEBUG_INFORMATION_FORMAT = "dwarf-with-dsym";
				DEPLOYMENT_POSTPROCESSING = YES;
				ENABLE_HARDENED_RUNTIME = YES;
				ENABLE_STRICT_OBJC_MSGSEND = YES;
				ENABLE_USER_SCRIPT_SANDBOXING = YES;
				GCC_C_LANGUAGE_STANDARD = c17;
				GCC_NO_COMMON_BLOCKS = YES;
				GCC_WARN_64_TO_32_BIT_CONVERSION = YES;
				GCC_WARN_ABOUT_RETURN_TYPE = YES;
				GCC_WARN_UNDECLARED_SELECTOR = YES;
				GCC_WARN_UNINITIALIZED_AUTOS = YES;
				GCC_WARN_UNUSED_FUNCTION = YES;
				GCC_WARN_UNUSED_VARIABLE = YES;
				HEADER_SEARCH_PATHS = "";
				LD_RUNPATH_SEARCH_PATHS = "@executable_path @loader_path";
				LIBRARY_SEARCH_PATHS = (
					"$(inherited)",
					"$(WorkspaceDir)/operating_system",
				);
				PRODUCT_NAME = "$(TARGET_NAME)";
				SDKROOT = iphoneos;
				SUPPORTED_PLATFORMS = "iphonesimulator iphoneos";
				SYSTEM_HEADER_SEARCH_PATHS = (
					"$(WorkspaceDir)/operating_system/operating_system-$(PLATFORM_MODIFIER)/include",
					"$(WorkspaceDir)/operating_system/operating_system-$(PLATFORM_MODIFIER)/configuration",
					"$(WorkspaceDir)/port/include",
					"$(WorkspaceDir)/source/app/include",
				);
				TARGETED_DEVICE_FAMILY = "1,2";
				USER_HEADER_SEARCH_PATHS = (
					.,
					"$(WorkspaceDir)/source",
					"$(WorkspaceDir)/source/app",
					"$(WorkspaceDir)/source/app/_include",
					"$(WorkspaceDir)/operating_system",
					"$(WorkspaceDir)/operating_system/operating_system-$(PLATFORM_MODIFIER)",
					"$(WorkspaceDir)/operating_system/operating_system-$(PLATFORM_MODIFIER)/configuration_selection/$(CONFIGURATION)",
					"$(WorkspaceDir)/port/_",
					"$(PROJECT_DIR)",
					"$(PROJECT_DIR)/..",
					"$(PROJECT_DIR)/../..",
					"$(HOME)/sensitive/sensitive/include",
				);
				USE_HEADERMAP = NO;
				VALIDATE_PRODUCT = YES;
				WorkspaceDir = "$(SRCROOT)/../../../..";
			};
			name = Release;
		};
/* End XCBuildConfiguration section */

/* Begin XCConfigurationList section */
		F44656847C19465FF6089894 /* Build configuration list for PBXNativeTarget "_ios_app_simple_about_the_operating_system" */ = {
			isa = XCConfigurationList;
			buildConfigurations = (
				3B7FFAD1F6AEA35D8BE2CFFD /* Debug */,
				847988F78E774209B76CF6B7 /* Release */,
			);
			defaultConfigurationIsVisible = 0;
			defaultConfigurationName = Release;
		};
		C653C2C20DD5A30D3CE2AA70 /* Build configuration list for PBXNativeTarget "ios_simple_drawing_simple_drawingTests" */ = {
			isa = XCConfigurationList;
			buildConfigurations = (
				AC4A0F0D9D28495DBE43B2F7 /* Debug */,
				8546E9AA76FFA902422C7ED2 /* Release */,
			);
			defaultConfigurationIsVisible = 0;
			defaultConfigurationName = Release;
		};
		D744E26DD00FD25C2062D2D5 /* Build configuration list for PBXProject "_ios_app_simple_about_the_operating_system" */ = {
			isa = XCConfigurationList;
			buildConfigurations = (
				645F078C0A6F59A97B40248B /* Debug */,
				2B572647A86D1AF7D7711A31 /* Release */,
			);
			defaultConfigurationIsVisible = 0;
			defaultConfigurationName = Release;
		};
/* End XCConfigurationList section */
	};
	rootObject = 2D2C348BE13A7238579DBB90 /* Project object */;
}
