<?xml version="1.0" encoding="utf-8"?>
<Project ToolsVersion="4.0" xmlns="http://schemas.microsoft.com/developer/msbuild/2003">
  <ItemGroup>
    <ClCompile Include="src\conv.cpp">
      <Filter>Source Files</Filter>
    </ClCompile>
    <ClCompile Include="src\DatagramSocket.cpp">
      <Filter>Source Files</Filter>
    </ClCompile>
    <ClCompile Include="src\FileTable.cpp">
      <Filter>Source Files</Filter>
    </ClCompile>
    <ClCompile Include="src\FileTree.cpp">
      <Filter>Source Files</Filter>
    </ClCompile>
    <ClCompile Include="src\MountProg.cpp">
      <Filter>Source Files</Filter>
    </ClCompile>
    <ClCompile Include="src\NFS3Prog.cpp">
      <Filter>Source Files</Filter>
    </ClCompile>
    <ClCompile Include="src\NFSProg.cpp">
      <Filter>Source Files</Filter>
    </ClCompile>
    <ClCompile Include="src\PortmapProg.cpp">
      <Filter>Source Files</Filter>
    </ClCompile>
    <ClCompile Include="src\RPCProg.cpp">
      <Filter>Source Files</Filter>
    </ClCompile>
    <ClCompile Include="src\RPCServer.cpp">
      <Filter>Source Files</Filter>
    </ClCompile>
    <ClCompile Include="src\ServerSocket.cpp">
      <Filter>Source Files</Filter>
    </ClCompile>
    <ClCompile Include="src\Socket.cpp">
      <Filter>Source Files</Filter>
    </ClCompile>
    <ClCompile Include="src\SocketStream.cpp">
      <Filter>Source Files</Filter>
    </ClCompile>
    <ClCompile Include="src\nfs_server.cpp">
      <Filter>Source Files</Filter>
    </ClCompile>
  </ItemGroup>
  <ItemGroup>
    <Filter Include="Header Files">
      <UniqueIdentifier>{279bb7d8-5a93-4b84-b62b-9d53c4d725d9}</UniqueIdentifier>
    </Filter>
    <Filter Include="Source Files">
      <UniqueIdentifier>{0bb920a0-04f4-49b0-866d-ccf60c3159b4}</UniqueIdentifier>
    </Filter>
    <Filter Include="Resource Files">
      <UniqueIdentifier>{c3a07ddc-67b4-4af2-b5c4-0de3f0b78891}</UniqueIdentifier>
    </Filter>
  </ItemGroup>
  <ItemGroup>
    <ClInclude Include="src\conv.h">
      <Filter>Header Files</Filter>
    </ClInclude>
    <ClInclude Include="src\DatagramSocket.h">
      <Filter>Header Files</Filter>
    </ClInclude>
    <ClInclude Include="src\FileTable.h">
      <Filter>Header Files</Filter>
    </ClInclude>
    <ClInclude Include="src\FileTree.h">
      <Filter>Header Files</Filter>
    </ClInclude>
    <ClInclude Include="src\InputStream.h">
      <Filter>Header Files</Filter>
    </ClInclude>
    <ClInclude Include="src\MountProg.h">
      <Filter>Header Files</Filter>
    </ClInclude>
    <ClInclude Include="src\NFS3Prog.h">
      <Filter>Header Files</Filter>
    </ClInclude>
    <ClInclude Include="src\NFSProg.h">
      <Filter>Header Files</Filter>
    </ClInclude>
    <ClInclude Include="src\OutputStream.h">
      <Filter>Header Files</Filter>
    </ClInclude>
    <ClInclude Include="src\PortmapProg.h">
      <Filter>Header Files</Filter>
    </ClInclude>
    <ClInclude Include="src\resource.h">
      <Filter>Header Files</Filter>
    </ClInclude>
    <ClInclude Include="src\RPCProg.h">
      <Filter>Header Files</Filter>
    </ClInclude>
    <ClInclude Include="src\RPCServer.h">
      <Filter>Header Files</Filter>
    </ClInclude>
    <ClInclude Include="src\ServerSocket.h">
      <Filter>Header Files</Filter>
    </ClInclude>
    <ClInclude Include="src\Socket.h">
      <Filter>Header Files</Filter>
    </ClInclude>
    <ClInclude Include="src\SocketListener.h">
      <Filter>Header Files</Filter>
    </ClInclude>
    <ClInclude Include="src\SocketStream.h">
      <Filter>Header Files</Filter>
    </ClInclude>
    <ClInclude Include="src\tree.hh">
      <Filter>Header Files</Filter>
    </ClInclude>
    <ClInclude Include="src\nfs_server.h">
      <Filter>Header Files</Filter>
    </ClInclude>
  </ItemGroup>
  <ItemGroup>
    <ResourceCompile Include="src\WinNFSd.rc">
      <Filter>Resource Files</Filter>
    </ResourceCompile>
  </ItemGroup>
</Project>